// !$*UTF8*$!
{
	archiveVersion = 1;
	classes = {
	};
	objectVersion = 56;
	objects = {

/* Begin PBXBuildFile section */
		B50ACF0D29184E67000CBB4E /* PostCard.swift in Sources */ = {isa = PBXBuildFile; fileRef = B50ACF0C29184E67000CBB4E /* PostCard.swift */; };
		B50ACF0F29184EBD000CBB4E /* PostCardHeader.swift in Sources */ = {isa = PBXBuildFile; fileRef = B50ACF0E29184EBD000CBB4E /* PostCardHeader.swift */; };
		B50ACF1129184FD5000CBB4E /* TagsView.swift in Sources */ = {isa = PBXBuildFile; fileRef = B50ACF1029184FD5000CBB4E /* TagsView.swift */; };
		B50ACF1429185090000CBB4E /* OnLoadViewModifier.swift in Sources */ = {isa = PBXBuildFile; fileRef = B50ACF1329185090000CBB4E /* OnLoadViewModifier.swift */; };
		B50ACF162918533C000CBB4E /* Chip.swift in Sources */ = {isa = PBXBuildFile; fileRef = B50ACF152918533C000CBB4E /* Chip.swift */; };
		B50ACF1829185612000CBB4E /* HomeFeed.swift in Sources */ = {isa = PBXBuildFile; fileRef = B50ACF1729185612000CBB4E /* HomeFeed.swift */; };
		B50ACF1D2918566E000CBB4E /* HomeFeedStore.swift in Sources */ = {isa = PBXBuildFile; fileRef = B50ACF1C2918566E000CBB4E /* HomeFeedStore.swift */; };
		B50ACF2029185738000CBB4E /* PostViewModel.swift in Sources */ = {isa = PBXBuildFile; fileRef = B50ACF1F29185738000CBB4E /* PostViewModel.swift */; };
		B50EC3762954DF3200162314 /* CornerRadiusModifier.swift in Sources */ = {isa = PBXBuildFile; fileRef = B50EC3752954DF3200162314 /* CornerRadiusModifier.swift */; };
		B513799D295C736D00944474 /* DualDatePicker.swift in Sources */ = {isa = PBXBuildFile; fileRef = B513799C295C736D00944474 /* DualDatePicker.swift */; };
		B51E300C294FC52B00F711D2 /* EmailVerificationView.swift in Sources */ = {isa = PBXBuildFile; fileRef = B51E300B294FC52B00F711D2 /* EmailVerificationView.swift */; };
		B51E300E294FC6C900F711D2 /* ResetPasswordView.swift in Sources */ = {isa = PBXBuildFile; fileRef = B51E300D294FC6C900F711D2 /* ResetPasswordView.swift */; };
		B54B4333299FF72C008804A8 /* StoryPager.swift in Sources */ = {isa = PBXBuildFile; fileRef = B54B4332299FF72C008804A8 /* StoryPager.swift */; };
		B5545C1829661EDE00F3D180 /* StoryList.swift in Sources */ = {isa = PBXBuildFile; fileRef = B5545C1729661EDE00F3D180 /* StoryList.swift */; };
		B5545C1C296620E100F3D180 /* StoryThumbnail.swift in Sources */ = {isa = PBXBuildFile; fileRef = B5545C1B296620E100F3D180 /* StoryThumbnail.swift */; };
		B55D76062916E7F700ABF6E0 /* UI.framework in Frameworks */ = {isa = PBXBuildFile; fileRef = B55D75FD2916E7F700ABF6E0 /* UI.framework */; };
		B569574D2947B49900E83691 /* HomeFeedTests.swift in Sources */ = {isa = PBXBuildFile; fileRef = B569574C2947B49900E83691 /* HomeFeedTests.swift */; };
		B56957502947B6F700E83691 /* PostPresenter.swift in Sources */ = {isa = PBXBuildFile; fileRef = B569574F2947B6F700E83691 /* PostPresenter.swift */; };
		B57324D9294A292600314191 /* Domain.framework in Frameworks */ = {isa = PBXBuildFile; fileRef = B57324D8294A292600314191 /* Domain.framework */; };
		B57324DA294A292600314191 /* Domain.framework in Embed Frameworks */ = {isa = PBXBuildFile; fileRef = B57324D8294A292600314191 /* Domain.framework */; settings = {ATTRIBUTES = (CodeSignOnCopy, RemoveHeadersOnCopy, ); }; };
		B578D6992981DE61001B6DD1 /* FiltersTopSheetStore.swift in Sources */ = {isa = PBXBuildFile; fileRef = B578D6982981DE61001B6DD1 /* FiltersTopSheetStore.swift */; };
		B57A858B29AAB8EE0015BCF0 /* SideMenu.swift in Sources */ = {isa = PBXBuildFile; fileRef = B57A858A29AAB8EE0015BCF0 /* SideMenu.swift */; };
		B57D12182931669D0007AB04 /* View+Extension.swift in Sources */ = {isa = PBXBuildFile; fileRef = B57D12172931669D0007AB04 /* View+Extension.swift */; };
		B57D121A293166A20007AB04 /* Binding+Extension.swift in Sources */ = {isa = PBXBuildFile; fileRef = B57D1219293166A20007AB04 /* Binding+Extension.swift */; };
		B57D121F293167EB0007AB04 /* LoginView.swift in Sources */ = {isa = PBXBuildFile; fileRef = B57D121E293167EB0007AB04 /* LoginView.swift */; };
		B57D1221293167F40007AB04 /* LoginViewStore.swift in Sources */ = {isa = PBXBuildFile; fileRef = B57D1220293167F40007AB04 /* LoginViewStore.swift */; };
		B57EE493296064EC00EEF1AF /* DatePickerView.swift in Sources */ = {isa = PBXBuildFile; fileRef = B57EE492296064EC00EEF1AF /* DatePickerView.swift */; };
		B586528A29A438FB001414B2 /* StoryPagerStore.swift in Sources */ = {isa = PBXBuildFile; fileRef = B586528929A438FB001414B2 /* StoryPagerStore.swift */; };
		B5970BDF29BBADEE00329172 /* Toast.swift in Sources */ = {isa = PBXBuildFile; fileRef = B5970BDE29BBADEE00329172 /* Toast.swift */; };
		B5970BE329BBEB1A00329172 /* NetworkBanner.swift in Sources */ = {isa = PBXBuildFile; fileRef = B5970BE229BBEB1A00329172 /* NetworkBanner.swift */; };
		B5970BF129BE5EFF00329172 /* OnFirstAppearModifier.swift in Sources */ = {isa = PBXBuildFile; fileRef = B5970BF029BE5EFF00329172 /* OnFirstAppearModifier.swift */; };
		B59C89B129511B1000643ED0 /* TopSheet.swift in Sources */ = {isa = PBXBuildFile; fileRef = B59C89B029511B1000643ED0 /* TopSheet.swift */; };
		B5D61D262932C60900669331 /* UIFont+Extension.swift in Sources */ = {isa = PBXBuildFile; fileRef = B5D61D072932C60900669331 /* UIFont+Extension.swift */; };
		B5D61D272932C60900669331 /* UIColor+Extension.swift in Sources */ = {isa = PBXBuildFile; fileRef = B5D61D082932C60900669331 /* UIColor+Extension.swift */; };
		B5D61D282932C60900669331 /* Assets.xcassets in Resources */ = {isa = PBXBuildFile; fileRef = B5D61D0A2932C60900669331 /* Assets.xcassets */; };
		B5D61D292932C60900669331 /* UIImage+Extension.swift in Sources */ = {isa = PBXBuildFile; fileRef = B5D61D0B2932C60900669331 /* UIImage+Extension.swift */; };
		B5D61D2A2932C60900669331 /* Bundle+Extension.swift in Sources */ = {isa = PBXBuildFile; fileRef = B5D61D0C2932C60900669331 /* Bundle+Extension.swift */; };
		B5D61D2B2932C60900669331 /* FontWeight.swift in Sources */ = {isa = PBXBuildFile; fileRef = B5D61D0D2932C60900669331 /* FontWeight.swift */; };
		B5D61D2C2932C60900669331 /* Assets.xcassets in Resources */ = {isa = PBXBuildFile; fileRef = B5D61D0E2932C60900669331 /* Assets.xcassets */; };
		B5D61D2D2932C60900669331 /* Color+Extension.swift in Sources */ = {isa = PBXBuildFile; fileRef = B5D61D0F2932C60900669331 /* Color+Extension.swift */; };
		B5D61D2E2932C60900669331 /* Font+Extension.swift in Sources */ = {isa = PBXBuildFile; fileRef = B5D61D102932C60900669331 /* Font+Extension.swift */; };
		B5D61D2F2932C60900669331 /* Image+Extension.swift in Sources */ = {isa = PBXBuildFile; fileRef = B5D61D112932C60900669331 /* Image+Extension.swift */; };
		B5D61D302932C60900669331 /* Montserrat-LightItalic.ttf in Resources */ = {isa = PBXBuildFile; fileRef = B5D61D132932C60900669331 /* Montserrat-LightItalic.ttf */; };
		B5D61D312932C60900669331 /* Montserrat-Medium.ttf in Resources */ = {isa = PBXBuildFile; fileRef = B5D61D142932C60900669331 /* Montserrat-Medium.ttf */; };
		B5D61D322932C60900669331 /* Montserrat-BoldItalic.ttf in Resources */ = {isa = PBXBuildFile; fileRef = B5D61D152932C60900669331 /* Montserrat-BoldItalic.ttf */; };
		B5D61D332932C60900669331 /* Montserrat-Light.ttf in Resources */ = {isa = PBXBuildFile; fileRef = B5D61D162932C60900669331 /* Montserrat-Light.ttf */; };
		B5D61D342932C60900669331 /* Montserrat-ThinItalic.ttf in Resources */ = {isa = PBXBuildFile; fileRef = B5D61D172932C60900669331 /* Montserrat-ThinItalic.ttf */; };
		B5D61D352932C60900669331 /* Montserrat-ExtraLight.ttf in Resources */ = {isa = PBXBuildFile; fileRef = B5D61D182932C60900669331 /* Montserrat-ExtraLight.ttf */; };
		B5D61D362932C60900669331 /* Montserrat-Thin.ttf in Resources */ = {isa = PBXBuildFile; fileRef = B5D61D192932C60900669331 /* Montserrat-Thin.ttf */; };
		B5D61D372932C60900669331 /* Montserrat-Bold.ttf in Resources */ = {isa = PBXBuildFile; fileRef = B5D61D1A2932C60900669331 /* Montserrat-Bold.ttf */; };
		B5D61D382932C60900669331 /* Montserrat-MediumItalic.ttf in Resources */ = {isa = PBXBuildFile; fileRef = B5D61D1B2932C60900669331 /* Montserrat-MediumItalic.ttf */; };
		B5D61D392932C60900669331 /* Montserrat-BlackItalic.ttf in Resources */ = {isa = PBXBuildFile; fileRef = B5D61D1C2932C60900669331 /* Montserrat-BlackItalic.ttf */; };
		B5D61D3A2932C60900669331 /* Montserrat-SemiBold.ttf in Resources */ = {isa = PBXBuildFile; fileRef = B5D61D1D2932C60900669331 /* Montserrat-SemiBold.ttf */; };
		B5D61D3B2932C60900669331 /* Montserrat-ExtraLightItalic.ttf in Resources */ = {isa = PBXBuildFile; fileRef = B5D61D1E2932C60900669331 /* Montserrat-ExtraLightItalic.ttf */; };
		B5D61D3C2932C60900669331 /* Montserrat-ExtraBold.ttf in Resources */ = {isa = PBXBuildFile; fileRef = B5D61D1F2932C60900669331 /* Montserrat-ExtraBold.ttf */; };
		B5D61D3D2932C60900669331 /* Montserrat-Black.ttf in Resources */ = {isa = PBXBuildFile; fileRef = B5D61D202932C60900669331 /* Montserrat-Black.ttf */; };
		B5D61D3E2932C60900669331 /* Montserrat-Regular.ttf in Resources */ = {isa = PBXBuildFile; fileRef = B5D61D212932C60900669331 /* Montserrat-Regular.ttf */; };
		B5D61D3F2932C60900669331 /* Montserrat-Italic.ttf in Resources */ = {isa = PBXBuildFile; fileRef = B5D61D222932C60900669331 /* Montserrat-Italic.ttf */; };
		B5D61D402932C60900669331 /* Montserrat-SemiBoldItalic.ttf in Resources */ = {isa = PBXBuildFile; fileRef = B5D61D232932C60900669331 /* Montserrat-SemiBoldItalic.ttf */; };
		B5D61D412932C60900669331 /* Montserrat-ExtraBoldItalic.ttf in Resources */ = {isa = PBXBuildFile; fileRef = B5D61D242932C60900669331 /* Montserrat-ExtraBoldItalic.ttf */; };
		B5D61D422932C60900669331 /* ThemeProvider.swift in Sources */ = {isa = PBXBuildFile; fileRef = B5D61D252932C60900669331 /* ThemeProvider.swift */; };
		B5D61D482932C6B500669331 /* Core.framework in Frameworks */ = {isa = PBXBuildFile; fileRef = B5D61D472932C6B500669331 /* Core.framework */; };
		B5D61D492932C6B500669331 /* Core.framework in Embed Frameworks */ = {isa = PBXBuildFile; fileRef = B5D61D472932C6B500669331 /* Core.framework */; settings = {ATTRIBUTES = (CodeSignOnCopy, RemoveHeadersOnCopy, ); }; };
		B5D61D512932CAC700669331 /* VEImage.swift in Sources */ = {isa = PBXBuildFile; fileRef = B5D61D502932CAC700669331 /* VEImage.swift */; };
		B5D61D522932CAC700669331 /* VEColor.swift in Sources */ = {isa = PBXBuildFile; fileRef = B5D61D4F2932CAC700669331 /* VEColor.swift */; };
		B5D9D5E329255347001E857C /* TextEntry.swift in Sources */ = {isa = PBXBuildFile; fileRef = B5D9D5E229255347001E857C /* TextEntry.swift */; };
		B5DC492F29B2955A00FA3466 /* PostDetailsView.swift in Sources */ = {isa = PBXBuildFile; fileRef = B5DC492E29B2955A00FA3466 /* PostDetailsView.swift */; };
		B5DC493129B2997500FA3466 /* PositionObservingView.swift in Sources */ = {isa = PBXBuildFile; fileRef = B5DC493029B2997500FA3466 /* PositionObservingView.swift */; };
		B5DC493329B299BD00FA3466 /* OffsetObservingScrollView.swift in Sources */ = {isa = PBXBuildFile; fileRef = B5DC493229B299BD00FA3466 /* OffsetObservingScrollView.swift */; };
		B5DE255829466522007533E3 /* RegistrationView.swift in Sources */ = {isa = PBXBuildFile; fileRef = B5DE255729466522007533E3 /* RegistrationView.swift */; };
		B5DE255A29466529007533E3 /* RegistrationViewStore.swift in Sources */ = {isa = PBXBuildFile; fileRef = B5DE255929466529007533E3 /* RegistrationViewStore.swift */; };
		B5DE255C29466EF2007533E3 /* AuthButton.swift in Sources */ = {isa = PBXBuildFile; fileRef = B5DE255B29466EF2007533E3 /* AuthButton.swift */; };
		B5DE255E294675B7007533E3 /* ForgotPasswordView.swift in Sources */ = {isa = PBXBuildFile; fileRef = B5DE255D294675B7007533E3 /* ForgotPasswordView.swift */; };
		B5DE2560294675D7007533E3 /* ForgotPasswordViewStore.swift in Sources */ = {isa = PBXBuildFile; fileRef = B5DE255F294675D7007533E3 /* ForgotPasswordViewStore.swift */; };
		B5F17517299AC9C200EF924B /* PostFilterPresenter.swift in Sources */ = {isa = PBXBuildFile; fileRef = B5F17516299AC9C200EF924B /* PostFilterPresenter.swift */; };
		B5F68659299C38E400A79747 /* StoryViewModel.swift in Sources */ = {isa = PBXBuildFile; fileRef = B5F68658299C38E400A79747 /* StoryViewModel.swift */; };
		B5F6865B299C3A1000A79747 /* StoryPresenter.swift in Sources */ = {isa = PBXBuildFile; fileRef = B5F6865A299C3A1000A79747 /* StoryPresenter.swift */; };
		B5F6865D299C3B6400A79747 /* StoryListStore.swift in Sources */ = {isa = PBXBuildFile; fileRef = B5F6865C299C3B6400A79747 /* StoryListStore.swift */; };
		B5FEDF5329B692EA004AAF1D /* MissingContentView.swift in Sources */ = {isa = PBXBuildFile; fileRef = B5FEDF5229B692EA004AAF1D /* MissingContentView.swift */; };
		B5FEDF5529B6999A004AAF1D /* AsyncImageView.swift in Sources */ = {isa = PBXBuildFile; fileRef = B5FEDF5429B6999A004AAF1D /* AsyncImageView.swift */; };
		F80CE7482C038836003C4A97 /* PostDetailsViewStore.swift in Sources */ = {isa = PBXBuildFile; fileRef = F80CE7472C038836003C4A97 /* PostDetailsViewStore.swift */; };
/* End PBXBuildFile section */

/* Begin PBXContainerItemProxy section */
		B55D76072916E7F700ABF6E0 /* PBXContainerItemProxy */ = {
			isa = PBXContainerItemProxy;
			containerPortal = B55D75F42916E7F700ABF6E0 /* Project object */;
			proxyType = 1;
			remoteGlobalIDString = B55D75FC2916E7F700ABF6E0;
			remoteInfo = UI;
		};
/* End PBXContainerItemProxy section */

/* Begin PBXCopyFilesBuildPhase section */
		B5D61D4A2932C6B500669331 /* Embed Frameworks */ = {
			isa = PBXCopyFilesBuildPhase;
			buildActionMask = 2147483647;
			dstPath = "";
			dstSubfolderSpec = 10;
			files = (
				B57324DA294A292600314191 /* Domain.framework in Embed Frameworks */,
				B5D61D492932C6B500669331 /* Core.framework in Embed Frameworks */,
			);
			name = "Embed Frameworks";
			runOnlyForDeploymentPostprocessing = 0;
		};
/* End PBXCopyFilesBuildPhase section */

/* Begin PBXFileReference section */
		B50ACF0C29184E67000CBB4E /* PostCard.swift */ = {isa = PBXFileReference; lastKnownFileType = sourcecode.swift; path = PostCard.swift; sourceTree = "<group>"; };
		B50ACF0E29184EBD000CBB4E /* PostCardHeader.swift */ = {isa = PBXFileReference; lastKnownFileType = sourcecode.swift; path = PostCardHeader.swift; sourceTree = "<group>"; };
		B50ACF1029184FD5000CBB4E /* TagsView.swift */ = {isa = PBXFileReference; lastKnownFileType = sourcecode.swift; path = TagsView.swift; sourceTree = "<group>"; };
		B50ACF1329185090000CBB4E /* OnLoadViewModifier.swift */ = {isa = PBXFileReference; lastKnownFileType = sourcecode.swift; path = OnLoadViewModifier.swift; sourceTree = "<group>"; };
		B50ACF152918533C000CBB4E /* Chip.swift */ = {isa = PBXFileReference; lastKnownFileType = sourcecode.swift; path = Chip.swift; sourceTree = "<group>"; };
		B50ACF1729185612000CBB4E /* HomeFeed.swift */ = {isa = PBXFileReference; lastKnownFileType = sourcecode.swift; path = HomeFeed.swift; sourceTree = "<group>"; };
		B50ACF1C2918566E000CBB4E /* HomeFeedStore.swift */ = {isa = PBXFileReference; lastKnownFileType = sourcecode.swift; path = HomeFeedStore.swift; sourceTree = "<group>"; };
		B50ACF1F29185738000CBB4E /* PostViewModel.swift */ = {isa = PBXFileReference; lastKnownFileType = sourcecode.swift; path = PostViewModel.swift; sourceTree = "<group>"; };
		B50EC3752954DF3200162314 /* CornerRadiusModifier.swift */ = {isa = PBXFileReference; lastKnownFileType = sourcecode.swift; path = CornerRadiusModifier.swift; sourceTree = "<group>"; };
		B513799C295C736D00944474 /* DualDatePicker.swift */ = {isa = PBXFileReference; lastKnownFileType = sourcecode.swift; path = DualDatePicker.swift; sourceTree = "<group>"; };
		B51E300B294FC52B00F711D2 /* EmailVerificationView.swift */ = {isa = PBXFileReference; lastKnownFileType = sourcecode.swift; path = EmailVerificationView.swift; sourceTree = "<group>"; };
		B51E300D294FC6C900F711D2 /* ResetPasswordView.swift */ = {isa = PBXFileReference; lastKnownFileType = sourcecode.swift; path = ResetPasswordView.swift; sourceTree = "<group>"; };
		B54B4332299FF72C008804A8 /* StoryPager.swift */ = {isa = PBXFileReference; lastKnownFileType = sourcecode.swift; path = StoryPager.swift; sourceTree = "<group>"; };
		B5545C1729661EDE00F3D180 /* StoryList.swift */ = {isa = PBXFileReference; lastKnownFileType = sourcecode.swift; path = StoryList.swift; sourceTree = "<group>"; };
		B5545C1B296620E100F3D180 /* StoryThumbnail.swift */ = {isa = PBXFileReference; lastKnownFileType = sourcecode.swift; path = StoryThumbnail.swift; sourceTree = "<group>"; };
		B55D75FD2916E7F700ABF6E0 /* UI.framework */ = {isa = PBXFileReference; explicitFileType = wrapper.framework; includeInIndex = 0; path = UI.framework; sourceTree = BUILT_PRODUCTS_DIR; };
		B55D76052916E7F700ABF6E0 /* UITests.xctest */ = {isa = PBXFileReference; explicitFileType = wrapper.cfbundle; includeInIndex = 0; path = UITests.xctest; sourceTree = BUILT_PRODUCTS_DIR; };
		B55D76F12916EF7400ABF6E0 /* Theme.framework */ = {isa = PBXFileReference; explicitFileType = wrapper.framework; path = Theme.framework; sourceTree = BUILT_PRODUCTS_DIR; };
		B569574C2947B49900E83691 /* HomeFeedTests.swift */ = {isa = PBXFileReference; lastKnownFileType = sourcecode.swift; path = HomeFeedTests.swift; sourceTree = "<group>"; };
		B569574F2947B6F700E83691 /* PostPresenter.swift */ = {isa = PBXFileReference; lastKnownFileType = sourcecode.swift; path = PostPresenter.swift; sourceTree = "<group>"; };
		B57324D8294A292600314191 /* Domain.framework */ = {isa = PBXFileReference; explicitFileType = wrapper.framework; path = Domain.framework; sourceTree = BUILT_PRODUCTS_DIR; };
		B578D6982981DE61001B6DD1 /* FiltersTopSheetStore.swift */ = {isa = PBXFileReference; lastKnownFileType = sourcecode.swift; path = FiltersTopSheetStore.swift; sourceTree = "<group>"; };
		B57A858A29AAB8EE0015BCF0 /* SideMenu.swift */ = {isa = PBXFileReference; lastKnownFileType = sourcecode.swift; path = SideMenu.swift; sourceTree = "<group>"; };
		B57D12172931669D0007AB04 /* View+Extension.swift */ = {isa = PBXFileReference; lastKnownFileType = sourcecode.swift; path = "View+Extension.swift"; sourceTree = "<group>"; };
		B57D1219293166A20007AB04 /* Binding+Extension.swift */ = {isa = PBXFileReference; lastKnownFileType = sourcecode.swift; path = "Binding+Extension.swift"; sourceTree = "<group>"; };
		B57D121E293167EB0007AB04 /* LoginView.swift */ = {isa = PBXFileReference; lastKnownFileType = sourcecode.swift; path = LoginView.swift; sourceTree = "<group>"; };
		B57D1220293167F40007AB04 /* LoginViewStore.swift */ = {isa = PBXFileReference; lastKnownFileType = sourcecode.swift; path = LoginViewStore.swift; sourceTree = "<group>"; };
		B57EE492296064EC00EEF1AF /* DatePickerView.swift */ = {isa = PBXFileReference; lastKnownFileType = sourcecode.swift; path = DatePickerView.swift; sourceTree = "<group>"; };
		B586528929A438FB001414B2 /* StoryPagerStore.swift */ = {isa = PBXFileReference; lastKnownFileType = sourcecode.swift; path = StoryPagerStore.swift; sourceTree = "<group>"; };
		B5970BDE29BBADEE00329172 /* Toast.swift */ = {isa = PBXFileReference; lastKnownFileType = sourcecode.swift; path = Toast.swift; sourceTree = "<group>"; };
		B5970BE229BBEB1A00329172 /* NetworkBanner.swift */ = {isa = PBXFileReference; lastKnownFileType = sourcecode.swift; path = NetworkBanner.swift; sourceTree = "<group>"; };
		B5970BF029BE5EFF00329172 /* OnFirstAppearModifier.swift */ = {isa = PBXFileReference; lastKnownFileType = sourcecode.swift; path = OnFirstAppearModifier.swift; sourceTree = "<group>"; };
		B59C89B029511B1000643ED0 /* TopSheet.swift */ = {isa = PBXFileReference; lastKnownFileType = sourcecode.swift; path = TopSheet.swift; sourceTree = "<group>"; };
		B5D61D072932C60900669331 /* UIFont+Extension.swift */ = {isa = PBXFileReference; fileEncoding = 4; lastKnownFileType = sourcecode.swift; path = "UIFont+Extension.swift"; sourceTree = "<group>"; };
		B5D61D082932C60900669331 /* UIColor+Extension.swift */ = {isa = PBXFileReference; fileEncoding = 4; lastKnownFileType = sourcecode.swift; path = "UIColor+Extension.swift"; sourceTree = "<group>"; };
		B5D61D0A2932C60900669331 /* Assets.xcassets */ = {isa = PBXFileReference; lastKnownFileType = folder.assetcatalog; path = Assets.xcassets; sourceTree = "<group>"; };
		B5D61D0B2932C60900669331 /* UIImage+Extension.swift */ = {isa = PBXFileReference; fileEncoding = 4; lastKnownFileType = sourcecode.swift; path = "UIImage+Extension.swift"; sourceTree = "<group>"; };
		B5D61D0C2932C60900669331 /* Bundle+Extension.swift */ = {isa = PBXFileReference; fileEncoding = 4; lastKnownFileType = sourcecode.swift; path = "Bundle+Extension.swift"; sourceTree = "<group>"; };
		B5D61D0D2932C60900669331 /* FontWeight.swift */ = {isa = PBXFileReference; fileEncoding = 4; lastKnownFileType = sourcecode.swift; path = FontWeight.swift; sourceTree = "<group>"; };
		B5D61D0E2932C60900669331 /* Assets.xcassets */ = {isa = PBXFileReference; lastKnownFileType = folder.assetcatalog; path = Assets.xcassets; sourceTree = "<group>"; };
		B5D61D0F2932C60900669331 /* Color+Extension.swift */ = {isa = PBXFileReference; fileEncoding = 4; lastKnownFileType = sourcecode.swift; path = "Color+Extension.swift"; sourceTree = "<group>"; };
		B5D61D102932C60900669331 /* Font+Extension.swift */ = {isa = PBXFileReference; fileEncoding = 4; lastKnownFileType = sourcecode.swift; path = "Font+Extension.swift"; sourceTree = "<group>"; };
		B5D61D112932C60900669331 /* Image+Extension.swift */ = {isa = PBXFileReference; fileEncoding = 4; lastKnownFileType = sourcecode.swift; path = "Image+Extension.swift"; sourceTree = "<group>"; };
		B5D61D132932C60900669331 /* Montserrat-LightItalic.ttf */ = {isa = PBXFileReference; lastKnownFileType = file; path = "Montserrat-LightItalic.ttf"; sourceTree = "<group>"; };
		B5D61D142932C60900669331 /* Montserrat-Medium.ttf */ = {isa = PBXFileReference; lastKnownFileType = file; path = "Montserrat-Medium.ttf"; sourceTree = "<group>"; };
		B5D61D152932C60900669331 /* Montserrat-BoldItalic.ttf */ = {isa = PBXFileReference; lastKnownFileType = file; path = "Montserrat-BoldItalic.ttf"; sourceTree = "<group>"; };
		B5D61D162932C60900669331 /* Montserrat-Light.ttf */ = {isa = PBXFileReference; lastKnownFileType = file; path = "Montserrat-Light.ttf"; sourceTree = "<group>"; };
		B5D61D172932C60900669331 /* Montserrat-ThinItalic.ttf */ = {isa = PBXFileReference; lastKnownFileType = file; path = "Montserrat-ThinItalic.ttf"; sourceTree = "<group>"; };
		B5D61D182932C60900669331 /* Montserrat-ExtraLight.ttf */ = {isa = PBXFileReference; lastKnownFileType = file; path = "Montserrat-ExtraLight.ttf"; sourceTree = "<group>"; };
		B5D61D192932C60900669331 /* Montserrat-Thin.ttf */ = {isa = PBXFileReference; lastKnownFileType = file; path = "Montserrat-Thin.ttf"; sourceTree = "<group>"; };
		B5D61D1A2932C60900669331 /* Montserrat-Bold.ttf */ = {isa = PBXFileReference; lastKnownFileType = file; path = "Montserrat-Bold.ttf"; sourceTree = "<group>"; };
		B5D61D1B2932C60900669331 /* Montserrat-MediumItalic.ttf */ = {isa = PBXFileReference; lastKnownFileType = file; path = "Montserrat-MediumItalic.ttf"; sourceTree = "<group>"; };
		B5D61D1C2932C60900669331 /* Montserrat-BlackItalic.ttf */ = {isa = PBXFileReference; lastKnownFileType = file; path = "Montserrat-BlackItalic.ttf"; sourceTree = "<group>"; };
		B5D61D1D2932C60900669331 /* Montserrat-SemiBold.ttf */ = {isa = PBXFileReference; lastKnownFileType = file; path = "Montserrat-SemiBold.ttf"; sourceTree = "<group>"; };
		B5D61D1E2932C60900669331 /* Montserrat-ExtraLightItalic.ttf */ = {isa = PBXFileReference; lastKnownFileType = file; path = "Montserrat-ExtraLightItalic.ttf"; sourceTree = "<group>"; };
		B5D61D1F2932C60900669331 /* Montserrat-ExtraBold.ttf */ = {isa = PBXFileReference; lastKnownFileType = file; path = "Montserrat-ExtraBold.ttf"; sourceTree = "<group>"; };
		B5D61D202932C60900669331 /* Montserrat-Black.ttf */ = {isa = PBXFileReference; lastKnownFileType = file; path = "Montserrat-Black.ttf"; sourceTree = "<group>"; };
		B5D61D212932C60900669331 /* Montserrat-Regular.ttf */ = {isa = PBXFileReference; lastKnownFileType = file; path = "Montserrat-Regular.ttf"; sourceTree = "<group>"; };
		B5D61D222932C60900669331 /* Montserrat-Italic.ttf */ = {isa = PBXFileReference; lastKnownFileType = file; path = "Montserrat-Italic.ttf"; sourceTree = "<group>"; };
		B5D61D232932C60900669331 /* Montserrat-SemiBoldItalic.ttf */ = {isa = PBXFileReference; lastKnownFileType = file; path = "Montserrat-SemiBoldItalic.ttf"; sourceTree = "<group>"; };
		B5D61D242932C60900669331 /* Montserrat-ExtraBoldItalic.ttf */ = {isa = PBXFileReference; lastKnownFileType = file; path = "Montserrat-ExtraBoldItalic.ttf"; sourceTree = "<group>"; };
		B5D61D252932C60900669331 /* ThemeProvider.swift */ = {isa = PBXFileReference; fileEncoding = 4; lastKnownFileType = sourcecode.swift; path = ThemeProvider.swift; sourceTree = "<group>"; };
		B5D61D472932C6B500669331 /* Core.framework */ = {isa = PBXFileReference; explicitFileType = wrapper.framework; path = Core.framework; sourceTree = BUILT_PRODUCTS_DIR; };
		B5D61D4F2932CAC700669331 /* VEColor.swift */ = {isa = PBXFileReference; fileEncoding = 4; lastKnownFileType = sourcecode.swift; path = VEColor.swift; sourceTree = "<group>"; };
		B5D61D502932CAC700669331 /* VEImage.swift */ = {isa = PBXFileReference; fileEncoding = 4; lastKnownFileType = sourcecode.swift; path = VEImage.swift; sourceTree = "<group>"; };
		B5D9D5E229255347001E857C /* TextEntry.swift */ = {isa = PBXFileReference; lastKnownFileType = sourcecode.swift; path = TextEntry.swift; sourceTree = "<group>"; };
		B5DC492E29B2955A00FA3466 /* PostDetailsView.swift */ = {isa = PBXFileReference; lastKnownFileType = sourcecode.swift; path = PostDetailsView.swift; sourceTree = "<group>"; };
		B5DC493029B2997500FA3466 /* PositionObservingView.swift */ = {isa = PBXFileReference; lastKnownFileType = sourcecode.swift; path = PositionObservingView.swift; sourceTree = "<group>"; };
		B5DC493229B299BD00FA3466 /* OffsetObservingScrollView.swift */ = {isa = PBXFileReference; lastKnownFileType = sourcecode.swift; path = OffsetObservingScrollView.swift; sourceTree = "<group>"; };
		B5DE255729466522007533E3 /* RegistrationView.swift */ = {isa = PBXFileReference; lastKnownFileType = sourcecode.swift; path = RegistrationView.swift; sourceTree = "<group>"; };
		B5DE255929466529007533E3 /* RegistrationViewStore.swift */ = {isa = PBXFileReference; lastKnownFileType = sourcecode.swift; path = RegistrationViewStore.swift; sourceTree = "<group>"; };
		B5DE255B29466EF2007533E3 /* AuthButton.swift */ = {isa = PBXFileReference; lastKnownFileType = sourcecode.swift; path = AuthButton.swift; sourceTree = "<group>"; };
		B5DE255D294675B7007533E3 /* ForgotPasswordView.swift */ = {isa = PBXFileReference; lastKnownFileType = sourcecode.swift; path = ForgotPasswordView.swift; sourceTree = "<group>"; };
		B5DE255F294675D7007533E3 /* ForgotPasswordViewStore.swift */ = {isa = PBXFileReference; lastKnownFileType = sourcecode.swift; path = ForgotPasswordViewStore.swift; sourceTree = "<group>"; };
		B5F17516299AC9C200EF924B /* PostFilterPresenter.swift */ = {isa = PBXFileReference; lastKnownFileType = sourcecode.swift; path = PostFilterPresenter.swift; sourceTree = "<group>"; };
		B5F68658299C38E400A79747 /* StoryViewModel.swift */ = {isa = PBXFileReference; lastKnownFileType = sourcecode.swift; path = StoryViewModel.swift; sourceTree = "<group>"; };
		B5F6865A299C3A1000A79747 /* StoryPresenter.swift */ = {isa = PBXFileReference; lastKnownFileType = sourcecode.swift; path = StoryPresenter.swift; sourceTree = "<group>"; };
		B5F6865C299C3B6400A79747 /* StoryListStore.swift */ = {isa = PBXFileReference; lastKnownFileType = sourcecode.swift; path = StoryListStore.swift; sourceTree = "<group>"; };
		B5FEDF5229B692EA004AAF1D /* MissingContentView.swift */ = {isa = PBXFileReference; lastKnownFileType = sourcecode.swift; path = MissingContentView.swift; sourceTree = "<group>"; };
		B5FEDF5429B6999A004AAF1D /* AsyncImageView.swift */ = {isa = PBXFileReference; lastKnownFileType = sourcecode.swift; path = AsyncImageView.swift; sourceTree = "<group>"; };
		F80CE7472C038836003C4A97 /* PostDetailsViewStore.swift */ = {isa = PBXFileReference; lastKnownFileType = sourcecode.swift; path = PostDetailsViewStore.swift; sourceTree = "<group>"; };
/* End PBXFileReference section */

/* Begin PBXFrameworksBuildPhase section */
		B55D75FA2916E7F700ABF6E0 /* Frameworks */ = {
			isa = PBXFrameworksBuildPhase;
			buildActionMask = 2147483647;
			files = (
				B57324D9294A292600314191 /* Domain.framework in Frameworks */,
				B5D61D482932C6B500669331 /* Core.framework in Frameworks */,
			);
			runOnlyForDeploymentPostprocessing = 0;
		};
		B55D76022916E7F700ABF6E0 /* Frameworks */ = {
			isa = PBXFrameworksBuildPhase;
			buildActionMask = 2147483647;
			files = (
				B55D76062916E7F700ABF6E0 /* UI.framework in Frameworks */,
			);
			runOnlyForDeploymentPostprocessing = 0;
		};
/* End PBXFrameworksBuildPhase section */

/* Begin PBXGroup section */
		B50ACF0929184E2A000CBB4E /* Components */ = {
			isa = PBXGroup;
			children = (
				B50ACF0C29184E67000CBB4E /* PostCard.swift */,
				B50ACF0E29184EBD000CBB4E /* PostCardHeader.swift */,
				B50ACF1029184FD5000CBB4E /* TagsView.swift */,
				B50ACF152918533C000CBB4E /* Chip.swift */,
				B5D9D5E229255347001E857C /* TextEntry.swift */,
				B5DE255B29466EF2007533E3 /* AuthButton.swift */,
				B513799C295C736D00944474 /* DualDatePicker.swift */,
				B57EE492296064EC00EEF1AF /* DatePickerView.swift */,
				B59C89B029511B1000643ED0 /* TopSheet.swift */,
				B578D6982981DE61001B6DD1 /* FiltersTopSheetStore.swift */,
				B57A858A29AAB8EE0015BCF0 /* SideMenu.swift */,
				B5DC493029B2997500FA3466 /* PositionObservingView.swift */,
				B5DC493229B299BD00FA3466 /* OffsetObservingScrollView.swift */,
				B5FEDF5229B692EA004AAF1D /* MissingContentView.swift */,
				B5FEDF5429B6999A004AAF1D /* AsyncImageView.swift */,
				B5970BDE29BBADEE00329172 /* Toast.swift */,
				B5970BE229BBEB1A00329172 /* NetworkBanner.swift */,
			);
			path = Components;
			sourceTree = "<group>";
		};
		B50ACF0A29184E31000CBB4E /* Scenes */ = {
			isa = PBXGroup;
			children = (
				B57D121D293167D80007AB04 /* Auth */,
				B50ACF0B29184E57000CBB4E /* Home */,
			);
			path = Scenes;
			sourceTree = "<group>";
		};
		B50ACF0B29184E57000CBB4E /* Home */ = {
			isa = PBXGroup;
			children = (
				B50ACF1E2918570C000CBB4E /* ViewModels */,
				B50ACF1729185612000CBB4E /* HomeFeed.swift */,
				B50ACF1C2918566E000CBB4E /* HomeFeedStore.swift */,
				B5545C1729661EDE00F3D180 /* StoryList.swift */,
				B5F6865C299C3B6400A79747 /* StoryListStore.swift */,
				B5545C1B296620E100F3D180 /* StoryThumbnail.swift */,
				B54B4332299FF72C008804A8 /* StoryPager.swift */,
				B586528929A438FB001414B2 /* StoryPagerStore.swift */,
				B5DC492E29B2955A00FA3466 /* PostDetailsView.swift */,
				F80CE7472C038836003C4A97 /* PostDetailsViewStore.swift */,
			);
			path = Home;
			sourceTree = "<group>";
		};
		B50ACF1229185086000CBB4E /* ViewModifiers */ = {
			isa = PBXGroup;
			children = (
				B50ACF1329185090000CBB4E /* OnLoadViewModifier.swift */,
				B50EC3752954DF3200162314 /* CornerRadiusModifier.swift */,
				B5970BF029BE5EFF00329172 /* OnFirstAppearModifier.swift */,
			);
			path = ViewModifiers;
			sourceTree = "<group>";
		};
		B50ACF1E2918570C000CBB4E /* ViewModels */ = {
			isa = PBXGroup;
			children = (
				B50ACF1F29185738000CBB4E /* PostViewModel.swift */,
				B5F68658299C38E400A79747 /* StoryViewModel.swift */,
			);
			path = ViewModels;
			sourceTree = "<group>";
		};
		B55D75F32916E7F700ABF6E0 = {
			isa = PBXGroup;
			children = (
				B55D75FF2916E7F700ABF6E0 /* UI */,
				B55D76092916E7F700ABF6E0 /* UITests */,
				B55D75FE2916E7F700ABF6E0 /* Products */,
				B55D76F02916EF7400ABF6E0 /* Frameworks */,
			);
			sourceTree = "<group>";
		};
		B55D75FE2916E7F700ABF6E0 /* Products */ = {
			isa = PBXGroup;
			children = (
				B55D75FD2916E7F700ABF6E0 /* UI.framework */,
				B55D76052916E7F700ABF6E0 /* UITests.xctest */,
			);
			name = Products;
			sourceTree = "<group>";
		};
		B55D75FF2916E7F700ABF6E0 /* UI */ = {
			isa = PBXGroup;
			children = (
				B569574E2947B6ED00E83691 /* Presenters */,
				B57D1216293166930007AB04 /* Extensions */,
				B50ACF1229185086000CBB4E /* ViewModifiers */,
				B50ACF0929184E2A000CBB4E /* Components */,
				B50ACF0A29184E31000CBB4E /* Scenes */,
				B5D61D062932C60900669331 /* Theme */,
			);
			path = UI;
			sourceTree = "<group>";
		};
		B55D76092916E7F700ABF6E0 /* UITests */ = {
			isa = PBXGroup;
			children = (
				B569574C2947B49900E83691 /* HomeFeedTests.swift */,
			);
			path = UITests;
			sourceTree = "<group>";
		};
		B55D76F02916EF7400ABF6E0 /* Frameworks */ = {
			isa = PBXGroup;
			children = (
				B57324D8294A292600314191 /* Domain.framework */,
				B5D61D472932C6B500669331 /* Core.framework */,
				B55D76F12916EF7400ABF6E0 /* Theme.framework */,
			);
			name = Frameworks;
			sourceTree = "<group>";
		};
		B569574E2947B6ED00E83691 /* Presenters */ = {
			isa = PBXGroup;
			children = (
				B569574F2947B6F700E83691 /* PostPresenter.swift */,
				B5F6865A299C3A1000A79747 /* StoryPresenter.swift */,
				B5F17516299AC9C200EF924B /* PostFilterPresenter.swift */,
			);
			path = Presenters;
			sourceTree = "<group>";
		};
		B57D1216293166930007AB04 /* Extensions */ = {
			isa = PBXGroup;
			children = (
				B57D12172931669D0007AB04 /* View+Extension.swift */,
				B57D1219293166A20007AB04 /* Binding+Extension.swift */,
			);
			path = Extensions;
			sourceTree = "<group>";
		};
		B57D121D293167D80007AB04 /* Auth */ = {
			isa = PBXGroup;
			children = (
				B57D121E293167EB0007AB04 /* LoginView.swift */,
				B57D1220293167F40007AB04 /* LoginViewStore.swift */,
				B5DE255729466522007533E3 /* RegistrationView.swift */,
				B5DE255929466529007533E3 /* RegistrationViewStore.swift */,
				B5DE255D294675B7007533E3 /* ForgotPasswordView.swift */,
				B5DE255F294675D7007533E3 /* ForgotPasswordViewStore.swift */,
				B51E300B294FC52B00F711D2 /* EmailVerificationView.swift */,
				B51E300D294FC6C900F711D2 /* ResetPasswordView.swift */,
			);
			path = Auth;
			sourceTree = "<group>";
		};
		B5D61D062932C60900669331 /* Theme */ = {
			isa = PBXGroup;
			children = (
				B5D61D092932C60900669331 /* PreviewContent */,
				B5D61D122932C60900669331 /* Fonts */,
				B5D61D4F2932CAC700669331 /* VEColor.swift */,
				B5D61D502932CAC700669331 /* VEImage.swift */,
				B5D61D072932C60900669331 /* UIFont+Extension.swift */,
				B5D61D082932C60900669331 /* UIColor+Extension.swift */,
				B5D61D0B2932C60900669331 /* UIImage+Extension.swift */,
				B5D61D0C2932C60900669331 /* Bundle+Extension.swift */,
				B5D61D0D2932C60900669331 /* FontWeight.swift */,
				B5D61D0F2932C60900669331 /* Color+Extension.swift */,
				B5D61D102932C60900669331 /* Font+Extension.swift */,
				B5D61D112932C60900669331 /* Image+Extension.swift */,
				B5D61D252932C60900669331 /* ThemeProvider.swift */,
				B5D61D0E2932C60900669331 /* Assets.xcassets */,
			);
			name = Theme;
			path = ../../Theme/Theme;
			sourceTree = "<group>";
		};
		B5D61D092932C60900669331 /* PreviewContent */ = {
			isa = PBXGroup;
			children = (
				B5D61D0A2932C60900669331 /* Assets.xcassets */,
			);
			path = PreviewContent;
			sourceTree = "<group>";
		};
		B5D61D122932C60900669331 /* Fonts */ = {
			isa = PBXGroup;
			children = (
				B5D61D132932C60900669331 /* Montserrat-LightItalic.ttf */,
				B5D61D142932C60900669331 /* Montserrat-Medium.ttf */,
				B5D61D152932C60900669331 /* Montserrat-BoldItalic.ttf */,
				B5D61D162932C60900669331 /* Montserrat-Light.ttf */,
				B5D61D172932C60900669331 /* Montserrat-ThinItalic.ttf */,
				B5D61D182932C60900669331 /* Montserrat-ExtraLight.ttf */,
				B5D61D192932C60900669331 /* Montserrat-Thin.ttf */,
				B5D61D1A2932C60900669331 /* Montserrat-Bold.ttf */,
				B5D61D1B2932C60900669331 /* Montserrat-MediumItalic.ttf */,
				B5D61D1C2932C60900669331 /* Montserrat-BlackItalic.ttf */,
				B5D61D1D2932C60900669331 /* Montserrat-SemiBold.ttf */,
				B5D61D1E2932C60900669331 /* Montserrat-ExtraLightItalic.ttf */,
				B5D61D1F2932C60900669331 /* Montserrat-ExtraBold.ttf */,
				B5D61D202932C60900669331 /* Montserrat-Black.ttf */,
				B5D61D212932C60900669331 /* Montserrat-Regular.ttf */,
				B5D61D222932C60900669331 /* Montserrat-Italic.ttf */,
				B5D61D232932C60900669331 /* Montserrat-SemiBoldItalic.ttf */,
				B5D61D242932C60900669331 /* Montserrat-ExtraBoldItalic.ttf */,
			);
			path = Fonts;
			sourceTree = "<group>";
		};
/* End PBXGroup section */

/* Begin PBXHeadersBuildPhase section */
		B55D75F82916E7F700ABF6E0 /* Headers */ = {
			isa = PBXHeadersBuildPhase;
			buildActionMask = 2147483647;
			files = (
			);
			runOnlyForDeploymentPostprocessing = 0;
		};
/* End PBXHeadersBuildPhase section */

/* Begin PBXNativeTarget section */
		B55D75FC2916E7F700ABF6E0 /* UI */ = {
			isa = PBXNativeTarget;
			buildConfigurationList = B55D760F2916E7F700ABF6E0 /* Build configuration list for PBXNativeTarget "UI" */;
			buildPhases = (
				B55D75F82916E7F700ABF6E0 /* Headers */,
				B55D75F92916E7F700ABF6E0 /* Sources */,
				B55D75FA2916E7F700ABF6E0 /* Frameworks */,
				B55D75FB2916E7F700ABF6E0 /* Resources */,
				B5D61D4A2932C6B500669331 /* Embed Frameworks */,
			);
			buildRules = (
			);
			dependencies = (
			);
			name = UI;
			packageProductDependencies = (
			);
			productName = UI;
			productReference = B55D75FD2916E7F700ABF6E0 /* UI.framework */;
			productType = "com.apple.product-type.framework";
		};
		B55D76042916E7F700ABF6E0 /* UITests */ = {
			isa = PBXNativeTarget;
			buildConfigurationList = B55D76122916E7F700ABF6E0 /* Build configuration list for PBXNativeTarget "UITests" */;
			buildPhases = (
				B55D76012916E7F700ABF6E0 /* Sources */,
				B55D76022916E7F700ABF6E0 /* Frameworks */,
				B55D76032916E7F700ABF6E0 /* Resources */,
			);
			buildRules = (
			);
			dependencies = (
				B55D76082916E7F700ABF6E0 /* PBXTargetDependency */,
			);
			name = UITests;
			productName = UITests;
			productReference = B55D76052916E7F700ABF6E0 /* UITests.xctest */;
			productType = "com.apple.product-type.bundle.unit-test";
		};
/* End PBXNativeTarget section */

/* Begin PBXProject section */
		B55D75F42916E7F700ABF6E0 /* Project object */ = {
			isa = PBXProject;
			attributes = {
				BuildIndependentTargetsInParallel = 1;
				LastSwiftUpdateCheck = 1400;
				LastUpgradeCheck = 1400;
				TargetAttributes = {
					B55D75FC2916E7F700ABF6E0 = {
						CreatedOnToolsVersion = 14.0.1;
						LastSwiftMigration = 1400;
					};
					B55D76042916E7F700ABF6E0 = {
						CreatedOnToolsVersion = 14.0.1;
					};
				};
			};
			buildConfigurationList = B55D75F72916E7F700ABF6E0 /* Build configuration list for PBXProject "UI" */;
			compatibilityVersion = "Xcode 14.0";
			developmentRegion = en;
			hasScannedForEncodings = 0;
			knownRegions = (
				en,
				Base,
			);
			mainGroup = B55D75F32916E7F700ABF6E0;
			packageReferences = (
			);
			productRefGroup = B55D75FE2916E7F700ABF6E0 /* Products */;
			projectDirPath = "";
			projectRoot = "";
			targets = (
				B55D75FC2916E7F700ABF6E0 /* UI */,
				B55D76042916E7F700ABF6E0 /* UITests */,
			);
		};
/* End PBXProject section */

/* Begin PBXResourcesBuildPhase section */
		B55D75FB2916E7F700ABF6E0 /* Resources */ = {
			isa = PBXResourcesBuildPhase;
			buildActionMask = 2147483647;
			files = (
				B5D61D402932C60900669331 /* Montserrat-SemiBoldItalic.ttf in Resources */,
				B5D61D382932C60900669331 /* Montserrat-MediumItalic.ttf in Resources */,
				B5D61D372932C60900669331 /* Montserrat-Bold.ttf in Resources */,
				B5D61D3E2932C60900669331 /* Montserrat-Regular.ttf in Resources */,
				B5D61D3A2932C60900669331 /* Montserrat-SemiBold.ttf in Resources */,
				B5D61D332932C60900669331 /* Montserrat-Light.ttf in Resources */,
				B5D61D362932C60900669331 /* Montserrat-Thin.ttf in Resources */,
				B5D61D342932C60900669331 /* Montserrat-ThinItalic.ttf in Resources */,
				B5D61D2C2932C60900669331 /* Assets.xcassets in Resources */,
				B5D61D282932C60900669331 /* Assets.xcassets in Resources */,
				B5D61D312932C60900669331 /* Montserrat-Medium.ttf in Resources */,
				B5D61D3D2932C60900669331 /* Montserrat-Black.ttf in Resources */,
				B5D61D352932C60900669331 /* Montserrat-ExtraLight.ttf in Resources */,
				B5D61D3C2932C60900669331 /* Montserrat-ExtraBold.ttf in Resources */,
				B5D61D392932C60900669331 /* Montserrat-BlackItalic.ttf in Resources */,
				B5D61D322932C60900669331 /* Montserrat-BoldItalic.ttf in Resources */,
				B5D61D3F2932C60900669331 /* Montserrat-Italic.ttf in Resources */,
				B5D61D412932C60900669331 /* Montserrat-ExtraBoldItalic.ttf in Resources */,
				B5D61D302932C60900669331 /* Montserrat-LightItalic.ttf in Resources */,
				B5D61D3B2932C60900669331 /* Montserrat-ExtraLightItalic.ttf in Resources */,
			);
			runOnlyForDeploymentPostprocessing = 0;
		};
		B55D76032916E7F700ABF6E0 /* Resources */ = {
			isa = PBXResourcesBuildPhase;
			buildActionMask = 2147483647;
			files = (
			);
			runOnlyForDeploymentPostprocessing = 0;
		};
/* End PBXResourcesBuildPhase section */

/* Begin PBXSourcesBuildPhase section */
		B55D75F92916E7F700ABF6E0 /* Sources */ = {
			isa = PBXSourcesBuildPhase;
			buildActionMask = 2147483647;
			files = (
				B5D9D5E329255347001E857C /* TextEntry.swift in Sources */,
				B5DE255C29466EF2007533E3 /* AuthButton.swift in Sources */,
				B5D61D2A2932C60900669331 /* Bundle+Extension.swift in Sources */,
				B59C89B129511B1000643ED0 /* TopSheet.swift in Sources */,
				B50ACF0D29184E67000CBB4E /* PostCard.swift in Sources */,
				B513799D295C736D00944474 /* DualDatePicker.swift in Sources */,
				B5F68659299C38E400A79747 /* StoryViewModel.swift in Sources */,
				B5970BDF29BBADEE00329172 /* Toast.swift in Sources */,
				B5545C1C296620E100F3D180 /* StoryThumbnail.swift in Sources */,
				B5DE255829466522007533E3 /* RegistrationView.swift in Sources */,
				B5970BF129BE5EFF00329172 /* OnFirstAppearModifier.swift in Sources */,
				B57A858B29AAB8EE0015BCF0 /* SideMenu.swift in Sources */,
				B5F6865D299C3B6400A79747 /* StoryListStore.swift in Sources */,
				B5D61D262932C60900669331 /* UIFont+Extension.swift in Sources */,
				B5D61D2E2932C60900669331 /* Font+Extension.swift in Sources */,
				B57D12182931669D0007AB04 /* View+Extension.swift in Sources */,
				B5DC493329B299BD00FA3466 /* OffsetObservingScrollView.swift in Sources */,
				B5DC493129B2997500FA3466 /* PositionObservingView.swift in Sources */,
				B5D61D422932C60900669331 /* ThemeProvider.swift in Sources */,
				B5DE255E294675B7007533E3 /* ForgotPasswordView.swift in Sources */,
				B50ACF0F29184EBD000CBB4E /* PostCardHeader.swift in Sources */,
				B50ACF1429185090000CBB4E /* OnLoadViewModifier.swift in Sources */,
				B57EE493296064EC00EEF1AF /* DatePickerView.swift in Sources */,
				B50EC3762954DF3200162314 /* CornerRadiusModifier.swift in Sources */,
				B5D61D2B2932C60900669331 /* FontWeight.swift in Sources */,
				F80CE7482C038836003C4A97 /* PostDetailsViewStore.swift in Sources */,
				B5D61D272932C60900669331 /* UIColor+Extension.swift in Sources */,
				B5D61D2F2932C60900669331 /* Image+Extension.swift in Sources */,
				B5970BE329BBEB1A00329172 /* NetworkBanner.swift in Sources */,
				B50ACF1829185612000CBB4E /* HomeFeed.swift in Sources */,
				B5F17517299AC9C200EF924B /* PostFilterPresenter.swift in Sources */,
				B5D61D512932CAC700669331 /* VEImage.swift in Sources */,
				B5D61D2D2932C60900669331 /* Color+Extension.swift in Sources */,
				B5F6865B299C3A1000A79747 /* StoryPresenter.swift in Sources */,
				B51E300E294FC6C900F711D2 /* ResetPasswordView.swift in Sources */,
				B57D121A293166A20007AB04 /* Binding+Extension.swift in Sources */,
				B50ACF162918533C000CBB4E /* Chip.swift in Sources */,
				B50ACF2029185738000CBB4E /* PostViewModel.swift in Sources */,
				B5D61D522932CAC700669331 /* VEColor.swift in Sources */,
				B5D61D292932C60900669331 /* UIImage+Extension.swift in Sources */,
				B586528A29A438FB001414B2 /* StoryPagerStore.swift in Sources */,
				B54B4333299FF72C008804A8 /* StoryPager.swift in Sources */,
				B57D1221293167F40007AB04 /* LoginViewStore.swift in Sources */,
				B5FEDF5529B6999A004AAF1D /* AsyncImageView.swift in Sources */,
				B5545C1829661EDE00F3D180 /* StoryList.swift in Sources */,
				B578D6992981DE61001B6DD1 /* FiltersTopSheetStore.swift in Sources */,
				B5DC492F29B2955A00FA3466 /* PostDetailsView.swift in Sources */,
				B5DE255A29466529007533E3 /* RegistrationViewStore.swift in Sources */,
				B5FEDF5329B692EA004AAF1D /* MissingContentView.swift in Sources */,
				B56957502947B6F700E83691 /* PostPresenter.swift in Sources */,
				B57D121F293167EB0007AB04 /* LoginView.swift in Sources */,
				B5DE2560294675D7007533E3 /* ForgotPasswordViewStore.swift in Sources */,
				B51E300C294FC52B00F711D2 /* EmailVerificationView.swift in Sources */,
				B50ACF1129184FD5000CBB4E /* TagsView.swift in Sources */,
				B50ACF1D2918566E000CBB4E /* HomeFeedStore.swift in Sources */,
			);
			runOnlyForDeploymentPostprocessing = 0;
		};
		B55D76012916E7F700ABF6E0 /* Sources */ = {
			isa = PBXSourcesBuildPhase;
			buildActionMask = 2147483647;
			files = (
				B569574D2947B49900E83691 /* HomeFeedTests.swift in Sources */,
			);
			runOnlyForDeploymentPostprocessing = 0;
		};
/* End PBXSourcesBuildPhase section */

/* Begin PBXTargetDependency section */
		B55D76082916E7F700ABF6E0 /* PBXTargetDependency */ = {
			isa = PBXTargetDependency;
			target = B55D75FC2916E7F700ABF6E0 /* UI */;
			targetProxy = B55D76072916E7F700ABF6E0 /* PBXContainerItemProxy */;
		};
/* End PBXTargetDependency section */

/* Begin XCBuildConfiguration section */
		B55D760D2916E7F700ABF6E0 /* Debug */ = {
			isa = XCBuildConfiguration;
			buildSettings = {
				ALWAYS_SEARCH_USER_PATHS = NO;
				CLANG_ANALYZER_NONNULL = YES;
				CLANG_ANALYZER_NUMBER_OBJECT_CONVERSION = YES_AGGRESSIVE;
				CLANG_CXX_LANGUAGE_STANDARD = "gnu++20";
				CLANG_ENABLE_MODULES = YES;
				CLANG_ENABLE_OBJC_ARC = YES;
				CLANG_ENABLE_OBJC_WEAK = YES;
				CLANG_WARN_BLOCK_CAPTURE_AUTORELEASING = YES;
				CLANG_WARN_BOOL_CONVERSION = YES;
				CLANG_WARN_COMMA = YES;
				CLANG_WARN_CONSTANT_CONVERSION = YES;
				CLANG_WARN_DEPRECATED_OBJC_IMPLEMENTATIONS = YES;
				CLANG_WARN_DIRECT_OBJC_ISA_USAGE = YES_ERROR;
				CLANG_WARN_DOCUMENTATION_COMMENTS = YES;
				CLANG_WARN_EMPTY_BODY = YES;
				CLANG_WARN_ENUM_CONVERSION = YES;
				CLANG_WARN_INFINITE_RECURSION = YES;
				CLANG_WARN_INT_CONVERSION = YES;
				CLANG_WARN_NON_LITERAL_NULL_CONVERSION = YES;
				CLANG_WARN_OBJC_IMPLICIT_RETAIN_SELF = YES;
				CLANG_WARN_OBJC_LITERAL_CONVERSION = YES;
				CLANG_WARN_OBJC_ROOT_CLASS = YES_ERROR;
				CLANG_WARN_QUOTED_INCLUDE_IN_FRAMEWORK_HEADER = YES;
				CLANG_WARN_RANGE_LOOP_ANALYSIS = YES;
				CLANG_WARN_STRICT_PROTOTYPES = YES;
				CLANG_WARN_SUSPICIOUS_MOVE = YES;
				CLANG_WARN_UNGUARDED_AVAILABILITY = YES_AGGRESSIVE;
				CLANG_WARN_UNREACHABLE_CODE = YES;
				CLANG_WARN__DUPLICATE_METHOD_MATCH = YES;
				COPY_PHASE_STRIP = NO;
				CURRENT_PROJECT_VERSION = 1;
				DEBUG_INFORMATION_FORMAT = dwarf;
				ENABLE_STRICT_OBJC_MSGSEND = YES;
				ENABLE_TESTABILITY = YES;
				GCC_C_LANGUAGE_STANDARD = gnu11;
				GCC_DYNAMIC_NO_PIC = NO;
				GCC_NO_COMMON_BLOCKS = YES;
				GCC_OPTIMIZATION_LEVEL = 0;
				GCC_PREPROCESSOR_DEFINITIONS = (
					"DEBUG=1",
					"$(inherited)",
				);
				GCC_WARN_64_TO_32_BIT_CONVERSION = YES;
				GCC_WARN_ABOUT_RETURN_TYPE = YES_ERROR;
				GCC_WARN_UNDECLARED_SELECTOR = YES;
				GCC_WARN_UNINITIALIZED_AUTOS = YES_AGGRESSIVE;
				GCC_WARN_UNUSED_FUNCTION = YES;
				GCC_WARN_UNUSED_VARIABLE = YES;
				IPHONEOS_DEPLOYMENT_TARGET = 16.0;
				MTL_ENABLE_DEBUG_INFO = INCLUDE_SOURCE;
				MTL_FAST_MATH = YES;
				ONLY_ACTIVE_ARCH = YES;
				SDKROOT = iphoneos;
				SWIFT_ACTIVE_COMPILATION_CONDITIONS = DEBUG;
				SWIFT_OPTIMIZATION_LEVEL = "-Onone";
				SWIFT_STRICT_CONCURRENCY = complete;
				VERSIONING_SYSTEM = "apple-generic";
				VERSION_INFO_PREFIX = "";
			};
			name = Debug;
		};
		B55D760E2916E7F700ABF6E0 /* Release */ = {
			isa = XCBuildConfiguration;
			buildSettings = {
				ALWAYS_SEARCH_USER_PATHS = NO;
				CLANG_ANALYZER_NONNULL = YES;
				CLANG_ANALYZER_NUMBER_OBJECT_CONVERSION = YES_AGGRESSIVE;
				CLANG_CXX_LANGUAGE_STANDARD = "gnu++20";
				CLANG_ENABLE_MODULES = YES;
				CLANG_ENABLE_OBJC_ARC = YES;
				CLANG_ENABLE_OBJC_WEAK = YES;
				CLANG_WARN_BLOCK_CAPTURE_AUTORELEASING = YES;
				CLANG_WARN_BOOL_CONVERSION = YES;
				CLANG_WARN_COMMA = YES;
				CLANG_WARN_CONSTANT_CONVERSION = YES;
				CLANG_WARN_DEPRECATED_OBJC_IMPLEMENTATIONS = YES;
				CLANG_WARN_DIRECT_OBJC_ISA_USAGE = YES_ERROR;
				CLANG_WARN_DOCUMENTATION_COMMENTS = YES;
				CLANG_WARN_EMPTY_BODY = YES;
				CLANG_WARN_ENUM_CONVERSION = YES;
				CLANG_WARN_INFINITE_RECURSION = YES;
				CLANG_WARN_INT_CONVERSION = YES;
				CLANG_WARN_NON_LITERAL_NULL_CONVERSION = YES;
				CLANG_WARN_OBJC_IMPLICIT_RETAIN_SELF = YES;
				CLANG_WARN_OBJC_LITERAL_CONVERSION = YES;
				CLANG_WARN_OBJC_ROOT_CLASS = YES_ERROR;
				CLANG_WARN_QUOTED_INCLUDE_IN_FRAMEWORK_HEADER = YES;
				CLANG_WARN_RANGE_LOOP_ANALYSIS = YES;
				CLANG_WARN_STRICT_PROTOTYPES = YES;
				CLANG_WARN_SUSPICIOUS_MOVE = YES;
				CLANG_WARN_UNGUARDED_AVAILABILITY = YES_AGGRESSIVE;
				CLANG_WARN_UNREACHABLE_CODE = YES;
				CLANG_WARN__DUPLICATE_METHOD_MATCH = YES;
				COPY_PHASE_STRIP = NO;
				CURRENT_PROJECT_VERSION = 1;
				DEBUG_INFORMATION_FORMAT = "dwarf-with-dsym";
				ENABLE_NS_ASSERTIONS = NO;
				ENABLE_STRICT_OBJC_MSGSEND = YES;
				GCC_C_LANGUAGE_STANDARD = gnu11;
				GCC_NO_COMMON_BLOCKS = YES;
				GCC_WARN_64_TO_32_BIT_CONVERSION = YES;
				GCC_WARN_ABOUT_RETURN_TYPE = YES_ERROR;
				GCC_WARN_UNDECLARED_SELECTOR = YES;
				GCC_WARN_UNINITIALIZED_AUTOS = YES_AGGRESSIVE;
				GCC_WARN_UNUSED_FUNCTION = YES;
				GCC_WARN_UNUSED_VARIABLE = YES;
				IPHONEOS_DEPLOYMENT_TARGET = 16.0;
				MTL_ENABLE_DEBUG_INFO = NO;
				MTL_FAST_MATH = YES;
				SDKROOT = iphoneos;
				SWIFT_COMPILATION_MODE = wholemodule;
				SWIFT_OPTIMIZATION_LEVEL = "-O";
				SWIFT_STRICT_CONCURRENCY = complete;
				VALIDATE_PRODUCT = YES;
				VERSIONING_SYSTEM = "apple-generic";
				VERSION_INFO_PREFIX = "";
			};
			name = Release;
		};
		B55D76102916E7F700ABF6E0 /* Debug */ = {
			isa = XCBuildConfiguration;
			buildSettings = {
				CLANG_ENABLE_MODULES = YES;
				CODE_SIGN_STYLE = Automatic;
				CURRENT_PROJECT_VERSION = 1;
				DEFINES_MODULE = YES;
				DEVELOPMENT_ASSET_PATHS = ../Theme/Theme/PreviewContent;
				DEVELOPMENT_TEAM = L3WXSU62XW;
				DYLIB_COMPATIBILITY_VERSION = 1;
				DYLIB_CURRENT_VERSION = 1;
				DYLIB_INSTALL_NAME_BASE = "@rpath";
				GENERATE_INFOPLIST_FILE = YES;
				INFOPLIST_KEY_NSHumanReadableCopyright = "";
				INSTALL_PATH = "$(LOCAL_LIBRARY_DIR)/Frameworks";
				IPHONEOS_DEPLOYMENT_TARGET = 17.0;
				LD_RUNPATH_SEARCH_PATHS = (
					"$(inherited)",
					"@executable_path/Frameworks",
					"@loader_path/Frameworks",
				);
				MACH_O_TYPE = mh_dylib;
				MARKETING_VERSION = 1.0;
				PRODUCT_BUNDLE_IDENTIFIER = com.hydro1337x.UI;
				PRODUCT_NAME = "$(TARGET_NAME:c99extidentifier)";
				SKIP_INSTALL = YES;
				SUPPORTED_PLATFORMS = "iphoneos iphonesimulator";
				SUPPORTS_MACCATALYST = NO;
				SUPPORTS_MAC_DESIGNED_FOR_IPHONE_IPAD = NO;
				SWIFT_EMIT_LOC_STRINGS = YES;
				SWIFT_OPTIMIZATION_LEVEL = "-Onone";
				SWIFT_VERSION = 5.0;
				TARGETED_DEVICE_FAMILY = "1,2";
			};
			name = Debug;
		};
		B55D76112916E7F700ABF6E0 /* Release */ = {
			isa = XCBuildConfiguration;
			buildSettings = {
				CLANG_ENABLE_MODULES = YES;
				CODE_SIGN_STYLE = Automatic;
				CURRENT_PROJECT_VERSION = 1;
				DEFINES_MODULE = YES;
				DEVELOPMENT_ASSET_PATHS = ../Theme/Theme/PreviewContent;
				DEVELOPMENT_TEAM = L3WXSU62XW;
				DYLIB_COMPATIBILITY_VERSION = 1;
				DYLIB_CURRENT_VERSION = 1;
				DYLIB_INSTALL_NAME_BASE = "@rpath";
				GENERATE_INFOPLIST_FILE = YES;
				INFOPLIST_KEY_NSHumanReadableCopyright = "";
				INSTALL_PATH = "$(LOCAL_LIBRARY_DIR)/Frameworks";
				IPHONEOS_DEPLOYMENT_TARGET = 17.0;
				LD_RUNPATH_SEARCH_PATHS = (
					"$(inherited)",
					"@executable_path/Frameworks",
					"@loader_path/Frameworks",
				);
				MACH_O_TYPE = mh_dylib;
				MARKETING_VERSION = 1.0;
				PRODUCT_BUNDLE_IDENTIFIER = com.hydro1337x.UI;
				PRODUCT_NAME = "$(TARGET_NAME:c99extidentifier)";
				SKIP_INSTALL = YES;
				SUPPORTED_PLATFORMS = "iphoneos iphonesimulator";
				SUPPORTS_MACCATALYST = NO;
				SUPPORTS_MAC_DESIGNED_FOR_IPHONE_IPAD = NO;
				SWIFT_EMIT_LOC_STRINGS = YES;
				SWIFT_VERSION = 5.0;
				TARGETED_DEVICE_FAMILY = "1,2";
			};
			name = Release;
		};
		B55D76132916E7F700ABF6E0 /* Debug */ = {
			isa = XCBuildConfiguration;
			buildSettings = {
				ALWAYS_EMBED_SWIFT_STANDARD_LIBRARIES = YES;
				CODE_SIGN_STYLE = Automatic;
				CURRENT_PROJECT_VERSION = 1;
				DEVELOPMENT_TEAM = K8WZF48FXW;
				GENERATE_INFOPLIST_FILE = YES;
				MARKETING_VERSION = 1.0;
				PRODUCT_BUNDLE_IDENTIFIER = com.hydro1337x.UITests;
				PRODUCT_NAME = "$(TARGET_NAME)";
				SWIFT_EMIT_LOC_STRINGS = NO;
				SWIFT_VERSION = 5.0;
				TARGETED_DEVICE_FAMILY = "1,2";
			};
			name = Debug;
		};
		B55D76142916E7F700ABF6E0 /* Release */ = {
			isa = XCBuildConfiguration;
			buildSettings = {
				ALWAYS_EMBED_SWIFT_STANDARD_LIBRARIES = YES;
				CODE_SIGN_STYLE = Automatic;
				CURRENT_PROJECT_VERSION = 1;
				DEVELOPMENT_TEAM = K8WZF48FXW;
				GENERATE_INFOPLIST_FILE = YES;
				MARKETING_VERSION = 1.0;
				PRODUCT_BUNDLE_IDENTIFIER = com.hydro1337x.UITests;
				PRODUCT_NAME = "$(TARGET_NAME)";
				SWIFT_EMIT_LOC_STRINGS = NO;
				SWIFT_VERSION = 5.0;
				TARGETED_DEVICE_FAMILY = "1,2";
			};
			name = Release;
		};
/* End XCBuildConfiguration section */

/* Begin XCConfigurationList section */
		B55D75F72916E7F700ABF6E0 /* Build configuration list for PBXProject "UI" */ = {
			isa = XCConfigurationList;
			buildConfigurations = (
				B55D760D2916E7F700ABF6E0 /* Debug */,
				B55D760E2916E7F700ABF6E0 /* Release */,
			);
			defaultConfigurationIsVisible = 0;
			defaultConfigurationName = Release;
		};
		B55D760F2916E7F700ABF6E0 /* Build configuration list for PBXNativeTarget "UI" */ = {
			isa = XCConfigurationList;
			buildConfigurations = (
				B55D76102916E7F700ABF6E0 /* Debug */,
				B55D76112916E7F700ABF6E0 /* Release */,
			);
			defaultConfigurationIsVisible = 0;
			defaultConfigurationName = Release;
		};
		B55D76122916E7F700ABF6E0 /* Build configuration list for PBXNativeTarget "UITests" */ = {
			isa = XCConfigurationList;
			buildConfigurations = (
				B55D76132916E7F700ABF6E0 /* Debug */,
				B55D76142916E7F700ABF6E0 /* Release */,
			);
			defaultConfigurationIsVisible = 0;
			defaultConfigurationName = Release;
		};
/* End XCConfigurationList section */
	};
	rootObject = B55D75F42916E7F700ABF6E0 /* Project object */;
}
