// !$*UTF8*$!
{
	archiveVersion = 1;
	classes = {
	};
	objectVersion = 56;
	objects = {

/* Begin PBXBuildFile section */
		F807F9B02C0A6C0D00338A6A /* Core in Frameworks */ = {isa = PBXBuildFile; productRef = F807F9AF2C0A6C0D00338A6A /* Core */; };
		F807F9B22C0A6C1000338A6A /* Data in Frameworks */ = {isa = PBXBuildFile; productRef = F807F9B12C0A6C1000338A6A /* Data */; };
		F807F9B42C0A6C1300338A6A /* Domain in Frameworks */ = {isa = PBXBuildFile; productRef = F807F9B32C0A6C1300338A6A /* Domain */; };
		F807F9B62C0A6C1600338A6A /* UI in Frameworks */ = {isa = PBXBuildFile; productRef = F807F9B52C0A6C1600338A6A /* UI */; };
		F8B466602C09D8EA00DFD455 /* Assets.xcassets in Resources */ = {isa = PBXBuildFile; fileRef = F8B4665F2C09D8EA00DFD455 /* Assets.xcassets */; };
		F8B466632C09D8EA00DFD455 /* Preview Assets.xcassets in Resources */ = {isa = PBXBuildFile; fileRef = F8B466622C09D8EA00DFD455 /* Preview Assets.xcassets */; };
		F8B4666D2C09D8EA00DFD455 /* VentiumTests.swift in Sources */ = {isa = PBXBuildFile; fileRef = F8B4666C2C09D8EA00DFD455 /* VentiumTests.swift */; };
		F8B466772C09D8EB00DFD455 /* VentiumUITests.swift in Sources */ = {isa = PBXBuildFile; fileRef = F8B466762C09D8EB00DFD455 /* VentiumUITests.swift */; };
		F8B466792C09D8EB00DFD455 /* VentiumUITestsLaunchTests.swift in Sources */ = {isa = PBXBuildFile; fileRef = F8B466782C09D8EB00DFD455 /* VentiumUITestsLaunchTests.swift */; };
		F8B466B82C0A66B700DFD455 /* AuthCoordinator.swift in Sources */ = {isa = PBXBuildFile; fileRef = F8B4668A2C0A66B600DFD455 /* AuthCoordinator.swift */; };
		F8B466B92C0A66B700DFD455 /* AuthCoordinatorStore.swift in Sources */ = {isa = PBXBuildFile; fileRef = F8B4668B2C0A66B600DFD455 /* AuthCoordinatorStore.swift */; };
		F8B466BA2C0A66B700DFD455 /* HomeScene.swift in Sources */ = {isa = PBXBuildFile; fileRef = F8B4668D2C0A66B600DFD455 /* HomeScene.swift */; };
		F8B466BB2C0A66B700DFD455 /* HomeSceneStore.swift in Sources */ = {isa = PBXBuildFile; fileRef = F8B4668E2C0A66B600DFD455 /* HomeSceneStore.swift */; };
		F8B466BC2C0A66B700DFD455 /* HomeCoordinator.swift in Sources */ = {isa = PBXBuildFile; fileRef = F8B466902C0A66B600DFD455 /* HomeCoordinator.swift */; };
		F8B466BD2C0A66B700DFD455 /* HomeCoordinatorEvent.swift in Sources */ = {isa = PBXBuildFile; fileRef = F8B466912C0A66B600DFD455 /* HomeCoordinatorEvent.swift */; };
		F8B466BE2C0A66B700DFD455 /* HomeCoordinatorStore.swift in Sources */ = {isa = PBXBuildFile; fileRef = F8B466922C0A66B600DFD455 /* HomeCoordinatorStore.swift */; };
		F8B466BF2C0A66B700DFD455 /* NotificationsCoordinator.swift in Sources */ = {isa = PBXBuildFile; fileRef = F8B466942C0A66B600DFD455 /* NotificationsCoordinator.swift */; };
		F8B466C02C0A66B700DFD455 /* ProfileCoordinator.swift in Sources */ = {isa = PBXBuildFile; fileRef = F8B466962C0A66B600DFD455 /* ProfileCoordinator.swift */; };
		F8B466C12C0A66B700DFD455 /* RootCoordinator.swift in Sources */ = {isa = PBXBuildFile; fileRef = F8B466982C0A66B600DFD455 /* RootCoordinator.swift */; };
		F8B466C22C0A66B700DFD455 /* RootCoordinatorEvent.swift in Sources */ = {isa = PBXBuildFile; fileRef = F8B466992C0A66B600DFD455 /* RootCoordinatorEvent.swift */; };
		F8B466C32C0A66B700DFD455 /* RootCoordinatorStore.swift in Sources */ = {isa = PBXBuildFile; fileRef = F8B4669A2C0A66B600DFD455 /* RootCoordinatorStore.swift */; };
		F8B466C42C0A66B700DFD455 /* SearchCoordinator.swift in Sources */ = {isa = PBXBuildFile; fileRef = F8B4669C2C0A66B600DFD455 /* SearchCoordinator.swift */; };
		F8B466C52C0A66B700DFD455 /* TabsCoordinator.swift in Sources */ = {isa = PBXBuildFile; fileRef = F8B4669E2C0A66B600DFD455 /* TabsCoordinator.swift */; };
		F8B466C62C0A66B700DFD455 /* TabsCoordinatorEvent.swift in Sources */ = {isa = PBXBuildFile; fileRef = F8B4669F2C0A66B600DFD455 /* TabsCoordinatorEvent.swift */; };
		F8B466C72C0A66B700DFD455 /* TabsCoordinatorStore.swift in Sources */ = {isa = PBXBuildFile; fileRef = F8B466A02C0A66B600DFD455 /* TabsCoordinatorStore.swift */; };
		F8B466C82C0A66B700DFD455 /* Channel.swift in Sources */ = {isa = PBXBuildFile; fileRef = F8B466A32C0A66B700DFD455 /* Channel.swift */; };
		F8B466C92C0A66B700DFD455 /* NetworkMonitor.swift in Sources */ = {isa = PBXBuildFile; fileRef = F8B466A42C0A66B700DFD455 /* NetworkMonitor.swift */; };
		F8B466CA2C0A66B700DFD455 /* ShakeGesture.swift in Sources */ = {isa = PBXBuildFile; fileRef = F8B466A52C0A66B700DFD455 /* ShakeGesture.swift */; };
		F8B466CB2C0A66B700DFD455 /* NetworkMonitorDecorator.swift in Sources */ = {isa = PBXBuildFile; fileRef = F8B466A72C0A66B700DFD455 /* NetworkMonitorDecorator.swift */; };
		F8B466CC2C0A66B700DFD455 /* VentiumApp.swift in Sources */ = {isa = PBXBuildFile; fileRef = F8B466A92C0A66B700DFD455 /* VentiumApp.swift */; };
		F8B466CD2C0A66B700DFD455 /* DebugView.swift in Sources */ = {isa = PBXBuildFile; fileRef = F8B466AA2C0A66B700DFD455 /* DebugView.swift */; };
		F8B466CE2C0A66B700DFD455 /* IfLetView.swift in Sources */ = {isa = PBXBuildFile; fileRef = F8B466AB2C0A66B700DFD455 /* IfLetView.swift */; };
		F8B466CF2C0A66B700DFD455 /* PathView.swift in Sources */ = {isa = PBXBuildFile; fileRef = F8B466AC2C0A66B700DFD455 /* PathView.swift */; };
		F8B466D02C0A66B700DFD455 /* AuthFactory.swift in Sources */ = {isa = PBXBuildFile; fileRef = F8B466AE2C0A66B700DFD455 /* AuthFactory.swift */; };
		F8B466D12C0A66B700DFD455 /* HomeFactory.swift in Sources */ = {isa = PBXBuildFile; fileRef = F8B466AF2C0A66B700DFD455 /* HomeFactory.swift */; };
		F8B466D22C0A66B700DFD455 /* NotificationsFactory.swift in Sources */ = {isa = PBXBuildFile; fileRef = F8B466B02C0A66B700DFD455 /* NotificationsFactory.swift */; };
		F8B466D32C0A66B700DFD455 /* ProfileFactory.swift in Sources */ = {isa = PBXBuildFile; fileRef = F8B466B12C0A66B700DFD455 /* ProfileFactory.swift */; };
		F8B466D42C0A66B700DFD455 /* RootFactory.swift in Sources */ = {isa = PBXBuildFile; fileRef = F8B466B22C0A66B700DFD455 /* RootFactory.swift */; };
		F8B466D52C0A66B700DFD455 /* SearchFactory.swift in Sources */ = {isa = PBXBuildFile; fileRef = F8B466B32C0A66B700DFD455 /* SearchFactory.swift */; };
		F8B466D62C0A66B700DFD455 /* TabsFactory.swift in Sources */ = {isa = PBXBuildFile; fileRef = F8B466B42C0A66B700DFD455 /* TabsFactory.swift */; };
		F8B466D72C0A66B700DFD455 /* DependencyContainer.swift in Sources */ = {isa = PBXBuildFile; fileRef = F8B466B62C0A66B700DFD455 /* DependencyContainer.swift */; };
/* End PBXBuildFile section */

/* Begin PBXContainerItemProxy section */
		F8B466692C09D8EA00DFD455 /* PBXContainerItemProxy */ = {
			isa = PBXContainerItemProxy;
			containerPortal = F8B466502C09D8E900DFD455 /* Project object */;
			proxyType = 1;
			remoteGlobalIDString = F8B466572C09D8E900DFD455;
			remoteInfo = Ventium;
		};
		F8B466732C09D8EB00DFD455 /* PBXContainerItemProxy */ = {
			isa = PBXContainerItemProxy;
			containerPortal = F8B466502C09D8E900DFD455 /* Project object */;
			proxyType = 1;
			remoteGlobalIDString = F8B466572C09D8E900DFD455;
			remoteInfo = Ventium;
		};
/* End PBXContainerItemProxy section */

/* Begin PBXFileReference section */
		F8B466582C09D8E900DFD455 /* Ventium.app */ = {isa = PBXFileReference; explicitFileType = wrapper.application; includeInIndex = 0; path = Ventium.app; sourceTree = BUILT_PRODUCTS_DIR; };
		F8B4665F2C09D8EA00DFD455 /* Assets.xcassets */ = {isa = PBXFileReference; lastKnownFileType = folder.assetcatalog; path = Assets.xcassets; sourceTree = "<group>"; };
		F8B466622C09D8EA00DFD455 /* Preview Assets.xcassets */ = {isa = PBXFileReference; lastKnownFileType = folder.assetcatalog; path = "Preview Assets.xcassets"; sourceTree = "<group>"; };
		F8B466682C09D8EA00DFD455 /* VentiumTests.xctest */ = {isa = PBXFileReference; explicitFileType = wrapper.cfbundle; includeInIndex = 0; path = VentiumTests.xctest; sourceTree = BUILT_PRODUCTS_DIR; };
		F8B4666C2C09D8EA00DFD455 /* VentiumTests.swift */ = {isa = PBXFileReference; lastKnownFileType = sourcecode.swift; path = VentiumTests.swift; sourceTree = "<group>"; };
		F8B466722C09D8EA00DFD455 /* VentiumUITests.xctest */ = {isa = PBXFileReference; explicitFileType = wrapper.cfbundle; includeInIndex = 0; path = VentiumUITests.xctest; sourceTree = BUILT_PRODUCTS_DIR; };
		F8B466762C09D8EB00DFD455 /* VentiumUITests.swift */ = {isa = PBXFileReference; lastKnownFileType = sourcecode.swift; path = VentiumUITests.swift; sourceTree = "<group>"; };
		F8B466782C09D8EB00DFD455 /* VentiumUITestsLaunchTests.swift */ = {isa = PBXFileReference; lastKnownFileType = sourcecode.swift; path = VentiumUITestsLaunchTests.swift; sourceTree = "<group>"; };
		F8B466852C09D90500DFD455 /* Data */ = {isa = PBXFileReference; lastKnownFileType = wrapper; path = Data; sourceTree = "<group>"; };
		F8B466862C09DCE700DFD455 /* Domain */ = {isa = PBXFileReference; lastKnownFileType = wrapper; path = Domain; sourceTree = "<group>"; };
		F8B466872C09DE5A00DFD455 /* Core */ = {isa = PBXFileReference; lastKnownFileType = wrapper; path = Core; sourceTree = "<group>"; };
		F8B466892C0A642B00DFD455 /* UI */ = {isa = PBXFileReference; lastKnownFileType = wrapper; path = UI; sourceTree = "<group>"; };
		F8B4668A2C0A66B600DFD455 /* AuthCoordinator.swift */ = {isa = PBXFileReference; fileEncoding = 4; lastKnownFileType = sourcecode.swift; path = AuthCoordinator.swift; sourceTree = "<group>"; };
		F8B4668B2C0A66B600DFD455 /* AuthCoordinatorStore.swift */ = {isa = PBXFileReference; fileEncoding = 4; lastKnownFileType = sourcecode.swift; path = AuthCoordinatorStore.swift; sourceTree = "<group>"; };
		F8B4668D2C0A66B600DFD455 /* HomeScene.swift */ = {isa = PBXFileReference; fileEncoding = 4; lastKnownFileType = sourcecode.swift; path = HomeScene.swift; sourceTree = "<group>"; };
		F8B4668E2C0A66B600DFD455 /* HomeSceneStore.swift */ = {isa = PBXFileReference; fileEncoding = 4; lastKnownFileType = sourcecode.swift; path = HomeSceneStore.swift; sourceTree = "<group>"; };
		F8B466902C0A66B600DFD455 /* HomeCoordinator.swift */ = {isa = PBXFileReference; fileEncoding = 4; lastKnownFileType = sourcecode.swift; path = HomeCoordinator.swift; sourceTree = "<group>"; };
		F8B466912C0A66B600DFD455 /* HomeCoordinatorEvent.swift */ = {isa = PBXFileReference; fileEncoding = 4; lastKnownFileType = sourcecode.swift; path = HomeCoordinatorEvent.swift; sourceTree = "<group>"; };
		F8B466922C0A66B600DFD455 /* HomeCoordinatorStore.swift */ = {isa = PBXFileReference; fileEncoding = 4; lastKnownFileType = sourcecode.swift; path = HomeCoordinatorStore.swift; sourceTree = "<group>"; };
		F8B466942C0A66B600DFD455 /* NotificationsCoordinator.swift */ = {isa = PBXFileReference; fileEncoding = 4; lastKnownFileType = sourcecode.swift; path = NotificationsCoordinator.swift; sourceTree = "<group>"; };
		F8B466962C0A66B600DFD455 /* ProfileCoordinator.swift */ = {isa = PBXFileReference; fileEncoding = 4; lastKnownFileType = sourcecode.swift; path = ProfileCoordinator.swift; sourceTree = "<group>"; };
		F8B466982C0A66B600DFD455 /* RootCoordinator.swift */ = {isa = PBXFileReference; fileEncoding = 4; lastKnownFileType = sourcecode.swift; path = RootCoordinator.swift; sourceTree = "<group>"; };
		F8B466992C0A66B600DFD455 /* RootCoordinatorEvent.swift */ = {isa = PBXFileReference; fileEncoding = 4; lastKnownFileType = sourcecode.swift; path = RootCoordinatorEvent.swift; sourceTree = "<group>"; };
		F8B4669A2C0A66B600DFD455 /* RootCoordinatorStore.swift */ = {isa = PBXFileReference; fileEncoding = 4; lastKnownFileType = sourcecode.swift; path = RootCoordinatorStore.swift; sourceTree = "<group>"; };
		F8B4669C2C0A66B600DFD455 /* SearchCoordinator.swift */ = {isa = PBXFileReference; fileEncoding = 4; lastKnownFileType = sourcecode.swift; path = SearchCoordinator.swift; sourceTree = "<group>"; };
		F8B4669E2C0A66B600DFD455 /* TabsCoordinator.swift */ = {isa = PBXFileReference; fileEncoding = 4; lastKnownFileType = sourcecode.swift; path = TabsCoordinator.swift; sourceTree = "<group>"; };
		F8B4669F2C0A66B600DFD455 /* TabsCoordinatorEvent.swift */ = {isa = PBXFileReference; fileEncoding = 4; lastKnownFileType = sourcecode.swift; path = TabsCoordinatorEvent.swift; sourceTree = "<group>"; };
		F8B466A02C0A66B600DFD455 /* TabsCoordinatorStore.swift */ = {isa = PBXFileReference; fileEncoding = 4; lastKnownFileType = sourcecode.swift; path = TabsCoordinatorStore.swift; sourceTree = "<group>"; };
		F8B466A32C0A66B700DFD455 /* Channel.swift */ = {isa = PBXFileReference; fileEncoding = 4; lastKnownFileType = sourcecode.swift; path = Channel.swift; sourceTree = "<group>"; };
		F8B466A42C0A66B700DFD455 /* NetworkMonitor.swift */ = {isa = PBXFileReference; fileEncoding = 4; lastKnownFileType = sourcecode.swift; path = NetworkMonitor.swift; sourceTree = "<group>"; };
		F8B466A52C0A66B700DFD455 /* ShakeGesture.swift */ = {isa = PBXFileReference; fileEncoding = 4; lastKnownFileType = sourcecode.swift; path = ShakeGesture.swift; sourceTree = "<group>"; };
		F8B466A72C0A66B700DFD455 /* NetworkMonitorDecorator.swift */ = {isa = PBXFileReference; fileEncoding = 4; lastKnownFileType = sourcecode.swift; path = NetworkMonitorDecorator.swift; sourceTree = "<group>"; };
		F8B466A92C0A66B700DFD455 /* VentiumApp.swift */ = {isa = PBXFileReference; fileEncoding = 4; lastKnownFileType = sourcecode.swift; path = VentiumApp.swift; sourceTree = "<group>"; };
		F8B466AA2C0A66B700DFD455 /* DebugView.swift */ = {isa = PBXFileReference; fileEncoding = 4; lastKnownFileType = sourcecode.swift; path = DebugView.swift; sourceTree = "<group>"; };
		F8B466AB2C0A66B700DFD455 /* IfLetView.swift */ = {isa = PBXFileReference; fileEncoding = 4; lastKnownFileType = sourcecode.swift; path = IfLetView.swift; sourceTree = "<group>"; };
		F8B466AC2C0A66B700DFD455 /* PathView.swift */ = {isa = PBXFileReference; fileEncoding = 4; lastKnownFileType = sourcecode.swift; path = PathView.swift; sourceTree = "<group>"; };
		F8B466AE2C0A66B700DFD455 /* AuthFactory.swift */ = {isa = PBXFileReference; fileEncoding = 4; lastKnownFileType = sourcecode.swift; path = AuthFactory.swift; sourceTree = "<group>"; };
		F8B466AF2C0A66B700DFD455 /* HomeFactory.swift */ = {isa = PBXFileReference; fileEncoding = 4; lastKnownFileType = sourcecode.swift; path = HomeFactory.swift; sourceTree = "<group>"; };
		F8B466B02C0A66B700DFD455 /* NotificationsFactory.swift */ = {isa = PBXFileReference; fileEncoding = 4; lastKnownFileType = sourcecode.swift; path = NotificationsFactory.swift; sourceTree = "<group>"; };
		F8B466B12C0A66B700DFD455 /* ProfileFactory.swift */ = {isa = PBXFileReference; fileEncoding = 4; lastKnownFileType = sourcecode.swift; path = ProfileFactory.swift; sourceTree = "<group>"; };
		F8B466B22C0A66B700DFD455 /* RootFactory.swift */ = {isa = PBXFileReference; fileEncoding = 4; lastKnownFileType = sourcecode.swift; path = RootFactory.swift; sourceTree = "<group>"; };
		F8B466B32C0A66B700DFD455 /* SearchFactory.swift */ = {isa = PBXFileReference; fileEncoding = 4; lastKnownFileType = sourcecode.swift; path = SearchFactory.swift; sourceTree = "<group>"; };
		F8B466B42C0A66B700DFD455 /* TabsFactory.swift */ = {isa = PBXFileReference; fileEncoding = 4; lastKnownFileType = sourcecode.swift; path = TabsFactory.swift; sourceTree = "<group>"; };
		F8B466B62C0A66B700DFD455 /* DependencyContainer.swift */ = {isa = PBXFileReference; fileEncoding = 4; lastKnownFileType = sourcecode.swift; path = DependencyContainer.swift; sourceTree = "<group>"; };
/* End PBXFileReference section */

/* Begin PBXFrameworksBuildPhase section */
		F8B466552C09D8E900DFD455 /* Frameworks */ = {
			isa = PBXFrameworksBuildPhase;
			buildActionMask = 2147483647;
			files = (
				F807F9B62C0A6C1600338A6A /* UI in Frameworks */,
				F807F9B42C0A6C1300338A6A /* Domain in Frameworks */,
				F807F9B22C0A6C1000338A6A /* Data in Frameworks */,
				F807F9B02C0A6C0D00338A6A /* Core in Frameworks */,
			);
			runOnlyForDeploymentPostprocessing = 0;
		};
		F8B466652C09D8EA00DFD455 /* Frameworks */ = {
			isa = PBXFrameworksBuildPhase;
			buildActionMask = 2147483647;
			files = (
			);
			runOnlyForDeploymentPostprocessing = 0;
		};
		F8B4666F2C09D8EA00DFD455 /* Frameworks */ = {
			isa = PBXFrameworksBuildPhase;
			buildActionMask = 2147483647;
			files = (
			);
			runOnlyForDeploymentPostprocessing = 0;
		};
/* End PBXFrameworksBuildPhase section */

/* Begin PBXGroup section */
		F8B4664F2C09D8E900DFD455 = {
			isa = PBXGroup;
			children = (
				F8B466892C0A642B00DFD455 /* UI */,
				F8B466872C09DE5A00DFD455 /* Core */,
				F8B466862C09DCE700DFD455 /* Domain */,
				F8B466852C09D90500DFD455 /* Data */,
				F8B4665A2C09D8E900DFD455 /* Ventium */,
				F8B4666B2C09D8EA00DFD455 /* VentiumTests */,
				F8B466752C09D8EB00DFD455 /* VentiumUITests */,
				F8B466592C09D8E900DFD455 /* Products */,
				F8B466D82C0A66CD00DFD455 /* Frameworks */,
			);
			sourceTree = "<group>";
		};
		F8B466592C09D8E900DFD455 /* Products */ = {
			isa = PBXGroup;
			children = (
				F8B466582C09D8E900DFD455 /* Ventium.app */,
				F8B466682C09D8EA00DFD455 /* VentiumTests.xctest */,
				F8B466722C09D8EA00DFD455 /* VentiumUITests.xctest */,
			);
			name = Products;
			sourceTree = "<group>";
		};
		F8B4665A2C09D8E900DFD455 /* Ventium */ = {
			isa = PBXGroup;
			children = (
				F8B466AD2C0A66B700DFD455 /* Components */,
				F8B466B72C0A66B700DFD455 /* CompositionRoot */,
				F8B466A22C0A66B600DFD455 /* Coordinators */,
				F8B466A82C0A66B700DFD455 /* Decorators */,
				F8B466A62C0A66B700DFD455 /* Utilities */,
				F8B466A92C0A66B700DFD455 /* VentiumApp.swift */,
				F8B4665F2C09D8EA00DFD455 /* Assets.xcassets */,
				F8B466612C09D8EA00DFD455 /* Preview Content */,
			);
			path = Ventium;
			sourceTree = "<group>";
		};
		F8B466612C09D8EA00DFD455 /* Preview Content */ = {
			isa = PBXGroup;
			children = (
				F8B466622C09D8EA00DFD455 /* Preview Assets.xcassets */,
			);
			path = "Preview Content";
			sourceTree = "<group>";
		};
		F8B4666B2C09D8EA00DFD455 /* VentiumTests */ = {
			isa = PBXGroup;
			children = (
				F8B4666C2C09D8EA00DFD455 /* VentiumTests.swift */,
			);
			path = VentiumTests;
			sourceTree = "<group>";
		};
		F8B466752C09D8EB00DFD455 /* VentiumUITests */ = {
			isa = PBXGroup;
			children = (
				F8B466762C09D8EB00DFD455 /* VentiumUITests.swift */,
				F8B466782C09D8EB00DFD455 /* VentiumUITestsLaunchTests.swift */,
			);
			path = VentiumUITests;
			sourceTree = "<group>";
		};
		F8B4668C2C0A66B600DFD455 /* Auth */ = {
			isa = PBXGroup;
			children = (
				F8B4668A2C0A66B600DFD455 /* AuthCoordinator.swift */,
				F8B4668B2C0A66B600DFD455 /* AuthCoordinatorStore.swift */,
			);
			path = Auth;
			sourceTree = "<group>";
		};
		F8B4668F2C0A66B600DFD455 /* Scenes */ = {
			isa = PBXGroup;
			children = (
				F8B4668D2C0A66B600DFD455 /* HomeScene.swift */,
				F8B4668E2C0A66B600DFD455 /* HomeSceneStore.swift */,
			);
			path = Scenes;
			sourceTree = "<group>";
		};
		F8B466932C0A66B600DFD455 /* Home */ = {
			isa = PBXGroup;
			children = (
				F8B4668F2C0A66B600DFD455 /* Scenes */,
				F8B466902C0A66B600DFD455 /* HomeCoordinator.swift */,
				F8B466912C0A66B600DFD455 /* HomeCoordinatorEvent.swift */,
				F8B466922C0A66B600DFD455 /* HomeCoordinatorStore.swift */,
			);
			path = Home;
			sourceTree = "<group>";
		};
		F8B466952C0A66B600DFD455 /* Notifications */ = {
			isa = PBXGroup;
			children = (
				F8B466942C0A66B600DFD455 /* NotificationsCoordinator.swift */,
			);
			path = Notifications;
			sourceTree = "<group>";
		};
		F8B466972C0A66B600DFD455 /* Profile */ = {
			isa = PBXGroup;
			children = (
				F8B466962C0A66B600DFD455 /* ProfileCoordinator.swift */,
			);
			path = Profile;
			sourceTree = "<group>";
		};
		F8B4669B2C0A66B600DFD455 /* Root */ = {
			isa = PBXGroup;
			children = (
				F8B466982C0A66B600DFD455 /* RootCoordinator.swift */,
				F8B466992C0A66B600DFD455 /* RootCoordinatorEvent.swift */,
				F8B4669A2C0A66B600DFD455 /* RootCoordinatorStore.swift */,
			);
			path = Root;
			sourceTree = "<group>";
		};
		F8B4669D2C0A66B600DFD455 /* Search */ = {
			isa = PBXGroup;
			children = (
				F8B4669C2C0A66B600DFD455 /* SearchCoordinator.swift */,
			);
			path = Search;
			sourceTree = "<group>";
		};
		F8B466A12C0A66B600DFD455 /* Tabs */ = {
			isa = PBXGroup;
			children = (
				F8B4669E2C0A66B600DFD455 /* TabsCoordinator.swift */,
				F8B4669F2C0A66B600DFD455 /* TabsCoordinatorEvent.swift */,
				F8B466A02C0A66B600DFD455 /* TabsCoordinatorStore.swift */,
			);
			path = Tabs;
			sourceTree = "<group>";
		};
		F8B466A22C0A66B600DFD455 /* Coordinators */ = {
			isa = PBXGroup;
			children = (
				F8B4668C2C0A66B600DFD455 /* Auth */,
				F8B466932C0A66B600DFD455 /* Home */,
				F8B466952C0A66B600DFD455 /* Notifications */,
				F8B466972C0A66B600DFD455 /* Profile */,
				F8B4669B2C0A66B600DFD455 /* Root */,
				F8B4669D2C0A66B600DFD455 /* Search */,
				F8B466A12C0A66B600DFD455 /* Tabs */,
			);
			path = Coordinators;
			sourceTree = "<group>";
		};
		F8B466A62C0A66B700DFD455 /* Utilities */ = {
			isa = PBXGroup;
			children = (
				F8B466A32C0A66B700DFD455 /* Channel.swift */,
				F8B466A42C0A66B700DFD455 /* NetworkMonitor.swift */,
				F8B466A52C0A66B700DFD455 /* ShakeGesture.swift */,
			);
			path = Utilities;
			sourceTree = "<group>";
		};
		F8B466A82C0A66B700DFD455 /* Decorators */ = {
			isa = PBXGroup;
			children = (
				F8B466A72C0A66B700DFD455 /* NetworkMonitorDecorator.swift */,
			);
			path = Decorators;
			sourceTree = "<group>";
		};
		F8B466AD2C0A66B700DFD455 /* Components */ = {
			isa = PBXGroup;
			children = (
				F8B466AA2C0A66B700DFD455 /* DebugView.swift */,
				F8B466AB2C0A66B700DFD455 /* IfLetView.swift */,
				F8B466AC2C0A66B700DFD455 /* PathView.swift */,
			);
			path = Components;
			sourceTree = "<group>";
		};
		F8B466B52C0A66B700DFD455 /* Factories */ = {
			isa = PBXGroup;
			children = (
				F8B466AE2C0A66B700DFD455 /* AuthFactory.swift */,
				F8B466AF2C0A66B700DFD455 /* HomeFactory.swift */,
				F8B466B02C0A66B700DFD455 /* NotificationsFactory.swift */,
				F8B466B12C0A66B700DFD455 /* ProfileFactory.swift */,
				F8B466B22C0A66B700DFD455 /* RootFactory.swift */,
				F8B466B32C0A66B700DFD455 /* SearchFactory.swift */,
				F8B466B42C0A66B700DFD455 /* TabsFactory.swift */,
			);
			path = Factories;
			sourceTree = "<group>";
		};
		F8B466B72C0A66B700DFD455 /* CompositionRoot */ = {
			isa = PBXGroup;
			children = (
				F8B466B52C0A66B700DFD455 /* Factories */,
				F8B466B62C0A66B700DFD455 /* DependencyContainer.swift */,
			);
			path = CompositionRoot;
			sourceTree = "<group>";
		};
		F8B466D82C0A66CD00DFD455 /* Frameworks */ = {
			isa = PBXGroup;
			children = (
			);
			name = Frameworks;
			sourceTree = "<group>";
		};
/* End PBXGroup section */

/* Begin PBXNativeTarget section */
		F8B466572C09D8E900DFD455 /* Ventium */ = {
			isa = PBXNativeTarget;
			buildConfigurationList = F8B4667C2C09D8EB00DFD455 /* Build configuration list for PBXNativeTarget "Ventium" */;
			buildPhases = (
				F8B466542C09D8E900DFD455 /* Sources */,
				F8B466552C09D8E900DFD455 /* Frameworks */,
				F8B466562C09D8E900DFD455 /* Resources */,
			);
			buildRules = (
			);
			dependencies = (
			);
			name = Ventium;
			packageProductDependencies = (
				F807F9AF2C0A6C0D00338A6A /* Core */,
				F807F9B12C0A6C1000338A6A /* Data */,
				F807F9B32C0A6C1300338A6A /* Domain */,
				F807F9B52C0A6C1600338A6A /* UI */,
			);
			productName = Ventium;
			productReference = F8B466582C09D8E900DFD455 /* Ventium.app */;
			productType = "com.apple.product-type.application";
		};
		F8B466672C09D8EA00DFD455 /* VentiumTests */ = {
			isa = PBXNativeTarget;
			buildConfigurationList = F8B4667F2C09D8EB00DFD455 /* Build configuration list for PBXNativeTarget "VentiumTests" */;
			buildPhases = (
				F8B466642C09D8EA00DFD455 /* Sources */,
				F8B466652C09D8EA00DFD455 /* Frameworks */,
				F8B466662C09D8EA00DFD455 /* Resources */,
			);
			buildRules = (
			);
			dependencies = (
				F8B4666A2C09D8EA00DFD455 /* PBXTargetDependency */,
			);
			name = VentiumTests;
			productName = VentiumTests;
			productReference = F8B466682C09D8EA00DFD455 /* VentiumTests.xctest */;
			productType = "com.apple.product-type.bundle.unit-test";
		};
		F8B466712C09D8EA00DFD455 /* VentiumUITests */ = {
			isa = PBXNativeTarget;
			buildConfigurationList = F8B466822C09D8EB00DFD455 /* Build configuration list for PBXNativeTarget "VentiumUITests" */;
			buildPhases = (
				F8B4666E2C09D8EA00DFD455 /* Sources */,
				F8B4666F2C09D8EA00DFD455 /* Frameworks */,
				F8B466702C09D8EA00DFD455 /* Resources */,
			);
			buildRules = (
			);
			dependencies = (
				F8B466742C09D8EB00DFD455 /* PBXTargetDependency */,
			);
			name = VentiumUITests;
			productName = VentiumUITests;
			productReference = F8B466722C09D8EA00DFD455 /* VentiumUITests.xctest */;
			productType = "com.apple.product-type.bundle.ui-testing";
		};
/* End PBXNativeTarget section */

/* Begin PBXProject section */
		F8B466502C09D8E900DFD455 /* Project object */ = {
			isa = PBXProject;
			attributes = {
				BuildIndependentTargetsInParallel = 1;
				LastSwiftUpdateCheck = 1540;
				LastUpgradeCheck = 1540;
				TargetAttributes = {
					F8B466572C09D8E900DFD455 = {
						CreatedOnToolsVersion = 15.4;
						LastSwiftMigration = 1540;
					};
					F8B466672C09D8EA00DFD455 = {
						CreatedOnToolsVersion = 15.4;
						TestTargetID = F8B466572C09D8E900DFD455;
					};
					F8B466712C09D8EA00DFD455 = {
						CreatedOnToolsVersion = 15.4;
						TestTargetID = F8B466572C09D8E900DFD455;
					};
				};
			};
			buildConfigurationList = F8B466532C09D8E900DFD455 /* Build configuration list for PBXProject "Ventium" */;
			compatibilityVersion = "Xcode 14.0";
			developmentRegion = en;
			hasScannedForEncodings = 0;
			knownRegions = (
				en,
				Base,
			);
			mainGroup = F8B4664F2C09D8E900DFD455;
			packageReferences = (
			);
			productRefGroup = F8B466592C09D8E900DFD455 /* Products */;
			projectDirPath = "";
			projectRoot = "";
			targets = (
				F8B466572C09D8E900DFD455 /* Ventium */,
				F8B466672C09D8EA00DFD455 /* VentiumTests */,
				F8B466712C09D8EA00DFD455 /* VentiumUITests */,
			);
		};
/* End PBXProject section */

/* Begin PBXResourcesBuildPhase section */
		F8B466562C09D8E900DFD455 /* Resources */ = {
			isa = PBXResourcesBuildPhase;
			buildActionMask = 2147483647;
			files = (
				F8B466632C09D8EA00DFD455 /* Preview Assets.xcassets in Resources */,
				F8B466602C09D8EA00DFD455 /* Assets.xcassets in Resources */,
			);
			runOnlyForDeploymentPostprocessing = 0;
		};
		F8B466662C09D8EA00DFD455 /* Resources */ = {
			isa = PBXResourcesBuildPhase;
			buildActionMask = 2147483647;
			files = (
			);
			runOnlyForDeploymentPostprocessing = 0;
		};
		F8B466702C09D8EA00DFD455 /* Resources */ = {
			isa = PBXResourcesBuildPhase;
			buildActionMask = 2147483647;
			files = (
			);
			runOnlyForDeploymentPostprocessing = 0;
		};
/* End PBXResourcesBuildPhase section */

/* Begin PBXSourcesBuildPhase section */
		F8B466542C09D8E900DFD455 /* Sources */ = {
			isa = PBXSourcesBuildPhase;
			buildActionMask = 2147483647;
			files = (
				F8B466C72C0A66B700DFD455 /* TabsCoordinatorStore.swift in Sources */,
				F8B466CF2C0A66B700DFD455 /* PathView.swift in Sources */,
				F8B466BD2C0A66B700DFD455 /* HomeCoordinatorEvent.swift in Sources */,
				F8B466CA2C0A66B700DFD455 /* ShakeGesture.swift in Sources */,
				F8B466C42C0A66B700DFD455 /* SearchCoordinator.swift in Sources */,
				F8B466BE2C0A66B700DFD455 /* HomeCoordinatorStore.swift in Sources */,
				F8B466C82C0A66B700DFD455 /* Channel.swift in Sources */,
				F8B466C32C0A66B700DFD455 /* RootCoordinatorStore.swift in Sources */,
				F8B466C12C0A66B700DFD455 /* RootCoordinator.swift in Sources */,
				F8B466C92C0A66B700DFD455 /* NetworkMonitor.swift in Sources */,
				F8B466CB2C0A66B700DFD455 /* NetworkMonitorDecorator.swift in Sources */,
				F8B466CE2C0A66B700DFD455 /* IfLetView.swift in Sources */,
				F8B466D62C0A66B700DFD455 /* TabsFactory.swift in Sources */,
				F8B466CD2C0A66B700DFD455 /* DebugView.swift in Sources */,
				F8B466BA2C0A66B700DFD455 /* HomeScene.swift in Sources */,
				F8B466B92C0A66B700DFD455 /* AuthCoordinatorStore.swift in Sources */,
				F8B466D22C0A66B700DFD455 /* NotificationsFactory.swift in Sources */,
				F8B466D32C0A66B700DFD455 /* ProfileFactory.swift in Sources */,
				F8B466D02C0A66B700DFD455 /* AuthFactory.swift in Sources */,
				F8B466BC2C0A66B700DFD455 /* HomeCoordinator.swift in Sources */,
				F8B466B82C0A66B700DFD455 /* AuthCoordinator.swift in Sources */,
				F8B466C22C0A66B700DFD455 /* RootCoordinatorEvent.swift in Sources */,
				F8B466D72C0A66B700DFD455 /* DependencyContainer.swift in Sources */,
				F8B466CC2C0A66B700DFD455 /* VentiumApp.swift in Sources */,
				F8B466D52C0A66B700DFD455 /* SearchFactory.swift in Sources */,
				F8B466C52C0A66B700DFD455 /* TabsCoordinator.swift in Sources */,
				F8B466BB2C0A66B700DFD455 /* HomeSceneStore.swift in Sources */,
				F8B466C02C0A66B700DFD455 /* ProfileCoordinator.swift in Sources */,
				F8B466D12C0A66B700DFD455 /* HomeFactory.swift in Sources */,
				F8B466D42C0A66B700DFD455 /* RootFactory.swift in Sources */,
				F8B466BF2C0A66B700DFD455 /* NotificationsCoordinator.swift in Sources */,
				F8B466C62C0A66B700DFD455 /* TabsCoordinatorEvent.swift in Sources */,
			);
			runOnlyForDeploymentPostprocessing = 0;
		};
		F8B466642C09D8EA00DFD455 /* Sources */ = {
			isa = PBXSourcesBuildPhase;
			buildActionMask = 2147483647;
			files = (
				F8B4666D2C09D8EA00DFD455 /* VentiumTests.swift in Sources */,
			);
			runOnlyForDeploymentPostprocessing = 0;
		};
		F8B4666E2C09D8EA00DFD455 /* Sources */ = {
			isa = PBXSourcesBuildPhase;
			buildActionMask = 2147483647;
			files = (
				F8B466772C09D8EB00DFD455 /* VentiumUITests.swift in Sources */,
				F8B466792C09D8EB00DFD455 /* VentiumUITestsLaunchTests.swift in Sources */,
			);
			runOnlyForDeploymentPostprocessing = 0;
		};
/* End PBXSourcesBuildPhase section */

/* Begin PBXTargetDependency section */
		F8B4666A2C09D8EA00DFD455 /* PBXTargetDependency */ = {
			isa = PBXTargetDependency;
			target = F8B466572C09D8E900DFD455 /* Ventium */;
			targetProxy = F8B466692C09D8EA00DFD455 /* PBXContainerItemProxy */;
		};
		F8B466742C09D8EB00DFD455 /* PBXTargetDependency */ = {
			isa = PBXTargetDependency;
			target = F8B466572C09D8E900DFD455 /* Ventium */;
			targetProxy = F8B466732C09D8EB00DFD455 /* PBXContainerItemProxy */;
		};
/* End PBXTargetDependency section */

/* Begin XCBuildConfiguration section */
		F8B4667A2C09D8EB00DFD455 /* Debug */ = {
			isa = XCBuildConfiguration;
			buildSettings = {
				ALWAYS_SEARCH_USER_PATHS = NO;
				ASSETCATALOG_COMPILER_GENERATE_SWIFT_ASSET_SYMBOL_EXTENSIONS = YES;
				CLANG_ANALYZER_NONNULL = YES;
				CLANG_ANALYZER_NUMBER_OBJECT_CONVERSION = YES_AGGRESSIVE;
				CLANG_CXX_LANGUAGE_STANDARD = "gnu++20";
				CLANG_ENABLE_MODULES = YES;
				CLANG_ENABLE_OBJC_ARC = YES;
				CLANG_ENABLE_OBJC_WEAK = YES;
				CLANG_WARN_BLOCK_CAPTURE_AUTORELEASING = YES;
				CLANG_WARN_BOOL_CONVERSION = YES;
				CLANG_WARN_COMMA = YES;
				CLANG_WARN_CONSTANT_CONVERSION = YES;
				CLANG_WARN_DEPRECATED_OBJC_IMPLEMENTATIONS = YES;
				CLANG_WARN_DIRECT_OBJC_ISA_USAGE = YES_ERROR;
				CLANG_WARN_DOCUMENTATION_COMMENTS = YES;
				CLANG_WARN_EMPTY_BODY = YES;
				CLANG_WARN_ENUM_CONVERSION = YES;
				CLANG_WARN_INFINITE_RECURSION = YES;
				CLANG_WARN_INT_CONVERSION = YES;
				CLANG_WARN_NON_LITERAL_NULL_CONVERSION = YES;
				CLANG_WARN_OBJC_IMPLICIT_RETAIN_SELF = YES;
				CLANG_WARN_OBJC_LITERAL_CONVERSION = YES;
				CLANG_WARN_OBJC_ROOT_CLASS = YES_ERROR;
				CLANG_WARN_QUOTED_INCLUDE_IN_FRAMEWORK_HEADER = YES;
				CLANG_WARN_RANGE_LOOP_ANALYSIS = YES;
				CLANG_WARN_STRICT_PROTOTYPES = YES;
				CLANG_WARN_SUSPICIOUS_MOVE = YES;
				CLANG_WARN_UNGUARDED_AVAILABILITY = YES_AGGRESSIVE;
				CLANG_WARN_UNREACHABLE_CODE = YES;
				CLANG_WARN__DUPLICATE_METHOD_MATCH = YES;
				COPY_PHASE_STRIP = NO;
				DEBUG_INFORMATION_FORMAT = dwarf;
				ENABLE_STRICT_OBJC_MSGSEND = YES;
				ENABLE_TESTABILITY = YES;
				ENABLE_USER_SCRIPT_SANDBOXING = YES;
				GCC_C_LANGUAGE_STANDARD = gnu17;
				GCC_DYNAMIC_NO_PIC = NO;
				GCC_NO_COMMON_BLOCKS = YES;
				GCC_OPTIMIZATION_LEVEL = 0;
				GCC_PREPROCESSOR_DEFINITIONS = (
					"DEBUG=1",
					"$(inherited)",
				);
				GCC_WARN_64_TO_32_BIT_CONVERSION = YES;
				GCC_WARN_ABOUT_RETURN_TYPE = YES_ERROR;
				GCC_WARN_UNDECLARED_SELECTOR = YES;
				GCC_WARN_UNINITIALIZED_AUTOS = YES_AGGRESSIVE;
				GCC_WARN_UNUSED_FUNCTION = YES;
				GCC_WARN_UNUSED_VARIABLE = YES;
				IPHONEOS_DEPLOYMENT_TARGET = 17.5;
				LOCALIZATION_PREFERS_STRING_CATALOGS = YES;
				MTL_ENABLE_DEBUG_INFO = INCLUDE_SOURCE;
				MTL_FAST_MATH = YES;
				ONLY_ACTIVE_ARCH = YES;
				SDKROOT = iphoneos;
				SWIFT_ACTIVE_COMPILATION_CONDITIONS = "DEBUG $(inherited)";
				SWIFT_OPTIMIZATION_LEVEL = "-Onone";
			};
			name = Debug;
		};
		F8B4667B2C09D8EB00DFD455 /* Release */ = {
			isa = XCBuildConfiguration;
			buildSettings = {
				ALWAYS_SEARCH_USER_PATHS = NO;
				ASSETCATALOG_COMPILER_GENERATE_SWIFT_ASSET_SYMBOL_EXTENSIONS = YES;
				CLANG_ANALYZER_NONNULL = YES;
				CLANG_ANALYZER_NUMBER_OBJECT_CONVERSION = YES_AGGRESSIVE;
				CLANG_CXX_LANGUAGE_STANDARD = "gnu++20";
				CLANG_ENABLE_MODULES = YES;
				CLANG_ENABLE_OBJC_ARC = YES;
				CLANG_ENABLE_OBJC_WEAK = YES;
				CLANG_WARN_BLOCK_CAPTURE_AUTORELEASING = YES;
				CLANG_WARN_BOOL_CONVERSION = YES;
				CLANG_WARN_COMMA = YES;
				CLANG_WARN_CONSTANT_CONVERSION = YES;
				CLANG_WARN_DEPRECATED_OBJC_IMPLEMENTATIONS = YES;
				CLANG_WARN_DIRECT_OBJC_ISA_USAGE = YES_ERROR;
				CLANG_WARN_DOCUMENTATION_COMMENTS = YES;
				CLANG_WARN_EMPTY_BODY = YES;
				CLANG_WARN_ENUM_CONVERSION = YES;
				CLANG_WARN_INFINITE_RECURSION = YES;
				CLANG_WARN_INT_CONVERSION = YES;
				CLANG_WARN_NON_LITERAL_NULL_CONVERSION = YES;
				CLANG_WARN_OBJC_IMPLICIT_RETAIN_SELF = YES;
				CLANG_WARN_OBJC_LITERAL_CONVERSION = YES;
				CLANG_WARN_OBJC_ROOT_CLASS = YES_ERROR;
				CLANG_WARN_QUOTED_INCLUDE_IN_FRAMEWORK_HEADER = YES;
				CLANG_WARN_RANGE_LOOP_ANALYSIS = YES;
				CLANG_WARN_STRICT_PROTOTYPES = YES;
				CLANG_WARN_SUSPICIOUS_MOVE = YES;
				CLANG_WARN_UNGUARDED_AVAILABILITY = YES_AGGRESSIVE;
				CLANG_WARN_UNREACHABLE_CODE = YES;
				CLANG_WARN__DUPLICATE_METHOD_MATCH = YES;
				COPY_PHASE_STRIP = NO;
				DEBUG_INFORMATION_FORMAT = "dwarf-with-dsym";
				ENABLE_NS_ASSERTIONS = NO;
				ENABLE_STRICT_OBJC_MSGSEND = YES;
				ENABLE_USER_SCRIPT_SANDBOXING = YES;
				GCC_C_LANGUAGE_STANDARD = gnu17;
				GCC_NO_COMMON_BLOCKS = YES;
				GCC_WARN_64_TO_32_BIT_CONVERSION = YES;
				GCC_WARN_ABOUT_RETURN_TYPE = YES_ERROR;
				GCC_WARN_UNDECLARED_SELECTOR = YES;
				GCC_WARN_UNINITIALIZED_AUTOS = YES_AGGRESSIVE;
				GCC_WARN_UNUSED_FUNCTION = YES;
				GCC_WARN_UNUSED_VARIABLE = YES;
				IPHONEOS_DEPLOYMENT_TARGET = 17.5;
				LOCALIZATION_PREFERS_STRING_CATALOGS = YES;
				MTL_ENABLE_DEBUG_INFO = NO;
				MTL_FAST_MATH = YES;
				SDKROOT = iphoneos;
				SWIFT_COMPILATION_MODE = wholemodule;
				VALIDATE_PRODUCT = YES;
			};
			name = Release;
		};
		F8B4667D2C09D8EB00DFD455 /* Debug */ = {
			isa = XCBuildConfiguration;
			buildSettings = {
				ASSETCATALOG_COMPILER_APPICON_NAME = AppIcon;
				ASSETCATALOG_COMPILER_GLOBAL_ACCENT_COLOR_NAME = AccentColor;
				CLANG_ENABLE_MODULES = YES;
				CODE_SIGN_STYLE = Automatic;
				CURRENT_PROJECT_VERSION = 1;
				DEVELOPMENT_ASSET_PATHS = "\"Ventium/Preview Content\"";
				DEVELOPMENT_TEAM = L3WXSU62XW;
				ENABLE_PREVIEWS = YES;
				GENERATE_INFOPLIST_FILE = YES;
				INFOPLIST_KEY_UIApplicationSceneManifest_Generation = YES;
				INFOPLIST_KEY_UIApplicationSupportsIndirectInputEvents = YES;
				INFOPLIST_KEY_UILaunchScreen_Generation = YES;
				INFOPLIST_KEY_UISupportedInterfaceOrientations_iPad = "UIInterfaceOrientationPortrait UIInterfaceOrientationPortraitUpsideDown UIInterfaceOrientationLandscapeLeft UIInterfaceOrientationLandscapeRight";
				INFOPLIST_KEY_UISupportedInterfaceOrientations_iPhone = "UIInterfaceOrientationPortrait UIInterfaceOrientationLandscapeLeft UIInterfaceOrientationLandscapeRight";
				LD_RUNPATH_SEARCH_PATHS = (
					"$(inherited)",
					"@executable_path/Frameworks",
				);
				MARKETING_VERSION = 1.0;
				PRODUCT_BUNDLE_IDENTIFIER = com.hydro1337x.Ventium;
				PRODUCT_NAME = "$(TARGET_NAME)";
				SWIFT_EMIT_LOC_STRINGS = YES;
				SWIFT_OPTIMIZATION_LEVEL = "-Onone";
				SWIFT_VERSION = 5.0;
				TARGETED_DEVICE_FAMILY = "1,2";
			};
			name = Debug;
		};
		F8B4667E2C09D8EB00DFD455 /* Release */ = {
			isa = XCBuildConfiguration;
			buildSettings = {
				ASSETCATALOG_COMPILER_APPICON_NAME = AppIcon;
				ASSETCATALOG_COMPILER_GLOBAL_ACCENT_COLOR_NAME = AccentColor;
				CLANG_ENABLE_MODULES = YES;
				CODE_SIGN_STYLE = Automatic;
				CURRENT_PROJECT_VERSION = 1;
				DEVELOPMENT_ASSET_PATHS = "\"Ventium/Preview Content\"";
				DEVELOPMENT_TEAM = L3WXSU62XW;
				ENABLE_PREVIEWS = YES;
				GENERATE_INFOPLIST_FILE = YES;
				INFOPLIST_KEY_UIApplicationSceneManifest_Generation = YES;
				INFOPLIST_KEY_UIApplicationSupportsIndirectInputEvents = YES;
				INFOPLIST_KEY_UILaunchScreen_Generation = YES;
				INFOPLIST_KEY_UISupportedInterfaceOrientations_iPad = "UIInterfaceOrientationPortrait UIInterfaceOrientationPortraitUpsideDown UIInterfaceOrientationLandscapeLeft UIInterfaceOrientationLandscapeRight";
				INFOPLIST_KEY_UISupportedInterfaceOrientations_iPhone = "UIInterfaceOrientationPortrait UIInterfaceOrientationLandscapeLeft UIInterfaceOrientationLandscapeRight";
				LD_RUNPATH_SEARCH_PATHS = (
					"$(inherited)",
					"@executable_path/Frameworks",
				);
				MARKETING_VERSION = 1.0;
				PRODUCT_BUNDLE_IDENTIFIER = com.hydro1337x.Ventium;
				PRODUCT_NAME = "$(TARGET_NAME)";
				SWIFT_EMIT_LOC_STRINGS = YES;
				SWIFT_VERSION = 5.0;
				TARGETED_DEVICE_FAMILY = "1,2";
			};
			name = Release;
		};
		F8B466802C09D8EB00DFD455 /* Debug */ = {
			isa = XCBuildConfiguration;
			buildSettings = {
				ALWAYS_EMBED_SWIFT_STANDARD_LIBRARIES = YES;
				BUNDLE_LOADER = "$(TEST_HOST)";
				CODE_SIGN_STYLE = Automatic;
				CURRENT_PROJECT_VERSION = 1;
				DEVELOPMENT_TEAM = L3WXSU62XW;
				GENERATE_INFOPLIST_FILE = YES;
				IPHONEOS_DEPLOYMENT_TARGET = 17.5;
				MARKETING_VERSION = 1.0;
				PRODUCT_BUNDLE_IDENTIFIER = com.hydro1337x.VentiumTests;
				PRODUCT_NAME = "$(TARGET_NAME)";
				SWIFT_EMIT_LOC_STRINGS = NO;
				SWIFT_VERSION = 5.0;
				TARGETED_DEVICE_FAMILY = "1,2";
				TEST_HOST = "$(BUILT_PRODUCTS_DIR)/Ventium.app/$(BUNDLE_EXECUTABLE_FOLDER_PATH)/Ventium";
			};
			name = Debug;
		};
		F8B466812C09D8EB00DFD455 /* Release */ = {
			isa = XCBuildConfiguration;
			buildSettings = {
				ALWAYS_EMBED_SWIFT_STANDARD_LIBRARIES = YES;
				BUNDLE_LOADER = "$(TEST_HOST)";
				CODE_SIGN_STYLE = Automatic;
				CURRENT_PROJECT_VERSION = 1;
				DEVELOPMENT_TEAM = L3WXSU62XW;
				GENERATE_INFOPLIST_FILE = YES;
				IPHONEOS_DEPLOYMENT_TARGET = 17.5;
				MARKETING_VERSION = 1.0;
				PRODUCT_BUNDLE_IDENTIFIER = com.hydro1337x.VentiumTests;
				PRODUCT_NAME = "$(TARGET_NAME)";
				SWIFT_EMIT_LOC_STRINGS = NO;
				SWIFT_VERSION = 5.0;
				TARGETED_DEVICE_FAMILY = "1,2";
				TEST_HOST = "$(BUILT_PRODUCTS_DIR)/Ventium.app/$(BUNDLE_EXECUTABLE_FOLDER_PATH)/Ventium";
			};
			name = Release;
		};
		F8B466832C09D8EB00DFD455 /* Debug */ = {
			isa = XCBuildConfiguration;
			buildSettings = {
				ALWAYS_EMBED_SWIFT_STANDARD_LIBRARIES = YES;
				CODE_SIGN_STYLE = Automatic;
				CURRENT_PROJECT_VERSION = 1;
				DEVELOPMENT_TEAM = L3WXSU62XW;
				GENERATE_INFOPLIST_FILE = YES;
				MARKETING_VERSION = 1.0;
				PRODUCT_BUNDLE_IDENTIFIER = com.hydro1337x.VentiumUITests;
				PRODUCT_NAME = "$(TARGET_NAME)";
				SWIFT_EMIT_LOC_STRINGS = NO;
				SWIFT_VERSION = 5.0;
				TARGETED_DEVICE_FAMILY = "1,2";
				TEST_TARGET_NAME = Ventium;
			};
			name = Debug;
		};
		F8B466842C09D8EB00DFD455 /* Release */ = {
			isa = XCBuildConfiguration;
			buildSettings = {
				ALWAYS_EMBED_SWIFT_STANDARD_LIBRARIES = YES;
				CODE_SIGN_STYLE = Automatic;
				CURRENT_PROJECT_VERSION = 1;
				DEVELOPMENT_TEAM = L3WXSU62XW;
				GENERATE_INFOPLIST_FILE = YES;
				MARKETING_VERSION = 1.0;
				PRODUCT_BUNDLE_IDENTIFIER = com.hydro1337x.VentiumUITests;
				PRODUCT_NAME = "$(TARGET_NAME)";
				SWIFT_EMIT_LOC_STRINGS = NO;
				SWIFT_VERSION = 5.0;
				TARGETED_DEVICE_FAMILY = "1,2";
				TEST_TARGET_NAME = Ventium;
			};
			name = Release;
		};
/* End XCBuildConfiguration section */

/* Begin XCConfigurationList section */
		F8B466532C09D8E900DFD455 /* Build configuration list for PBXProject "Ventium" */ = {
			isa = XCConfigurationList;
			buildConfigurations = (
				F8B4667A2C09D8EB00DFD455 /* Debug */,
				F8B4667B2C09D8EB00DFD455 /* Release */,
			);
			defaultConfigurationIsVisible = 0;
			defaultConfigurationName = Release;
		};
		F8B4667C2C09D8EB00DFD455 /* Build configuration list for PBXNativeTarget "Ventium" */ = {
			isa = XCConfigurationList;
			buildConfigurations = (
				F8B4667D2C09D8EB00DFD455 /* Debug */,
				F8B4667E2C09D8EB00DFD455 /* Release */,
			);
			defaultConfigurationIsVisible = 0;
			defaultConfigurationName = Release;
		};
		F8B4667F2C09D8EB00DFD455 /* Build configuration list for PBXNativeTarget "VentiumTests" */ = {
			isa = XCConfigurationList;
			buildConfigurations = (
				F8B466802C09D8EB00DFD455 /* Debug */,
				F8B466812C09D8EB00DFD455 /* Release */,
			);
			defaultConfigurationIsVisible = 0;
			defaultConfigurationName = Release;
		};
		F8B466822C09D8EB00DFD455 /* Build configuration list for PBXNativeTarget "VentiumUITests" */ = {
			isa = XCConfigurationList;
			buildConfigurations = (
				F8B466832C09D8EB00DFD455 /* Debug */,
				F8B466842C09D8EB00DFD455 /* Release */,
			);
			defaultConfigurationIsVisible = 0;
			defaultConfigurationName = Release;
		};
/* End XCConfigurationList section */

/* Begin XCSwiftPackageProductDependency section */
		F807F9AF2C0A6C0D00338A6A /* Core */ = {
			isa = XCSwiftPackageProductDependency;
			productName = Core;
		};
		F807F9B12C0A6C1000338A6A /* Data */ = {
			isa = XCSwiftPackageProductDependency;
			productName = Data;
		};
		F807F9B32C0A6C1300338A6A /* Domain */ = {
			isa = XCSwiftPackageProductDependency;
			productName = Domain;
		};
		F807F9B52C0A6C1600338A6A /* UI */ = {
			isa = XCSwiftPackageProductDependency;
			productName = UI;
		};
/* End XCSwiftPackageProductDependency section */
	};
	rootObject = F8B466502C09D8E900DFD455 /* Project object */;
}
