// !$*UTF8*$!
{
	archiveVersion = 1;
	classes = {
	};
	objectVersion = 56;
	objects = {

/* Begin PBXBuildFile section */
		B50ACEE72917DA94000CBB4E /* RootCoordinator.swift in Sources */ = {isa = PBXBuildFile; fileRef = B50ACEE62917DA94000CBB4E /* RootCoordinator.swift */; };
		B50ACEE92917DA9F000CBB4E /* HomeCoordinator.swift in Sources */ = {isa = PBXBuildFile; fileRef = B50ACEE82917DA9F000CBB4E /* HomeCoordinator.swift */; };
		B50ACEEB2917DAA7000CBB4E /* SearchCoordinator.swift in Sources */ = {isa = PBXBuildFile; fileRef = B50ACEEA2917DAA7000CBB4E /* SearchCoordinator.swift */; };
		B50ACEED2917DAB9000CBB4E /* NotificationsCoordinator.swift in Sources */ = {isa = PBXBuildFile; fileRef = B50ACEEC2917DAB9000CBB4E /* NotificationsCoordinator.swift */; };
		B50ACEEF2917DAC0000CBB4E /* ProfileCoordinator.swift in Sources */ = {isa = PBXBuildFile; fileRef = B50ACEEE2917DAC0000CBB4E /* ProfileCoordinator.swift */; };
		B50ACEFA291810AD000CBB4E /* TabsCoordinator.swift in Sources */ = {isa = PBXBuildFile; fileRef = B50ACEF9291810AD000CBB4E /* TabsCoordinator.swift */; };
		B50ACF0829181884000CBB4E /* IfLetView.swift in Sources */ = {isa = PBXBuildFile; fileRef = B50ACF0729181884000CBB4E /* IfLetView.swift */; };
		B50EC3772955055500162314 /* UI.framework in Frameworks */ = {isa = PBXBuildFile; fileRef = B55D76182916E88200ABF6E0 /* UI.framework */; };
		B50EC3782955055500162314 /* UI.framework in Embed Frameworks */ = {isa = PBXBuildFile; fileRef = B55D76182916E88200ABF6E0 /* UI.framework */; settings = {ATTRIBUTES = (CodeSignOnCopy, RemoveHeadersOnCopy, ); }; };
		B538936629A9184E00A99124 /* PathView.swift in Sources */ = {isa = PBXBuildFile; fileRef = B538936529A9184E00A99124 /* PathView.swift */; };
		B5487C4E299D93790062B67C /* Channel.swift in Sources */ = {isa = PBXBuildFile; fileRef = B5487C4D299D93790062B67C /* Channel.swift */; };
		B55D75CA2916E69400ABF6E0 /* VentiumApp.swift in Sources */ = {isa = PBXBuildFile; fileRef = B55D75C92916E69400ABF6E0 /* VentiumApp.swift */; };
		B55D76412916E91500ABF6E0 /* Domain.framework in Frameworks */ = {isa = PBXBuildFile; fileRef = B55D76402916E91500ABF6E0 /* Domain.framework */; };
		B56957522947CC7800E83691 /* TestCase.swift in Sources */ = {isa = PBXBuildFile; fileRef = B56957512947CC7800E83691 /* TestCase.swift */; };
		B575AFED29C51607001D88A2 /* HomeSceneStore.swift in Sources */ = {isa = PBXBuildFile; fileRef = B575AFEC29C51607001D88A2 /* HomeSceneStore.swift */; };
		B57A858529AAA2B30015BCF0 /* RootCoordinatorEvent.swift in Sources */ = {isa = PBXBuildFile; fileRef = B57A858429AAA2B30015BCF0 /* RootCoordinatorEvent.swift */; };
		B57A858729AAA3530015BCF0 /* HomeCoordinatorEvent.swift in Sources */ = {isa = PBXBuildFile; fileRef = B57A858629AAA3530015BCF0 /* HomeCoordinatorEvent.swift */; };
		B57A858929AAA3BE0015BCF0 /* TabsCoordinatorEvent.swift in Sources */ = {isa = PBXBuildFile; fileRef = B57A858829AAA3BE0015BCF0 /* TabsCoordinatorEvent.swift */; };
		B57D1225293181980007AB04 /* AuthCoordinator.swift in Sources */ = {isa = PBXBuildFile; fileRef = B57D1224293181980007AB04 /* AuthCoordinator.swift */; };
		B58ED91B29570CB000494671 /* DependencyContainer.swift in Sources */ = {isa = PBXBuildFile; fileRef = B58ED91A29570CB000494671 /* DependencyContainer.swift */; };
		B5970BE129BBB0C900329172 /* NetworkMonitor.swift in Sources */ = {isa = PBXBuildFile; fileRef = B5970BE029BBB0C900329172 /* NetworkMonitor.swift */; };
		B5970BE729BCB95300329172 /* DebugView.swift in Sources */ = {isa = PBXBuildFile; fileRef = B5970BE629BCB95300329172 /* DebugView.swift */; };
		B5970BE929BCBD0800329172 /* ShakeGesture.swift in Sources */ = {isa = PBXBuildFile; fileRef = B5970BE829BCBD0800329172 /* ShakeGesture.swift */; };
		B5970BEC29BD048500329172 /* NetworkMonitorDecorator.swift in Sources */ = {isa = PBXBuildFile; fileRef = B5970BEB29BD048500329172 /* NetworkMonitorDecorator.swift */; };
		B5A05ABA29647A4900937561 /* HomeCoordinatorStore.swift in Sources */ = {isa = PBXBuildFile; fileRef = B5A05AB929647A4900937561 /* HomeCoordinatorStore.swift */; };
		B5A05ABC29647B1C00937561 /* TabsCoordinatorStore.swift in Sources */ = {isa = PBXBuildFile; fileRef = B5A05ABB29647B1C00937561 /* TabsCoordinatorStore.swift */; };
		B5A05ABE29647C1600937561 /* RootCoordinatorStore.swift in Sources */ = {isa = PBXBuildFile; fileRef = B5A05ABD29647C1600937561 /* RootCoordinatorStore.swift */; };
		B5DD687E294B7D8F00877945 /* RootFactory.swift in Sources */ = {isa = PBXBuildFile; fileRef = B5DD687D294B7D8F00877945 /* RootFactory.swift */; };
		B5DD6880294B7D9900877945 /* AuthFactory.swift in Sources */ = {isa = PBXBuildFile; fileRef = B5DD687F294B7D9900877945 /* AuthFactory.swift */; };
		B5DD6882294B7DA300877945 /* TabsFactory.swift in Sources */ = {isa = PBXBuildFile; fileRef = B5DD6881294B7DA300877945 /* TabsFactory.swift */; };
		B5DD6884294B7DAC00877945 /* HomeFactory.swift in Sources */ = {isa = PBXBuildFile; fileRef = B5DD6883294B7DAC00877945 /* HomeFactory.swift */; };
		B5DD6886294B7DB600877945 /* SearchFactory.swift in Sources */ = {isa = PBXBuildFile; fileRef = B5DD6885294B7DB600877945 /* SearchFactory.swift */; };
		B5DD6888294B7DC200877945 /* NotificationsFactory.swift in Sources */ = {isa = PBXBuildFile; fileRef = B5DD6887294B7DC200877945 /* NotificationsFactory.swift */; };
		B5DD688A294B7DCA00877945 /* ProfileFactory.swift in Sources */ = {isa = PBXBuildFile; fileRef = B5DD6889294B7DCA00877945 /* ProfileFactory.swift */; };
		B5DD6895294BD3BC00877945 /* HomeScene.swift in Sources */ = {isa = PBXBuildFile; fileRef = B5DD6894294BD3BC00877945 /* HomeScene.swift */; };
		B5F285C72920524A0039505F /* Data.framework in Frameworks */ = {isa = PBXBuildFile; fileRef = B5F285C62920524A0039505F /* Data.framework */; };
		F83E8F5F2C062C5500B28F84 /* AuthCoordinatorStore.swift in Sources */ = {isa = PBXBuildFile; fileRef = F83E8F5E2C062C5500B28F84 /* AuthCoordinatorStore.swift */; };
/* End PBXBuildFile section */

/* Begin PBXContainerItemProxy section */
		B55D75D72916E69600ABF6E0 /* PBXContainerItemProxy */ = {
			isa = PBXContainerItemProxy;
			containerPortal = B55D75BE2916E69400ABF6E0 /* Project object */;
			proxyType = 1;
			remoteGlobalIDString = B55D75C52916E69400ABF6E0;
			remoteInfo = Ventium;
		};
/* End PBXContainerItemProxy section */

/* Begin PBXCopyFilesBuildPhase section */
		B50EC3792955055500162314 /* Embed Frameworks */ = {
			isa = PBXCopyFilesBuildPhase;
			buildActionMask = 2147483647;
			dstPath = "";
			dstSubfolderSpec = 10;
			files = (
				B50EC3782955055500162314 /* UI.framework in Embed Frameworks */,
			);
			name = "Embed Frameworks";
			runOnlyForDeploymentPostprocessing = 0;
		};
/* End PBXCopyFilesBuildPhase section */

/* Begin PBXFileReference section */
		B50ACEE62917DA94000CBB4E /* RootCoordinator.swift */ = {isa = PBXFileReference; lastKnownFileType = sourcecode.swift; path = RootCoordinator.swift; sourceTree = "<group>"; };
		B50ACEE82917DA9F000CBB4E /* HomeCoordinator.swift */ = {isa = PBXFileReference; lastKnownFileType = sourcecode.swift; path = HomeCoordinator.swift; sourceTree = "<group>"; };
		B50ACEEA2917DAA7000CBB4E /* SearchCoordinator.swift */ = {isa = PBXFileReference; lastKnownFileType = sourcecode.swift; path = SearchCoordinator.swift; sourceTree = "<group>"; };
		B50ACEEC2917DAB9000CBB4E /* NotificationsCoordinator.swift */ = {isa = PBXFileReference; lastKnownFileType = sourcecode.swift; path = NotificationsCoordinator.swift; sourceTree = "<group>"; };
		B50ACEEE2917DAC0000CBB4E /* ProfileCoordinator.swift */ = {isa = PBXFileReference; lastKnownFileType = sourcecode.swift; path = ProfileCoordinator.swift; sourceTree = "<group>"; };
		B50ACEF9291810AD000CBB4E /* TabsCoordinator.swift */ = {isa = PBXFileReference; lastKnownFileType = sourcecode.swift; path = TabsCoordinator.swift; sourceTree = "<group>"; };
		B50ACF0729181884000CBB4E /* IfLetView.swift */ = {isa = PBXFileReference; lastKnownFileType = sourcecode.swift; path = IfLetView.swift; sourceTree = "<group>"; };
		B538936529A9184E00A99124 /* PathView.swift */ = {isa = PBXFileReference; lastKnownFileType = sourcecode.swift; path = PathView.swift; sourceTree = "<group>"; };
		B5487C4D299D93790062B67C /* Channel.swift */ = {isa = PBXFileReference; lastKnownFileType = sourcecode.swift; path = Channel.swift; sourceTree = "<group>"; };
		B55D75C62916E69400ABF6E0 /* Ventium.app */ = {isa = PBXFileReference; explicitFileType = wrapper.application; includeInIndex = 0; path = Ventium.app; sourceTree = BUILT_PRODUCTS_DIR; };
		B55D75C92916E69400ABF6E0 /* VentiumApp.swift */ = {isa = PBXFileReference; lastKnownFileType = sourcecode.swift; path = VentiumApp.swift; sourceTree = "<group>"; };
		B55D75D62916E69600ABF6E0 /* VentiumTests.xctest */ = {isa = PBXFileReference; explicitFileType = wrapper.cfbundle; includeInIndex = 0; path = VentiumTests.xctest; sourceTree = BUILT_PRODUCTS_DIR; };
		B55D76182916E88200ABF6E0 /* UI.framework */ = {isa = PBXFileReference; explicitFileType = wrapper.framework; path = UI.framework; sourceTree = BUILT_PRODUCTS_DIR; };
		B55D76402916E91500ABF6E0 /* Domain.framework */ = {isa = PBXFileReference; explicitFileType = wrapper.framework; path = Domain.framework; sourceTree = BUILT_PRODUCTS_DIR; };
		B55D76682916E9B800ABF6E0 /* Data.framework */ = {isa = PBXFileReference; explicitFileType = wrapper.framework; path = Data.framework; sourceTree = BUILT_PRODUCTS_DIR; };
		B56957512947CC7800E83691 /* TestCase.swift */ = {isa = PBXFileReference; lastKnownFileType = sourcecode.swift; path = TestCase.swift; sourceTree = "<group>"; };
		B575AFEC29C51607001D88A2 /* HomeSceneStore.swift */ = {isa = PBXFileReference; lastKnownFileType = sourcecode.swift; path = HomeSceneStore.swift; sourceTree = "<group>"; };
		B57A858429AAA2B30015BCF0 /* RootCoordinatorEvent.swift */ = {isa = PBXFileReference; lastKnownFileType = sourcecode.swift; path = RootCoordinatorEvent.swift; sourceTree = "<group>"; };
		B57A858629AAA3530015BCF0 /* HomeCoordinatorEvent.swift */ = {isa = PBXFileReference; lastKnownFileType = sourcecode.swift; path = HomeCoordinatorEvent.swift; sourceTree = "<group>"; };
		B57A858829AAA3BE0015BCF0 /* TabsCoordinatorEvent.swift */ = {isa = PBXFileReference; lastKnownFileType = sourcecode.swift; path = TabsCoordinatorEvent.swift; sourceTree = "<group>"; };
		B57D1224293181980007AB04 /* AuthCoordinator.swift */ = {isa = PBXFileReference; lastKnownFileType = sourcecode.swift; path = AuthCoordinator.swift; sourceTree = "<group>"; };
		B58ED91A29570CB000494671 /* DependencyContainer.swift */ = {isa = PBXFileReference; lastKnownFileType = sourcecode.swift; path = DependencyContainer.swift; sourceTree = "<group>"; };
		B5970BE029BBB0C900329172 /* NetworkMonitor.swift */ = {isa = PBXFileReference; lastKnownFileType = sourcecode.swift; path = NetworkMonitor.swift; sourceTree = "<group>"; };
		B5970BE629BCB95300329172 /* DebugView.swift */ = {isa = PBXFileReference; lastKnownFileType = sourcecode.swift; path = DebugView.swift; sourceTree = "<group>"; };
		B5970BE829BCBD0800329172 /* ShakeGesture.swift */ = {isa = PBXFileReference; lastKnownFileType = sourcecode.swift; path = ShakeGesture.swift; sourceTree = "<group>"; };
		B5970BEB29BD048500329172 /* NetworkMonitorDecorator.swift */ = {isa = PBXFileReference; lastKnownFileType = sourcecode.swift; path = NetworkMonitorDecorator.swift; sourceTree = "<group>"; };
		B5A05AB929647A4900937561 /* HomeCoordinatorStore.swift */ = {isa = PBXFileReference; lastKnownFileType = sourcecode.swift; path = HomeCoordinatorStore.swift; sourceTree = "<group>"; };
		B5A05ABB29647B1C00937561 /* TabsCoordinatorStore.swift */ = {isa = PBXFileReference; lastKnownFileType = sourcecode.swift; path = TabsCoordinatorStore.swift; sourceTree = "<group>"; };
		B5A05ABD29647C1600937561 /* RootCoordinatorStore.swift */ = {isa = PBXFileReference; lastKnownFileType = sourcecode.swift; path = RootCoordinatorStore.swift; sourceTree = "<group>"; };
		B5D61D432932C67300669331 /* Core.framework */ = {isa = PBXFileReference; explicitFileType = wrapper.framework; path = Core.framework; sourceTree = BUILT_PRODUCTS_DIR; };
		B5DD687D294B7D8F00877945 /* RootFactory.swift */ = {isa = PBXFileReference; lastKnownFileType = sourcecode.swift; path = RootFactory.swift; sourceTree = "<group>"; };
		B5DD687F294B7D9900877945 /* AuthFactory.swift */ = {isa = PBXFileReference; lastKnownFileType = sourcecode.swift; path = AuthFactory.swift; sourceTree = "<group>"; };
		B5DD6881294B7DA300877945 /* TabsFactory.swift */ = {isa = PBXFileReference; lastKnownFileType = sourcecode.swift; path = TabsFactory.swift; sourceTree = "<group>"; };
		B5DD6883294B7DAC00877945 /* HomeFactory.swift */ = {isa = PBXFileReference; lastKnownFileType = sourcecode.swift; path = HomeFactory.swift; sourceTree = "<group>"; };
		B5DD6885294B7DB600877945 /* SearchFactory.swift */ = {isa = PBXFileReference; lastKnownFileType = sourcecode.swift; path = SearchFactory.swift; sourceTree = "<group>"; };
		B5DD6887294B7DC200877945 /* NotificationsFactory.swift */ = {isa = PBXFileReference; lastKnownFileType = sourcecode.swift; path = NotificationsFactory.swift; sourceTree = "<group>"; };
		B5DD6889294B7DCA00877945 /* ProfileFactory.swift */ = {isa = PBXFileReference; lastKnownFileType = sourcecode.swift; path = ProfileFactory.swift; sourceTree = "<group>"; };
		B5DD6894294BD3BC00877945 /* HomeScene.swift */ = {isa = PBXFileReference; lastKnownFileType = sourcecode.swift; path = HomeScene.swift; sourceTree = "<group>"; };
		B5F285C62920524A0039505F /* Data.framework */ = {isa = PBXFileReference; explicitFileType = wrapper.framework; path = Data.framework; sourceTree = BUILT_PRODUCTS_DIR; };
		F80CE7462BFD5723003C4A97 /* Info.plist */ = {isa = PBXFileReference; lastKnownFileType = text.plist; path = Info.plist; sourceTree = "<group>"; };
		F83E8F5E2C062C5500B28F84 /* AuthCoordinatorStore.swift */ = {isa = PBXFileReference; lastKnownFileType = sourcecode.swift; path = AuthCoordinatorStore.swift; sourceTree = "<group>"; };
/* End PBXFileReference section */

/* Begin PBXFrameworksBuildPhase section */
		B55D75C32916E69400ABF6E0 /* Frameworks */ = {
			isa = PBXFrameworksBuildPhase;
			buildActionMask = 2147483647;
			files = (
				B5F285C72920524A0039505F /* Data.framework in Frameworks */,
				B50EC3772955055500162314 /* UI.framework in Frameworks */,
				B55D76412916E91500ABF6E0 /* Domain.framework in Frameworks */,
			);
			runOnlyForDeploymentPostprocessing = 0;
		};
		B55D75D32916E69600ABF6E0 /* Frameworks */ = {
			isa = PBXFrameworksBuildPhase;
			buildActionMask = 2147483647;
			files = (
			);
			runOnlyForDeploymentPostprocessing = 0;
		};
/* End PBXFrameworksBuildPhase section */

/* Begin PBXGroup section */
		B50ACEDB2917D56F000CBB4E /* Coordinators */ = {
			isa = PBXGroup;
			children = (
				B5DD688B294BD31A00877945 /* Root */,
				B5DD688C294BD32000877945 /* Auth */,
				B5DD688D294BD32400877945 /* Tabs */,
				B5DD688E294BD32900877945 /* Home */,
				B5DD688F294BD33500877945 /* Search */,
				B5DD6890294BD34300877945 /* Notifications */,
				B5DD6891294BD34A00877945 /* Profile */,
			);
			path = Coordinators;
			sourceTree = "<group>";
		};
		B50ACF0629181875000CBB4E /* Components */ = {
			isa = PBXGroup;
			children = (
				B50ACF0729181884000CBB4E /* IfLetView.swift */,
				B538936529A9184E00A99124 /* PathView.swift */,
				B5970BE629BCB95300329172 /* DebugView.swift */,
			);
			path = Components;
			sourceTree = "<group>";
		};
		B52292B1299EE54A00C8F74B /* Utilities */ = {
			isa = PBXGroup;
			children = (
				B5970BE029BBB0C900329172 /* NetworkMonitor.swift */,
				B5487C4D299D93790062B67C /* Channel.swift */,
				B5970BE829BCBD0800329172 /* ShakeGesture.swift */,
			);
			path = Utilities;
			sourceTree = "<group>";
		};
		B55D75BD2916E69400ABF6E0 = {
			isa = PBXGroup;
			children = (
				B55D75C82916E69400ABF6E0 /* Ventium */,
				B55D75D92916E69600ABF6E0 /* VentiumTests */,
				B55D75C72916E69400ABF6E0 /* Products */,
				B55D76172916E88200ABF6E0 /* Frameworks */,
			);
			sourceTree = "<group>";
		};
		B55D75C72916E69400ABF6E0 /* Products */ = {
			isa = PBXGroup;
			children = (
				B55D75C62916E69400ABF6E0 /* Ventium.app */,
				B55D75D62916E69600ABF6E0 /* VentiumTests.xctest */,
			);
			name = Products;
			sourceTree = "<group>";
		};
		B55D75C82916E69400ABF6E0 /* Ventium */ = {
			isa = PBXGroup;
			children = (
				F80CE7462BFD5723003C4A97 /* Info.plist */,
				B55D75C92916E69400ABF6E0 /* VentiumApp.swift */,
				B58ED91929570C9D00494671 /* CompositionRoot */,
				B50ACEDB2917D56F000CBB4E /* Coordinators */,
				B5970BEA29BD047600329172 /* Decorators */,
				B50ACF0629181875000CBB4E /* Components */,
				B52292B1299EE54A00C8F74B /* Utilities */,
			);
			path = Ventium;
			sourceTree = "<group>";
		};
		B55D75D92916E69600ABF6E0 /* VentiumTests */ = {
			isa = PBXGroup;
			children = (
				B56957512947CC7800E83691 /* TestCase.swift */,
			);
			path = VentiumTests;
			sourceTree = "<group>";
		};
		B55D76172916E88200ABF6E0 /* Frameworks */ = {
			isa = PBXGroup;
			children = (
				B5D61D432932C67300669331 /* Core.framework */,
				B5F285C62920524A0039505F /* Data.framework */,
				B55D76682916E9B800ABF6E0 /* Data.framework */,
				B55D76402916E91500ABF6E0 /* Domain.framework */,
				B55D76182916E88200ABF6E0 /* UI.framework */,
			);
			name = Frameworks;
			sourceTree = "<group>";
		};
		B58ED91929570C9D00494671 /* CompositionRoot */ = {
			isa = PBXGroup;
			children = (
				B58ED91A29570CB000494671 /* DependencyContainer.swift */,
				B5DD687C294B7CF000877945 /* Factories */,
			);
			path = CompositionRoot;
			sourceTree = "<group>";
		};
		B5970BEA29BD047600329172 /* Decorators */ = {
			isa = PBXGroup;
			children = (
				B5970BEB29BD048500329172 /* NetworkMonitorDecorator.swift */,
			);
			path = Decorators;
			sourceTree = "<group>";
		};
		B5DD687C294B7CF000877945 /* Factories */ = {
			isa = PBXGroup;
			children = (
				B5DD687D294B7D8F00877945 /* RootFactory.swift */,
				B5DD687F294B7D9900877945 /* AuthFactory.swift */,
				B5DD6881294B7DA300877945 /* TabsFactory.swift */,
				B5DD6883294B7DAC00877945 /* HomeFactory.swift */,
				B5DD6885294B7DB600877945 /* SearchFactory.swift */,
				B5DD6887294B7DC200877945 /* NotificationsFactory.swift */,
				B5DD6889294B7DCA00877945 /* ProfileFactory.swift */,
			);
			path = Factories;
			sourceTree = "<group>";
		};
		B5DD688B294BD31A00877945 /* Root */ = {
			isa = PBXGroup;
			children = (
				B57A858429AAA2B30015BCF0 /* RootCoordinatorEvent.swift */,
				B50ACEE62917DA94000CBB4E /* RootCoordinator.swift */,
				B5A05ABD29647C1600937561 /* RootCoordinatorStore.swift */,
			);
			path = Root;
			sourceTree = "<group>";
		};
		B5DD688C294BD32000877945 /* Auth */ = {
			isa = PBXGroup;
			children = (
				B57D1224293181980007AB04 /* AuthCoordinator.swift */,
				F83E8F5E2C062C5500B28F84 /* AuthCoordinatorStore.swift */,
			);
			path = Auth;
			sourceTree = "<group>";
		};
		B5DD688D294BD32400877945 /* Tabs */ = {
			isa = PBXGroup;
			children = (
				B57A858829AAA3BE0015BCF0 /* TabsCoordinatorEvent.swift */,
				B50ACEF9291810AD000CBB4E /* TabsCoordinator.swift */,
				B5A05ABB29647B1C00937561 /* TabsCoordinatorStore.swift */,
			);
			path = Tabs;
			sourceTree = "<group>";
		};
		B5DD688E294BD32900877945 /* Home */ = {
			isa = PBXGroup;
			children = (
				B5F17515299AC85200EF924B /* Scenes */,
				B57A858629AAA3530015BCF0 /* HomeCoordinatorEvent.swift */,
				B50ACEE82917DA9F000CBB4E /* HomeCoordinator.swift */,
				B5A05AB929647A4900937561 /* HomeCoordinatorStore.swift */,
			);
			path = Home;
			sourceTree = "<group>";
		};
		B5DD688F294BD33500877945 /* Search */ = {
			isa = PBXGroup;
			children = (
				B50ACEEA2917DAA7000CBB4E /* SearchCoordinator.swift */,
			);
			path = Search;
			sourceTree = "<group>";
		};
		B5DD6890294BD34300877945 /* Notifications */ = {
			isa = PBXGroup;
			children = (
				B50ACEEC2917DAB9000CBB4E /* NotificationsCoordinator.swift */,
			);
			path = Notifications;
			sourceTree = "<group>";
		};
		B5DD6891294BD34A00877945 /* Profile */ = {
			isa = PBXGroup;
			children = (
				B50ACEEE2917DAC0000CBB4E /* ProfileCoordinator.swift */,
			);
			path = Profile;
			sourceTree = "<group>";
		};
		B5F17515299AC85200EF924B /* Scenes */ = {
			isa = PBXGroup;
			children = (
				B5DD6894294BD3BC00877945 /* HomeScene.swift */,
				B575AFEC29C51607001D88A2 /* HomeSceneStore.swift */,
			);
			path = Scenes;
			sourceTree = "<group>";
		};
/* End PBXGroup section */

/* Begin PBXNativeTarget section */
		B55D75C52916E69400ABF6E0 /* Ventium */ = {
			isa = PBXNativeTarget;
			buildConfigurationList = B55D75EA2916E69600ABF6E0 /* Build configuration list for PBXNativeTarget "Ventium" */;
			buildPhases = (
				B55D75C22916E69400ABF6E0 /* Sources */,
				B55D75C32916E69400ABF6E0 /* Frameworks */,
				B55D75C42916E69400ABF6E0 /* Resources */,
				B50EC3792955055500162314 /* Embed Frameworks */,
			);
			buildRules = (
			);
			dependencies = (
			);
			name = Ventium;
			packageProductDependencies = (
			);
			productName = Ventium;
			productReference = B55D75C62916E69400ABF6E0 /* Ventium.app */;
			productType = "com.apple.product-type.application";
		};
		B55D75D52916E69600ABF6E0 /* VentiumTests */ = {
			isa = PBXNativeTarget;
			buildConfigurationList = B55D75ED2916E69600ABF6E0 /* Build configuration list for PBXNativeTarget "VentiumTests" */;
			buildPhases = (
				B55D75D22916E69600ABF6E0 /* Sources */,
				B55D75D32916E69600ABF6E0 /* Frameworks */,
				B55D75D42916E69600ABF6E0 /* Resources */,
			);
			buildRules = (
			);
			dependencies = (
				B55D75D82916E69600ABF6E0 /* PBXTargetDependency */,
			);
			name = VentiumTests;
			packageProductDependencies = (
			);
			productName = VentiumTests;
			productReference = B55D75D62916E69600ABF6E0 /* VentiumTests.xctest */;
			productType = "com.apple.product-type.bundle.unit-test";
		};
/* End PBXNativeTarget section */

/* Begin PBXProject section */
		B55D75BE2916E69400ABF6E0 /* Project object */ = {
			isa = PBXProject;
			attributes = {
				BuildIndependentTargetsInParallel = 1;
				LastSwiftUpdateCheck = 1400;
				LastUpgradeCheck = 1400;
				TargetAttributes = {
					B55D75C52916E69400ABF6E0 = {
						CreatedOnToolsVersion = 14.0.1;
					};
					B55D75D52916E69600ABF6E0 = {
						CreatedOnToolsVersion = 14.0.1;
						TestTargetID = B55D75C52916E69400ABF6E0;
					};
				};
			};
			buildConfigurationList = B55D75C12916E69400ABF6E0 /* Build configuration list for PBXProject "Ventium" */;
			compatibilityVersion = "Xcode 14.0";
			developmentRegion = en;
			hasScannedForEncodings = 0;
			knownRegions = (
				en,
				Base,
			);
			mainGroup = B55D75BD2916E69400ABF6E0;
			packageReferences = (
			);
			productRefGroup = B55D75C72916E69400ABF6E0 /* Products */;
			projectDirPath = "";
			projectRoot = "";
			targets = (
				B55D75C52916E69400ABF6E0 /* Ventium */,
				B55D75D52916E69600ABF6E0 /* VentiumTests */,
			);
		};
/* End PBXProject section */

/* Begin PBXResourcesBuildPhase section */
		B55D75C42916E69400ABF6E0 /* Resources */ = {
			isa = PBXResourcesBuildPhase;
			buildActionMask = 2147483647;
			files = (
			);
			runOnlyForDeploymentPostprocessing = 0;
		};
		B55D75D42916E69600ABF6E0 /* Resources */ = {
			isa = PBXResourcesBuildPhase;
			buildActionMask = 2147483647;
			files = (
			);
			runOnlyForDeploymentPostprocessing = 0;
		};
/* End PBXResourcesBuildPhase section */

/* Begin PBXSourcesBuildPhase section */
		B55D75C22916E69400ABF6E0 /* Sources */ = {
			isa = PBXSourcesBuildPhase;
			buildActionMask = 2147483647;
			files = (
				B5DD6884294B7DAC00877945 /* HomeFactory.swift in Sources */,
				B50ACEE72917DA94000CBB4E /* RootCoordinator.swift in Sources */,
				B5970BE129BBB0C900329172 /* NetworkMonitor.swift in Sources */,
				B58ED91B29570CB000494671 /* DependencyContainer.swift in Sources */,
				B55D75CA2916E69400ABF6E0 /* VentiumApp.swift in Sources */,
				B50ACEE92917DA9F000CBB4E /* HomeCoordinator.swift in Sources */,
				B57D1225293181980007AB04 /* AuthCoordinator.swift in Sources */,
				B575AFED29C51607001D88A2 /* HomeSceneStore.swift in Sources */,
				B5DD6880294B7D9900877945 /* AuthFactory.swift in Sources */,
				B5970BE729BCB95300329172 /* DebugView.swift in Sources */,
				B5DD687E294B7D8F00877945 /* RootFactory.swift in Sources */,
				B50ACEEF2917DAC0000CBB4E /* ProfileCoordinator.swift in Sources */,
				B50ACF0829181884000CBB4E /* IfLetView.swift in Sources */,
				B5DD6882294B7DA300877945 /* TabsFactory.swift in Sources */,
				B5A05ABA29647A4900937561 /* HomeCoordinatorStore.swift in Sources */,
				B5DD6895294BD3BC00877945 /* HomeScene.swift in Sources */,
				B57A858529AAA2B30015BCF0 /* RootCoordinatorEvent.swift in Sources */,
				B5970BEC29BD048500329172 /* NetworkMonitorDecorator.swift in Sources */,
				B5DD6886294B7DB600877945 /* SearchFactory.swift in Sources */,
				F83E8F5F2C062C5500B28F84 /* AuthCoordinatorStore.swift in Sources */,
				B538936629A9184E00A99124 /* PathView.swift in Sources */,
				B50ACEEB2917DAA7000CBB4E /* SearchCoordinator.swift in Sources */,
				B5DD688A294B7DCA00877945 /* ProfileFactory.swift in Sources */,
				B50ACEFA291810AD000CBB4E /* TabsCoordinator.swift in Sources */,
				B5DD6888294B7DC200877945 /* NotificationsFactory.swift in Sources */,
				B5970BE929BCBD0800329172 /* ShakeGesture.swift in Sources */,
				B5487C4E299D93790062B67C /* Channel.swift in Sources */,
				B5A05ABC29647B1C00937561 /* TabsCoordinatorStore.swift in Sources */,
				B5A05ABE29647C1600937561 /* RootCoordinatorStore.swift in Sources */,
				B57A858729AAA3530015BCF0 /* HomeCoordinatorEvent.swift in Sources */,
				B57A858929AAA3BE0015BCF0 /* TabsCoordinatorEvent.swift in Sources */,
				B50ACEED2917DAB9000CBB4E /* NotificationsCoordinator.swift in Sources */,
			);
			runOnlyForDeploymentPostprocessing = 0;
		};
		B55D75D22916E69600ABF6E0 /* Sources */ = {
			isa = PBXSourcesBuildPhase;
			buildActionMask = 2147483647;
			files = (
				B56957522947CC7800E83691 /* TestCase.swift in Sources */,
			);
			runOnlyForDeploymentPostprocessing = 0;
		};
/* End PBXSourcesBuildPhase section */

/* Begin PBXTargetDependency section */
		B55D75D82916E69600ABF6E0 /* PBXTargetDependency */ = {
			isa = PBXTargetDependency;
			target = B55D75C52916E69400ABF6E0 /* Ventium */;
			targetProxy = B55D75D72916E69600ABF6E0 /* PBXContainerItemProxy */;
		};
/* End PBXTargetDependency section */

/* Begin XCBuildConfiguration section */
		B55D75E82916E69600ABF6E0 /* Debug */ = {
			isa = XCBuildConfiguration;
			buildSettings = {
				ALWAYS_SEARCH_USER_PATHS = NO;
				CLANG_ANALYZER_NONNULL = YES;
				CLANG_ANALYZER_NUMBER_OBJECT_CONVERSION = YES_AGGRESSIVE;
				CLANG_CXX_LANGUAGE_STANDARD = "gnu++20";
				CLANG_ENABLE_MODULES = YES;
				CLANG_ENABLE_OBJC_ARC = YES;
				CLANG_ENABLE_OBJC_WEAK = YES;
				CLANG_WARN_BLOCK_CAPTURE_AUTORELEASING = YES;
				CLANG_WARN_BOOL_CONVERSION = YES;
				CLANG_WARN_COMMA = YES;
				CLANG_WARN_CONSTANT_CONVERSION = YES;
				CLANG_WARN_DEPRECATED_OBJC_IMPLEMENTATIONS = YES;
				CLANG_WARN_DIRECT_OBJC_ISA_USAGE = YES_ERROR;
				CLANG_WARN_DOCUMENTATION_COMMENTS = YES;
				CLANG_WARN_EMPTY_BODY = YES;
				CLANG_WARN_ENUM_CONVERSION = YES;
				CLANG_WARN_INFINITE_RECURSION = YES;
				CLANG_WARN_INT_CONVERSION = YES;
				CLANG_WARN_NON_LITERAL_NULL_CONVERSION = YES;
				CLANG_WARN_OBJC_IMPLICIT_RETAIN_SELF = YES;
				CLANG_WARN_OBJC_LITERAL_CONVERSION = YES;
				CLANG_WARN_OBJC_ROOT_CLASS = YES_ERROR;
				CLANG_WARN_QUOTED_INCLUDE_IN_FRAMEWORK_HEADER = YES;
				CLANG_WARN_RANGE_LOOP_ANALYSIS = YES;
				CLANG_WARN_STRICT_PROTOTYPES = YES;
				CLANG_WARN_SUSPICIOUS_MOVE = YES;
				CLANG_WARN_UNGUARDED_AVAILABILITY = YES_AGGRESSIVE;
				CLANG_WARN_UNREACHABLE_CODE = YES;
				CLANG_WARN__DUPLICATE_METHOD_MATCH = YES;
				COPY_PHASE_STRIP = NO;
				DEBUG_INFORMATION_FORMAT = dwarf;
				ENABLE_STRICT_OBJC_MSGSEND = YES;
				ENABLE_TESTABILITY = YES;
				GCC_C_LANGUAGE_STANDARD = gnu11;
				GCC_DYNAMIC_NO_PIC = NO;
				GCC_NO_COMMON_BLOCKS = YES;
				GCC_OPTIMIZATION_LEVEL = 0;
				GCC_PREPROCESSOR_DEFINITIONS = (
					"DEBUG=1",
					"$(inherited)",
				);
				GCC_WARN_64_TO_32_BIT_CONVERSION = YES;
				GCC_WARN_ABOUT_RETURN_TYPE = YES_ERROR;
				GCC_WARN_UNDECLARED_SELECTOR = YES;
				GCC_WARN_UNINITIALIZED_AUTOS = YES_AGGRESSIVE;
				GCC_WARN_UNUSED_FUNCTION = YES;
				GCC_WARN_UNUSED_VARIABLE = YES;
				IPHONEOS_DEPLOYMENT_TARGET = 16.0;
				MTL_ENABLE_DEBUG_INFO = INCLUDE_SOURCE;
				MTL_FAST_MATH = YES;
				ONLY_ACTIVE_ARCH = YES;
				SDKROOT = iphoneos;
				SWIFT_ACTIVE_COMPILATION_CONDITIONS = DEBUG;
				SWIFT_OPTIMIZATION_LEVEL = "-Onone";
				SWIFT_STRICT_CONCURRENCY = complete;
			};
			name = Debug;
		};
		B55D75E92916E69600ABF6E0 /* Release */ = {
			isa = XCBuildConfiguration;
			buildSettings = {
				ALWAYS_SEARCH_USER_PATHS = NO;
				CLANG_ANALYZER_NONNULL = YES;
				CLANG_ANALYZER_NUMBER_OBJECT_CONVERSION = YES_AGGRESSIVE;
				CLANG_CXX_LANGUAGE_STANDARD = "gnu++20";
				CLANG_ENABLE_MODULES = YES;
				CLANG_ENABLE_OBJC_ARC = YES;
				CLANG_ENABLE_OBJC_WEAK = YES;
				CLANG_WARN_BLOCK_CAPTURE_AUTORELEASING = YES;
				CLANG_WARN_BOOL_CONVERSION = YES;
				CLANG_WARN_COMMA = YES;
				CLANG_WARN_CONSTANT_CONVERSION = YES;
				CLANG_WARN_DEPRECATED_OBJC_IMPLEMENTATIONS = YES;
				CLANG_WARN_DIRECT_OBJC_ISA_USAGE = YES_ERROR;
				CLANG_WARN_DOCUMENTATION_COMMENTS = YES;
				CLANG_WARN_EMPTY_BODY = YES;
				CLANG_WARN_ENUM_CONVERSION = YES;
				CLANG_WARN_INFINITE_RECURSION = YES;
				CLANG_WARN_INT_CONVERSION = YES;
				CLANG_WARN_NON_LITERAL_NULL_CONVERSION = YES;
				CLANG_WARN_OBJC_IMPLICIT_RETAIN_SELF = YES;
				CLANG_WARN_OBJC_LITERAL_CONVERSION = YES;
				CLANG_WARN_OBJC_ROOT_CLASS = YES_ERROR;
				CLANG_WARN_QUOTED_INCLUDE_IN_FRAMEWORK_HEADER = YES;
				CLANG_WARN_RANGE_LOOP_ANALYSIS = YES;
				CLANG_WARN_STRICT_PROTOTYPES = YES;
				CLANG_WARN_SUSPICIOUS_MOVE = YES;
				CLANG_WARN_UNGUARDED_AVAILABILITY = YES_AGGRESSIVE;
				CLANG_WARN_UNREACHABLE_CODE = YES;
				CLANG_WARN__DUPLICATE_METHOD_MATCH = YES;
				COPY_PHASE_STRIP = NO;
				DEBUG_INFORMATION_FORMAT = "dwarf-with-dsym";
				ENABLE_NS_ASSERTIONS = NO;
				ENABLE_STRICT_OBJC_MSGSEND = YES;
				GCC_C_LANGUAGE_STANDARD = gnu11;
				GCC_NO_COMMON_BLOCKS = YES;
				GCC_WARN_64_TO_32_BIT_CONVERSION = YES;
				GCC_WARN_ABOUT_RETURN_TYPE = YES_ERROR;
				GCC_WARN_UNDECLARED_SELECTOR = YES;
				GCC_WARN_UNINITIALIZED_AUTOS = YES_AGGRESSIVE;
				GCC_WARN_UNUSED_FUNCTION = YES;
				GCC_WARN_UNUSED_VARIABLE = YES;
				IPHONEOS_DEPLOYMENT_TARGET = 16.0;
				MTL_ENABLE_DEBUG_INFO = NO;
				MTL_FAST_MATH = YES;
				SDKROOT = iphoneos;
				SWIFT_COMPILATION_MODE = wholemodule;
				SWIFT_OPTIMIZATION_LEVEL = "-O";
				SWIFT_STRICT_CONCURRENCY = complete;
				VALIDATE_PRODUCT = YES;
			};
			name = Release;
		};
		B55D75EB2916E69600ABF6E0 /* Debug */ = {
			isa = XCBuildConfiguration;
			buildSettings = {
				ASSETCATALOG_COMPILER_APPICON_NAME = AppIcon;
				ASSETCATALOG_COMPILER_GLOBAL_ACCENT_COLOR_NAME = AccentColor;
				CODE_SIGN_STYLE = Automatic;
				CURRENT_PROJECT_VERSION = 1;
				DEVELOPMENT_TEAM = L3WXSU62XW;
				ENABLE_PREVIEWS = YES;
				GENERATE_INFOPLIST_FILE = YES;
				INFOPLIST_FILE = Ventium/Info.plist;
				INFOPLIST_KEY_UIApplicationSceneManifest_Generation = YES;
				INFOPLIST_KEY_UIApplicationSupportsIndirectInputEvents = YES;
				INFOPLIST_KEY_UILaunchScreen_Generation = YES;
				INFOPLIST_KEY_UISupportedInterfaceOrientations_iPad = "UIInterfaceOrientationPortrait UIInterfaceOrientationPortraitUpsideDown UIInterfaceOrientationLandscapeLeft UIInterfaceOrientationLandscapeRight";
				INFOPLIST_KEY_UISupportedInterfaceOrientations_iPhone = "UIInterfaceOrientationPortrait UIInterfaceOrientationLandscapeLeft UIInterfaceOrientationLandscapeRight";
				IPHONEOS_DEPLOYMENT_TARGET = 17.0;
				LD_RUNPATH_SEARCH_PATHS = (
					"$(inherited)",
					"@executable_path/Frameworks",
				);
				MARKETING_VERSION = 1.0;
				PRODUCT_BUNDLE_IDENTIFIER = com.hydro1337x.Ventium;
				PRODUCT_NAME = "$(TARGET_NAME)";
				SWIFT_EMIT_LOC_STRINGS = YES;
				SWIFT_STRICT_CONCURRENCY = minimal;
				SWIFT_VERSION = 5.0;
				TARGETED_DEVICE_FAMILY = "1,2";
			};
			name = Debug;
		};
		B55D75EC2916E69600ABF6E0 /* Release */ = {
			isa = XCBuildConfiguration;
			buildSettings = {
				ASSETCATALOG_COMPILER_APPICON_NAME = AppIcon;
				ASSETCATALOG_COMPILER_GLOBAL_ACCENT_COLOR_NAME = AccentColor;
				CODE_SIGN_STYLE = Automatic;
				CURRENT_PROJECT_VERSION = 1;
				DEVELOPMENT_TEAM = L3WXSU62XW;
				ENABLE_PREVIEWS = YES;
				GENERATE_INFOPLIST_FILE = YES;
				INFOPLIST_FILE = Ventium/Info.plist;
				INFOPLIST_KEY_UIApplicationSceneManifest_Generation = YES;
				INFOPLIST_KEY_UIApplicationSupportsIndirectInputEvents = YES;
				INFOPLIST_KEY_UILaunchScreen_Generation = YES;
				INFOPLIST_KEY_UISupportedInterfaceOrientations_iPad = "UIInterfaceOrientationPortrait UIInterfaceOrientationPortraitUpsideDown UIInterfaceOrientationLandscapeLeft UIInterfaceOrientationLandscapeRight";
				INFOPLIST_KEY_UISupportedInterfaceOrientations_iPhone = "UIInterfaceOrientationPortrait UIInterfaceOrientationLandscapeLeft UIInterfaceOrientationLandscapeRight";
				IPHONEOS_DEPLOYMENT_TARGET = 17.0;
				LD_RUNPATH_SEARCH_PATHS = (
					"$(inherited)",
					"@executable_path/Frameworks",
				);
				MARKETING_VERSION = 1.0;
				PRODUCT_BUNDLE_IDENTIFIER = com.hydro1337x.Ventium;
				PRODUCT_NAME = "$(TARGET_NAME)";
				SWIFT_EMIT_LOC_STRINGS = YES;
				SWIFT_STRICT_CONCURRENCY = minimal;
				SWIFT_VERSION = 5.0;
				TARGETED_DEVICE_FAMILY = "1,2";
			};
			name = Release;
		};
		B55D75EE2916E69600ABF6E0 /* Debug */ = {
			isa = XCBuildConfiguration;
			buildSettings = {
				ALWAYS_EMBED_SWIFT_STANDARD_LIBRARIES = YES;
				BUNDLE_LOADER = "$(TEST_HOST)";
				CODE_SIGN_STYLE = Automatic;
				CURRENT_PROJECT_VERSION = 1;
				DEVELOPMENT_TEAM = K8WZF48FXW;
				GENERATE_INFOPLIST_FILE = YES;
				IPHONEOS_DEPLOYMENT_TARGET = 16.0;
				MARKETING_VERSION = 1.0;
				PRODUCT_BUNDLE_IDENTIFIER = com.hydro1337x.VentiumTests;
				PRODUCT_NAME = "$(TARGET_NAME)";
				SWIFT_EMIT_LOC_STRINGS = NO;
				SWIFT_VERSION = 5.0;
				TARGETED_DEVICE_FAMILY = "1,2";
				TEST_HOST = "$(BUILT_PRODUCTS_DIR)/Ventium.app/$(BUNDLE_EXECUTABLE_FOLDER_PATH)/Ventium";
			};
			name = Debug;
		};
		B55D75EF2916E69600ABF6E0 /* Release */ = {
			isa = XCBuildConfiguration;
			buildSettings = {
				ALWAYS_EMBED_SWIFT_STANDARD_LIBRARIES = YES;
				BUNDLE_LOADER = "$(TEST_HOST)";
				CODE_SIGN_STYLE = Automatic;
				CURRENT_PROJECT_VERSION = 1;
				DEVELOPMENT_TEAM = K8WZF48FXW;
				GENERATE_INFOPLIST_FILE = YES;
				IPHONEOS_DEPLOYMENT_TARGET = 16.0;
				MARKETING_VERSION = 1.0;
				PRODUCT_BUNDLE_IDENTIFIER = com.hydro1337x.VentiumTests;
				PRODUCT_NAME = "$(TARGET_NAME)";
				SWIFT_EMIT_LOC_STRINGS = NO;
				SWIFT_VERSION = 5.0;
				TARGETED_DEVICE_FAMILY = "1,2";
				TEST_HOST = "$(BUILT_PRODUCTS_DIR)/Ventium.app/$(BUNDLE_EXECUTABLE_FOLDER_PATH)/Ventium";
			};
			name = Release;
		};
/* End XCBuildConfiguration section */

/* Begin XCConfigurationList section */
		B55D75C12916E69400ABF6E0 /* Build configuration list for PBXProject "Ventium" */ = {
			isa = XCConfigurationList;
			buildConfigurations = (
				B55D75E82916E69600ABF6E0 /* Debug */,
				B55D75E92916E69600ABF6E0 /* Release */,
			);
			defaultConfigurationIsVisible = 0;
			defaultConfigurationName = Release;
		};
		B55D75EA2916E69600ABF6E0 /* Build configuration list for PBXNativeTarget "Ventium" */ = {
			isa = XCConfigurationList;
			buildConfigurations = (
				B55D75EB2916E69600ABF6E0 /* Debug */,
				B55D75EC2916E69600ABF6E0 /* Release */,
			);
			defaultConfigurationIsVisible = 0;
			defaultConfigurationName = Release;
		};
		B55D75ED2916E69600ABF6E0 /* Build configuration list for PBXNativeTarget "VentiumTests" */ = {
			isa = XCConfigurationList;
			buildConfigurations = (
				B55D75EE2916E69600ABF6E0 /* Debug */,
				B55D75EF2916E69600ABF6E0 /* Release */,
			);
			defaultConfigurationIsVisible = 0;
			defaultConfigurationName = Release;
		};
/* End XCConfigurationList section */
	};
	rootObject = B55D75BE2916E69400ABF6E0 /* Project object */;
}
