// !$*UTF8*$!
{
	archiveVersion = 1;
	classes = {
	};
	objectVersion = 56;
	objects = {

/* Begin PBXBuildFile section */
		B5545C0C2966033500F3D180 /* Story.swift in Sources */ = {isa = PBXBuildFile; fileRef = B5545C0B2966033500F3D180 /* Story.swift */; };
		B5545C0E296605D800F3D180 /* FetchStoriesRepository.swift in Sources */ = {isa = PBXBuildFile; fileRef = B5545C0D296605D800F3D180 /* FetchStoriesRepository.swift */; };
		B5545C142966066100F3D180 /* FetchStoriesUseCase.swift in Sources */ = {isa = PBXBuildFile; fileRef = B5545C132966066100F3D180 /* FetchStoriesUseCase.swift */; };
		B55D762F2916E8EC00ABF6E0 /* Domain.framework in Frameworks */ = {isa = PBXBuildFile; fileRef = B55D76262916E8EC00ABF6E0 /* Domain.framework */; };
		B55D77002916FAE300ABF6E0 /* Post.swift in Sources */ = {isa = PBXBuildFile; fileRef = B55D76FF2916FAE300ABF6E0 /* Post.swift */; };
		B55D7710291708AB00ABF6E0 /* UseCase.swift in Sources */ = {isa = PBXBuildFile; fileRef = B55D770F291708AB00ABF6E0 /* UseCase.swift */; };
		B55D771329170D8900ABF6E0 /* FetchPostsUseCase.swift in Sources */ = {isa = PBXBuildFile; fileRef = B55D771229170D8900ABF6E0 /* FetchPostsUseCase.swift */; };
		B55D77162917133000ABF6E0 /* FetchPostsRepository.swift in Sources */ = {isa = PBXBuildFile; fileRef = B55D77152917133000ABF6E0 /* FetchPostsRepository.swift */; };
		B55D7718291714EE00ABF6E0 /* FetchImageRepository.swift in Sources */ = {isa = PBXBuildFile; fileRef = B55D7717291714EE00ABF6E0 /* FetchImageRepository.swift */; };
		B55D771A29172F9C00ABF6E0 /* FetchImageUseCase.swift in Sources */ = {isa = PBXBuildFile; fileRef = B55D771929172F9C00ABF6E0 /* FetchImageUseCase.swift */; };
		B570A59F295B5C9100293306 /* FetchPostsRequest.swift in Sources */ = {isa = PBXBuildFile; fileRef = B570A59E295B5C9100293306 /* FetchPostsRequest.swift */; };
		B58ED95629590D7100494671 /* FilterOperator.swift in Sources */ = {isa = PBXBuildFile; fileRef = B58ED95529590D7100494671 /* FilterOperator.swift */; };
		B58ED95829590FCF00494671 /* FilterInput.swift in Sources */ = {isa = PBXBuildFile; fileRef = B58ED95729590FCF00494671 /* FilterInput.swift */; };
		B58ED95A295911D200494671 /* PostFilter.swift in Sources */ = {isa = PBXBuildFile; fileRef = B58ED959295911D200494671 /* PostFilter.swift */; };
		B58ED95C29591BEF00494671 /* PostFilterProviderTests.swift in Sources */ = {isa = PBXBuildFile; fileRef = B58ED95B29591BEF00494671 /* PostFilterProviderTests.swift */; };
		B5A05AC02964806D00937561 /* Location.swift in Sources */ = {isa = PBXBuildFile; fileRef = B5A05ABF2964806D00937561 /* Location.swift */; };
		B5A05AC22964810900937561 /* Media.swift in Sources */ = {isa = PBXBuildFile; fileRef = B5A05AC12964810900937561 /* Media.swift */; };
		B5A05AC42964F8D700937561 /* Tag.swift in Sources */ = {isa = PBXBuildFile; fileRef = B5A05AC32964F8D700937561 /* Tag.swift */; };
/* End PBXBuildFile section */

/* Begin PBXContainerItemProxy section */
		B55D76302916E8EC00ABF6E0 /* PBXContainerItemProxy */ = {
			isa = PBXContainerItemProxy;
			containerPortal = B55D761D2916E8EB00ABF6E0 /* Project object */;
			proxyType = 1;
			remoteGlobalIDString = B55D76252916E8EC00ABF6E0;
			remoteInfo = Domain;
		};
/* End PBXContainerItemProxy section */

/* Begin PBXFileReference section */
		B5545C0B2966033500F3D180 /* Story.swift */ = {isa = PBXFileReference; lastKnownFileType = sourcecode.swift; path = Story.swift; sourceTree = "<group>"; };
		B5545C0D296605D800F3D180 /* FetchStoriesRepository.swift */ = {isa = PBXFileReference; lastKnownFileType = sourcecode.swift; path = FetchStoriesRepository.swift; sourceTree = "<group>"; };
		B5545C132966066100F3D180 /* FetchStoriesUseCase.swift */ = {isa = PBXFileReference; lastKnownFileType = sourcecode.swift; path = FetchStoriesUseCase.swift; sourceTree = "<group>"; };
		B55D76262916E8EC00ABF6E0 /* Domain.framework */ = {isa = PBXFileReference; explicitFileType = wrapper.framework; includeInIndex = 0; path = Domain.framework; sourceTree = BUILT_PRODUCTS_DIR; };
		B55D762E2916E8EC00ABF6E0 /* DomainTests.xctest */ = {isa = PBXFileReference; explicitFileType = wrapper.cfbundle; includeInIndex = 0; path = DomainTests.xctest; sourceTree = BUILT_PRODUCTS_DIR; };
		B55D76FF2916FAE300ABF6E0 /* Post.swift */ = {isa = PBXFileReference; lastKnownFileType = sourcecode.swift; path = Post.swift; sourceTree = "<group>"; };
		B55D770F291708AB00ABF6E0 /* UseCase.swift */ = {isa = PBXFileReference; lastKnownFileType = sourcecode.swift; path = UseCase.swift; sourceTree = "<group>"; };
		B55D771229170D8900ABF6E0 /* FetchPostsUseCase.swift */ = {isa = PBXFileReference; lastKnownFileType = sourcecode.swift; path = FetchPostsUseCase.swift; sourceTree = "<group>"; };
		B55D77152917133000ABF6E0 /* FetchPostsRepository.swift */ = {isa = PBXFileReference; lastKnownFileType = sourcecode.swift; path = FetchPostsRepository.swift; sourceTree = "<group>"; };
		B55D7717291714EE00ABF6E0 /* FetchImageRepository.swift */ = {isa = PBXFileReference; lastKnownFileType = sourcecode.swift; path = FetchImageRepository.swift; sourceTree = "<group>"; };
		B55D771929172F9C00ABF6E0 /* FetchImageUseCase.swift */ = {isa = PBXFileReference; lastKnownFileType = sourcecode.swift; path = FetchImageUseCase.swift; sourceTree = "<group>"; };
		B570A59E295B5C9100293306 /* FetchPostsRequest.swift */ = {isa = PBXFileReference; lastKnownFileType = sourcecode.swift; path = FetchPostsRequest.swift; sourceTree = "<group>"; };
		B58ED95529590D7100494671 /* FilterOperator.swift */ = {isa = PBXFileReference; lastKnownFileType = sourcecode.swift; path = FilterOperator.swift; sourceTree = "<group>"; };
		B58ED95729590FCF00494671 /* FilterInput.swift */ = {isa = PBXFileReference; lastKnownFileType = sourcecode.swift; path = FilterInput.swift; sourceTree = "<group>"; };
		B58ED959295911D200494671 /* PostFilter.swift */ = {isa = PBXFileReference; lastKnownFileType = sourcecode.swift; path = PostFilter.swift; sourceTree = "<group>"; };
		B58ED95B29591BEF00494671 /* PostFilterProviderTests.swift */ = {isa = PBXFileReference; lastKnownFileType = sourcecode.swift; path = PostFilterProviderTests.swift; sourceTree = "<group>"; };
		B5A05ABF2964806D00937561 /* Location.swift */ = {isa = PBXFileReference; lastKnownFileType = sourcecode.swift; path = Location.swift; sourceTree = "<group>"; };
		B5A05AC12964810900937561 /* Media.swift */ = {isa = PBXFileReference; lastKnownFileType = sourcecode.swift; path = Media.swift; sourceTree = "<group>"; };
		B5A05AC32964F8D700937561 /* Tag.swift */ = {isa = PBXFileReference; lastKnownFileType = sourcecode.swift; path = Tag.swift; sourceTree = "<group>"; };
/* End PBXFileReference section */

/* Begin PBXFrameworksBuildPhase section */
		B55D76232916E8EC00ABF6E0 /* Frameworks */ = {
			isa = PBXFrameworksBuildPhase;
			buildActionMask = 2147483647;
			files = (
			);
			runOnlyForDeploymentPostprocessing = 0;
		};
		B55D762B2916E8EC00ABF6E0 /* Frameworks */ = {
			isa = PBXFrameworksBuildPhase;
			buildActionMask = 2147483647;
			files = (
				B55D762F2916E8EC00ABF6E0 /* Domain.framework in Frameworks */,
			);
			runOnlyForDeploymentPostprocessing = 0;
		};
/* End PBXFrameworksBuildPhase section */

/* Begin PBXGroup section */
		B55D761C2916E8EB00ABF6E0 = {
			isa = PBXGroup;
			children = (
				B55D76282916E8EC00ABF6E0 /* Domain */,
				B55D76322916E8EC00ABF6E0 /* DomainTests */,
				B55D76272916E8EC00ABF6E0 /* Products */,
			);
			sourceTree = "<group>";
		};
		B55D76272916E8EC00ABF6E0 /* Products */ = {
			isa = PBXGroup;
			children = (
				B55D76262916E8EC00ABF6E0 /* Domain.framework */,
				B55D762E2916E8EC00ABF6E0 /* DomainTests.xctest */,
			);
			name = Products;
			sourceTree = "<group>";
		};
		B55D76282916E8EC00ABF6E0 /* Domain */ = {
			isa = PBXGroup;
			children = (
				B55D76FD2916FACF00ABF6E0 /* Models */,
				B55D77022916FB1800ABF6E0 /* Abstractions */,
				B55D77012916FB0E00ABF6E0 /* UseCases */,
				B55D77142917131400ABF6E0 /* Repositories */,
			);
			path = Domain;
			sourceTree = "<group>";
		};
		B55D76322916E8EC00ABF6E0 /* DomainTests */ = {
			isa = PBXGroup;
			children = (
				B58ED95B29591BEF00494671 /* PostFilterProviderTests.swift */,
			);
			path = DomainTests;
			sourceTree = "<group>";
		};
		B55D76FD2916FACF00ABF6E0 /* Models */ = {
			isa = PBXGroup;
			children = (
				B5F2F8EF29214167009D339E /* ValueObjects */,
				B55D76FE2916FAD900ABF6E0 /* Entities */,
			);
			path = Models;
			sourceTree = "<group>";
		};
		B55D76FE2916FAD900ABF6E0 /* Entities */ = {
			isa = PBXGroup;
			children = (
				B5A05AC32964F8D700937561 /* Tag.swift */,
				B55D76FF2916FAE300ABF6E0 /* Post.swift */,
				B5A05ABF2964806D00937561 /* Location.swift */,
				B5A05AC12964810900937561 /* Media.swift */,
				B5545C0B2966033500F3D180 /* Story.swift */,
			);
			path = Entities;
			sourceTree = "<group>";
		};
		B55D77012916FB0E00ABF6E0 /* UseCases */ = {
			isa = PBXGroup;
			children = (
				B55D771229170D8900ABF6E0 /* FetchPostsUseCase.swift */,
				B5545C132966066100F3D180 /* FetchStoriesUseCase.swift */,
				B55D771929172F9C00ABF6E0 /* FetchImageUseCase.swift */,
			);
			path = UseCases;
			sourceTree = "<group>";
		};
		B55D77022916FB1800ABF6E0 /* Abstractions */ = {
			isa = PBXGroup;
			children = (
				B55D77032916FB1F00ABF6E0 /* UseCases */,
			);
			path = Abstractions;
			sourceTree = "<group>";
		};
		B55D77032916FB1F00ABF6E0 /* UseCases */ = {
			isa = PBXGroup;
			children = (
				B55D770F291708AB00ABF6E0 /* UseCase.swift */,
			);
			path = UseCases;
			sourceTree = "<group>";
		};
		B55D77142917131400ABF6E0 /* Repositories */ = {
			isa = PBXGroup;
			children = (
				B55D7717291714EE00ABF6E0 /* FetchImageRepository.swift */,
				B55D77152917133000ABF6E0 /* FetchPostsRepository.swift */,
				B5545C0D296605D800F3D180 /* FetchStoriesRepository.swift */,
			);
			path = Repositories;
			sourceTree = "<group>";
		};
		B5F2F8EF29214167009D339E /* ValueObjects */ = {
			isa = PBXGroup;
			children = (
				B570A59E295B5C9100293306 /* FetchPostsRequest.swift */,
				B58ED95529590D7100494671 /* FilterOperator.swift */,
				B58ED95729590FCF00494671 /* FilterInput.swift */,
				B58ED959295911D200494671 /* PostFilter.swift */,
			);
			path = ValueObjects;
			sourceTree = "<group>";
		};
/* End PBXGroup section */

/* Begin PBXHeadersBuildPhase section */
		B55D76212916E8EC00ABF6E0 /* Headers */ = {
			isa = PBXHeadersBuildPhase;
			buildActionMask = 2147483647;
			files = (
			);
			runOnlyForDeploymentPostprocessing = 0;
		};
/* End PBXHeadersBuildPhase section */

/* Begin PBXNativeTarget section */
		B55D76252916E8EC00ABF6E0 /* Domain */ = {
			isa = PBXNativeTarget;
			buildConfigurationList = B55D76382916E8EC00ABF6E0 /* Build configuration list for PBXNativeTarget "Domain" */;
			buildPhases = (
				B55D76212916E8EC00ABF6E0 /* Headers */,
				B55D76222916E8EC00ABF6E0 /* Sources */,
				B55D76232916E8EC00ABF6E0 /* Frameworks */,
				B55D76242916E8EC00ABF6E0 /* Resources */,
			);
			buildRules = (
			);
			dependencies = (
			);
			name = Domain;
			productName = Domain;
			productReference = B55D76262916E8EC00ABF6E0 /* Domain.framework */;
			productType = "com.apple.product-type.framework";
		};
		B55D762D2916E8EC00ABF6E0 /* DomainTests */ = {
			isa = PBXNativeTarget;
			buildConfigurationList = B55D763B2916E8EC00ABF6E0 /* Build configuration list for PBXNativeTarget "DomainTests" */;
			buildPhases = (
				B55D762A2916E8EC00ABF6E0 /* Sources */,
				B55D762B2916E8EC00ABF6E0 /* Frameworks */,
				B55D762C2916E8EC00ABF6E0 /* Resources */,
			);
			buildRules = (
			);
			dependencies = (
				B55D76312916E8EC00ABF6E0 /* PBXTargetDependency */,
			);
			name = DomainTests;
			productName = DomainTests;
			productReference = B55D762E2916E8EC00ABF6E0 /* DomainTests.xctest */;
			productType = "com.apple.product-type.bundle.unit-test";
		};
/* End PBXNativeTarget section */

/* Begin PBXProject section */
		B55D761D2916E8EB00ABF6E0 /* Project object */ = {
			isa = PBXProject;
			attributes = {
				BuildIndependentTargetsInParallel = 1;
				LastSwiftUpdateCheck = 1400;
				LastUpgradeCheck = 1400;
				TargetAttributes = {
					B55D76252916E8EC00ABF6E0 = {
						CreatedOnToolsVersion = 14.0.1;
						LastSwiftMigration = 1400;
					};
					B55D762D2916E8EC00ABF6E0 = {
						CreatedOnToolsVersion = 14.0.1;
					};
				};
			};
			buildConfigurationList = B55D76202916E8EB00ABF6E0 /* Build configuration list for PBXProject "Domain" */;
			compatibilityVersion = "Xcode 14.0";
			developmentRegion = en;
			hasScannedForEncodings = 0;
			knownRegions = (
				en,
				Base,
			);
			mainGroup = B55D761C2916E8EB00ABF6E0;
			productRefGroup = B55D76272916E8EC00ABF6E0 /* Products */;
			projectDirPath = "";
			projectRoot = "";
			targets = (
				B55D76252916E8EC00ABF6E0 /* Domain */,
				B55D762D2916E8EC00ABF6E0 /* DomainTests */,
			);
		};
/* End PBXProject section */

/* Begin PBXResourcesBuildPhase section */
		B55D76242916E8EC00ABF6E0 /* Resources */ = {
			isa = PBXResourcesBuildPhase;
			buildActionMask = 2147483647;
			files = (
			);
			runOnlyForDeploymentPostprocessing = 0;
		};
		B55D762C2916E8EC00ABF6E0 /* Resources */ = {
			isa = PBXResourcesBuildPhase;
			buildActionMask = 2147483647;
			files = (
			);
			runOnlyForDeploymentPostprocessing = 0;
		};
/* End PBXResourcesBuildPhase section */

/* Begin PBXSourcesBuildPhase section */
		B55D76222916E8EC00ABF6E0 /* Sources */ = {
			isa = PBXSourcesBuildPhase;
			buildActionMask = 2147483647;
			files = (
				B5545C142966066100F3D180 /* FetchStoriesUseCase.swift in Sources */,
				B58ED95629590D7100494671 /* FilterOperator.swift in Sources */,
				B55D7710291708AB00ABF6E0 /* UseCase.swift in Sources */,
				B55D7718291714EE00ABF6E0 /* FetchImageRepository.swift in Sources */,
				B570A59F295B5C9100293306 /* FetchPostsRequest.swift in Sources */,
				B55D77162917133000ABF6E0 /* FetchPostsRepository.swift in Sources */,
				B58ED95A295911D200494671 /* PostFilter.swift in Sources */,
				B55D771329170D8900ABF6E0 /* FetchPostsUseCase.swift in Sources */,
				B55D77002916FAE300ABF6E0 /* Post.swift in Sources */,
				B55D771A29172F9C00ABF6E0 /* FetchImageUseCase.swift in Sources */,
				B5545C0E296605D800F3D180 /* FetchStoriesRepository.swift in Sources */,
				B5A05AC42964F8D700937561 /* Tag.swift in Sources */,
				B5A05AC22964810900937561 /* Media.swift in Sources */,
				B5A05AC02964806D00937561 /* Location.swift in Sources */,
				B58ED95829590FCF00494671 /* FilterInput.swift in Sources */,
				B5545C0C2966033500F3D180 /* Story.swift in Sources */,
			);
			runOnlyForDeploymentPostprocessing = 0;
		};
		B55D762A2916E8EC00ABF6E0 /* Sources */ = {
			isa = PBXSourcesBuildPhase;
			buildActionMask = 2147483647;
			files = (
				B58ED95C29591BEF00494671 /* PostFilterProviderTests.swift in Sources */,
			);
			runOnlyForDeploymentPostprocessing = 0;
		};
/* End PBXSourcesBuildPhase section */

/* Begin PBXTargetDependency section */
		B55D76312916E8EC00ABF6E0 /* PBXTargetDependency */ = {
			isa = PBXTargetDependency;
			target = B55D76252916E8EC00ABF6E0 /* Domain */;
			targetProxy = B55D76302916E8EC00ABF6E0 /* PBXContainerItemProxy */;
		};
/* End PBXTargetDependency section */

/* Begin XCBuildConfiguration section */
		B55D76362916E8EC00ABF6E0 /* Debug */ = {
			isa = XCBuildConfiguration;
			buildSettings = {
				ALWAYS_SEARCH_USER_PATHS = NO;
				CLANG_ANALYZER_NONNULL = YES;
				CLANG_ANALYZER_NUMBER_OBJECT_CONVERSION = YES_AGGRESSIVE;
				CLANG_CXX_LANGUAGE_STANDARD = "gnu++20";
				CLANG_ENABLE_MODULES = YES;
				CLANG_ENABLE_OBJC_ARC = YES;
				CLANG_ENABLE_OBJC_WEAK = YES;
				CLANG_WARN_BLOCK_CAPTURE_AUTORELEASING = YES;
				CLANG_WARN_BOOL_CONVERSION = YES;
				CLANG_WARN_COMMA = YES;
				CLANG_WARN_CONSTANT_CONVERSION = YES;
				CLANG_WARN_DEPRECATED_OBJC_IMPLEMENTATIONS = YES;
				CLANG_WARN_DIRECT_OBJC_ISA_USAGE = YES_ERROR;
				CLANG_WARN_DOCUMENTATION_COMMENTS = YES;
				CLANG_WARN_EMPTY_BODY = YES;
				CLANG_WARN_ENUM_CONVERSION = YES;
				CLANG_WARN_INFINITE_RECURSION = YES;
				CLANG_WARN_INT_CONVERSION = YES;
				CLANG_WARN_NON_LITERAL_NULL_CONVERSION = YES;
				CLANG_WARN_OBJC_IMPLICIT_RETAIN_SELF = YES;
				CLANG_WARN_OBJC_LITERAL_CONVERSION = YES;
				CLANG_WARN_OBJC_ROOT_CLASS = YES_ERROR;
				CLANG_WARN_QUOTED_INCLUDE_IN_FRAMEWORK_HEADER = YES;
				CLANG_WARN_RANGE_LOOP_ANALYSIS = YES;
				CLANG_WARN_STRICT_PROTOTYPES = YES;
				CLANG_WARN_SUSPICIOUS_MOVE = YES;
				CLANG_WARN_UNGUARDED_AVAILABILITY = YES_AGGRESSIVE;
				CLANG_WARN_UNREACHABLE_CODE = YES;
				CLANG_WARN__DUPLICATE_METHOD_MATCH = YES;
				COPY_PHASE_STRIP = NO;
				CURRENT_PROJECT_VERSION = 1;
				DEBUG_INFORMATION_FORMAT = dwarf;
				ENABLE_STRICT_OBJC_MSGSEND = YES;
				ENABLE_TESTABILITY = YES;
				GCC_C_LANGUAGE_STANDARD = gnu11;
				GCC_DYNAMIC_NO_PIC = NO;
				GCC_NO_COMMON_BLOCKS = YES;
				GCC_OPTIMIZATION_LEVEL = 0;
				GCC_PREPROCESSOR_DEFINITIONS = (
					"DEBUG=1",
					"$(inherited)",
				);
				GCC_WARN_64_TO_32_BIT_CONVERSION = YES;
				GCC_WARN_ABOUT_RETURN_TYPE = YES_ERROR;
				GCC_WARN_UNDECLARED_SELECTOR = YES;
				GCC_WARN_UNINITIALIZED_AUTOS = YES_AGGRESSIVE;
				GCC_WARN_UNUSED_FUNCTION = YES;
				GCC_WARN_UNUSED_VARIABLE = YES;
				IPHONEOS_DEPLOYMENT_TARGET = 16.0;
				MACOSX_DEPLOYMENT_TARGET = 12.3;
				MTL_ENABLE_DEBUG_INFO = INCLUDE_SOURCE;
				MTL_FAST_MATH = YES;
				ONLY_ACTIVE_ARCH = YES;
				SDKROOT = macosx;
				SUPPORTED_PLATFORMS = "iphonesimulator iphoneos macosx";
				SWIFT_ACTIVE_COMPILATION_CONDITIONS = DEBUG;
				SWIFT_OPTIMIZATION_LEVEL = "-Onone";
				VERSIONING_SYSTEM = "apple-generic";
				VERSION_INFO_PREFIX = "";
			};
			name = Debug;
		};
		B55D76372916E8EC00ABF6E0 /* Release */ = {
			isa = XCBuildConfiguration;
			buildSettings = {
				ALWAYS_SEARCH_USER_PATHS = NO;
				CLANG_ANALYZER_NONNULL = YES;
				CLANG_ANALYZER_NUMBER_OBJECT_CONVERSION = YES_AGGRESSIVE;
				CLANG_CXX_LANGUAGE_STANDARD = "gnu++20";
				CLANG_ENABLE_MODULES = YES;
				CLANG_ENABLE_OBJC_ARC = YES;
				CLANG_ENABLE_OBJC_WEAK = YES;
				CLANG_WARN_BLOCK_CAPTURE_AUTORELEASING = YES;
				CLANG_WARN_BOOL_CONVERSION = YES;
				CLANG_WARN_COMMA = YES;
				CLANG_WARN_CONSTANT_CONVERSION = YES;
				CLANG_WARN_DEPRECATED_OBJC_IMPLEMENTATIONS = YES;
				CLANG_WARN_DIRECT_OBJC_ISA_USAGE = YES_ERROR;
				CLANG_WARN_DOCUMENTATION_COMMENTS = YES;
				CLANG_WARN_EMPTY_BODY = YES;
				CLANG_WARN_ENUM_CONVERSION = YES;
				CLANG_WARN_INFINITE_RECURSION = YES;
				CLANG_WARN_INT_CONVERSION = YES;
				CLANG_WARN_NON_LITERAL_NULL_CONVERSION = YES;
				CLANG_WARN_OBJC_IMPLICIT_RETAIN_SELF = YES;
				CLANG_WARN_OBJC_LITERAL_CONVERSION = YES;
				CLANG_WARN_OBJC_ROOT_CLASS = YES_ERROR;
				CLANG_WARN_QUOTED_INCLUDE_IN_FRAMEWORK_HEADER = YES;
				CLANG_WARN_RANGE_LOOP_ANALYSIS = YES;
				CLANG_WARN_STRICT_PROTOTYPES = YES;
				CLANG_WARN_SUSPICIOUS_MOVE = YES;
				CLANG_WARN_UNGUARDED_AVAILABILITY = YES_AGGRESSIVE;
				CLANG_WARN_UNREACHABLE_CODE = YES;
				CLANG_WARN__DUPLICATE_METHOD_MATCH = YES;
				COPY_PHASE_STRIP = NO;
				CURRENT_PROJECT_VERSION = 1;
				DEBUG_INFORMATION_FORMAT = "dwarf-with-dsym";
				ENABLE_NS_ASSERTIONS = NO;
				ENABLE_STRICT_OBJC_MSGSEND = YES;
				GCC_C_LANGUAGE_STANDARD = gnu11;
				GCC_NO_COMMON_BLOCKS = YES;
				GCC_WARN_64_TO_32_BIT_CONVERSION = YES;
				GCC_WARN_ABOUT_RETURN_TYPE = YES_ERROR;
				GCC_WARN_UNDECLARED_SELECTOR = YES;
				GCC_WARN_UNINITIALIZED_AUTOS = YES_AGGRESSIVE;
				GCC_WARN_UNUSED_FUNCTION = YES;
				GCC_WARN_UNUSED_VARIABLE = YES;
				IPHONEOS_DEPLOYMENT_TARGET = 16.0;
				MACOSX_DEPLOYMENT_TARGET = 12.3;
				MTL_ENABLE_DEBUG_INFO = NO;
				MTL_FAST_MATH = YES;
				SDKROOT = macosx;
				SUPPORTED_PLATFORMS = "iphonesimulator iphoneos macosx";
				SWIFT_COMPILATION_MODE = wholemodule;
				SWIFT_OPTIMIZATION_LEVEL = "-O";
				VALIDATE_PRODUCT = YES;
				VERSIONING_SYSTEM = "apple-generic";
				VERSION_INFO_PREFIX = "";
			};
			name = Release;
		};
		B55D76392916E8EC00ABF6E0 /* Debug */ = {
			isa = XCBuildConfiguration;
			buildSettings = {
				CLANG_ENABLE_MODULES = YES;
				CODE_SIGN_STYLE = Automatic;
				CURRENT_PROJECT_VERSION = 1;
				DEFINES_MODULE = YES;
				DEVELOPMENT_TEAM = L3WXSU62XW;
				DYLIB_COMPATIBILITY_VERSION = 1;
				DYLIB_CURRENT_VERSION = 1;
				DYLIB_INSTALL_NAME_BASE = "@rpath";
				GENERATE_INFOPLIST_FILE = YES;
				INFOPLIST_KEY_NSHumanReadableCopyright = "";
				INSTALL_PATH = "$(LOCAL_LIBRARY_DIR)/Frameworks";
				IPHONEOS_DEPLOYMENT_TARGET = 17.0;
				LD_RUNPATH_SEARCH_PATHS = (
					"$(inherited)",
					"@executable_path/Frameworks",
					"@loader_path/Frameworks",
				);
				MACH_O_TYPE = staticlib;
				MARKETING_VERSION = 1.0;
				PRODUCT_BUNDLE_IDENTIFIER = com.hydro1337x.Domain;
				PRODUCT_NAME = "$(TARGET_NAME:c99extidentifier)";
				SDKROOT = macosx;
				SKIP_INSTALL = YES;
				SUPPORTED_PLATFORMS = "iphoneos iphonesimulator macosx";
				SUPPORTS_MACCATALYST = NO;
				SUPPORTS_MAC_DESIGNED_FOR_IPHONE_IPAD = NO;
				SWIFT_EMIT_LOC_STRINGS = YES;
				SWIFT_OPTIMIZATION_LEVEL = "-Onone";
				SWIFT_STRICT_CONCURRENCY = complete;
				SWIFT_VERSION = 5.0;
				TARGETED_DEVICE_FAMILY = "1,2";
			};
			name = Debug;
		};
		B55D763A2916E8EC00ABF6E0 /* Release */ = {
			isa = XCBuildConfiguration;
			buildSettings = {
				CLANG_ENABLE_MODULES = YES;
				CODE_SIGN_STYLE = Automatic;
				CURRENT_PROJECT_VERSION = 1;
				DEFINES_MODULE = YES;
				DEVELOPMENT_TEAM = L3WXSU62XW;
				DYLIB_COMPATIBILITY_VERSION = 1;
				DYLIB_CURRENT_VERSION = 1;
				DYLIB_INSTALL_NAME_BASE = "@rpath";
				GENERATE_INFOPLIST_FILE = YES;
				INFOPLIST_KEY_NSHumanReadableCopyright = "";
				INSTALL_PATH = "$(LOCAL_LIBRARY_DIR)/Frameworks";
				IPHONEOS_DEPLOYMENT_TARGET = 17.0;
				LD_RUNPATH_SEARCH_PATHS = (
					"$(inherited)",
					"@executable_path/Frameworks",
					"@loader_path/Frameworks",
				);
				MACH_O_TYPE = staticlib;
				MARKETING_VERSION = 1.0;
				PRODUCT_BUNDLE_IDENTIFIER = com.hydro1337x.Domain;
				PRODUCT_NAME = "$(TARGET_NAME:c99extidentifier)";
				SDKROOT = macosx;
				SKIP_INSTALL = YES;
				SUPPORTED_PLATFORMS = "iphoneos iphonesimulator macosx";
				SUPPORTS_MACCATALYST = NO;
				SUPPORTS_MAC_DESIGNED_FOR_IPHONE_IPAD = NO;
				SWIFT_EMIT_LOC_STRINGS = YES;
				SWIFT_STRICT_CONCURRENCY = complete;
				SWIFT_VERSION = 5.0;
				TARGETED_DEVICE_FAMILY = "1,2";
			};
			name = Release;
		};
		B55D763C2916E8EC00ABF6E0 /* Debug */ = {
			isa = XCBuildConfiguration;
			buildSettings = {
				ALWAYS_EMBED_SWIFT_STANDARD_LIBRARIES = YES;
				CODE_SIGN_STYLE = Automatic;
				CURRENT_PROJECT_VERSION = 1;
				DEVELOPMENT_TEAM = K8WZF48FXW;
				GENERATE_INFOPLIST_FILE = YES;
				MARKETING_VERSION = 1.0;
				PRODUCT_BUNDLE_IDENTIFIER = com.hydro1337x.DomainTests;
				PRODUCT_NAME = "$(TARGET_NAME)";
				SWIFT_EMIT_LOC_STRINGS = NO;
				SWIFT_VERSION = 5.0;
				TARGETED_DEVICE_FAMILY = "1,2";
			};
			name = Debug;
		};
		B55D763D2916E8EC00ABF6E0 /* Release */ = {
			isa = XCBuildConfiguration;
			buildSettings = {
				ALWAYS_EMBED_SWIFT_STANDARD_LIBRARIES = YES;
				CODE_SIGN_STYLE = Automatic;
				CURRENT_PROJECT_VERSION = 1;
				DEVELOPMENT_TEAM = K8WZF48FXW;
				GENERATE_INFOPLIST_FILE = YES;
				MARKETING_VERSION = 1.0;
				PRODUCT_BUNDLE_IDENTIFIER = com.hydro1337x.DomainTests;
				PRODUCT_NAME = "$(TARGET_NAME)";
				SWIFT_EMIT_LOC_STRINGS = NO;
				SWIFT_VERSION = 5.0;
				TARGETED_DEVICE_FAMILY = "1,2";
			};
			name = Release;
		};
/* End XCBuildConfiguration section */

/* Begin XCConfigurationList section */
		B55D76202916E8EB00ABF6E0 /* Build configuration list for PBXProject "Domain" */ = {
			isa = XCConfigurationList;
			buildConfigurations = (
				B55D76362916E8EC00ABF6E0 /* Debug */,
				B55D76372916E8EC00ABF6E0 /* Release */,
			);
			defaultConfigurationIsVisible = 0;
			defaultConfigurationName = Release;
		};
		B55D76382916E8EC00ABF6E0 /* Build configuration list for PBXNativeTarget "Domain" */ = {
			isa = XCConfigurationList;
			buildConfigurations = (
				B55D76392916E8EC00ABF6E0 /* Debug */,
				B55D763A2916E8EC00ABF6E0 /* Release */,
			);
			defaultConfigurationIsVisible = 0;
			defaultConfigurationName = Release;
		};
		B55D763B2916E8EC00ABF6E0 /* Build configuration list for PBXNativeTarget "DomainTests" */ = {
			isa = XCConfigurationList;
			buildConfigurations = (
				B55D763C2916E8EC00ABF6E0 /* Debug */,
				B55D763D2916E8EC00ABF6E0 /* Release */,
			);
			defaultConfigurationIsVisible = 0;
			defaultConfigurationName = Release;
		};
/* End XCConfigurationList section */
	};
	rootObject = B55D761D2916E8EB00ABF6E0 /* Project object */;
}
